
Microsoft Visual Studio Solution File, Format Version 12.00
# Visual Studio Version 16
VisualStudioVersion = 16.0.30114.105
MinimumVisualStudioVersion = 10.0.40219.1
Project("{2150E333-8FDC-42A3-9474-1A3956D46DE8}") = "SDK", "SDK", "{DB14ED12-87B8-46A3-841C-97BC6F50DB9D}"
EndProject
Project("{2150E333-8FDC-42A3-9474-1A3956D46DE8}") = "src", "src", "{7B8F04FE-3B33-4512-B559-30A6500B4CB0}"
EndProject
Project("{2150E333-8FDC-42A3-9474-1A3956D46DE8}") = "clients", "clients", "{A8F83DF6-8858-4586-AED9-7D9D3762285B}"
EndProject
Project("{FAE04EC0-301F-11D3-BF4B-00C04F79EFBC}") = "Robby.CLI", "src\clients\Robby.CLI\Robby.CLI.csproj", "{52BFD43E-2217-4E2B-B4D5-8216ECC0CDED}"
EndProject
Project("{FAE04EC0-301F-11D3-BF4B-00C04F79EFBC}") = "Robby.TUI", "src\clients\Robby.TUI\Robby.TUI.csproj", "{4A68F655-1CFC-472A-A374-D8AF952EC8C2}"
EndProject
Project("{FAE04EC0-301F-11D3-BF4B-00C04F79EFBC}") = "M5x.Couch", "..\src\M5x.Couch\M5x.Couch.csproj", "{987A91F5-A216-48EE-B159-DAE9773A8E1C}"
EndProject
Project("{FAE04EC0-301F-11D3-BF4B-00C04F79EFBC}") = "M5x.EventStore", "..\src\M5x.EventStore\M5x.EventStore.csproj", "{43F473D8-C67E-49A6-8999-27B28AD2A6CA}"
EndProject
Project("{FAE04EC0-301F-11D3-BF4B-00C04F79EFBC}") = "M5x.Serilog", "..\src\M5x.Serilog\M5x.Serilog.csproj", "{64D5F115-E523-46DC-B293-C4EA40706E79}"
EndProject
Project("{FAE04EC0-301F-11D3-BF4B-00C04F79EFBC}") = "M5x.Stan", "..\src\M5x.Stan\M5x.Stan.csproj", "{1B2A14E5-77A4-4386-8054-697A6DED59F2}"
EndProject
Project("{FAE04EC0-301F-11D3-BF4B-00C04F79EFBC}") = "M5x.Kubernetes", "..\src\M5x.Kubernetes\M5x.Kubernetes.csproj", "{9F64C8CD-E918-4CBB-A1DB-5692C43CA46E}"
EndProject
Project("{2150E333-8FDC-42A3-9474-1A3956D46DE8}") = "internal", "internal", "{EF07ED4D-D54E-4B7A-909E-0CFE8BD57E97}"
EndProject
Project("{FAE04EC0-301F-11D3-BF4B-00C04F79EFBC}") = "Robby.Contract", "src\internal\Robby.Contract\Robby.Contract.csproj", "{BAFBF02C-E888-4E58-A18D-C01484968C22}"
EndProject
Project("{2150E333-8FDC-42A3-9474-1A3956D46DE8}") = "tests", "tests", "{868F5FF6-7FA3-4D93-8931-64B9803EC2F5}"
EndProject
Project("{2150E333-8FDC-42A3-9474-1A3956D46DE8}") = "unit", "unit", "{42BA2431-67AB-4241-89F7-259DA80E07FC}"
EndProject
Project("{FAE04EC0-301F-11D3-BF4B-00C04F79EFBC}") = "Robby.Contract.UnitTests", "tests\unit\Robby.Contract.UnitTests\Robby.Contract.UnitTests.csproj", "{60632C8D-4A20-4067-9172-A2B2EC6DD420}"
EndProject
Project("{FAE04EC0-301F-11D3-BF4B-00C04F79EFBC}") = "Robby.Domain.UnitTests", "tests\unit\Robby.Domain.UnitTests\Robby.Domain.UnitTests.csproj", "{4E94D120-AE19-4477-AB6B-4DB5A67B6B77}"
EndProject
Project("{FAE04EC0-301F-11D3-BF4B-00C04F79EFBC}") = "Robby.Schema.UnitTests", "tests\unit\Robby.Schema.UnitTests\Robby.Schema.UnitTests.csproj", "{F1905491-F9C0-456C-97A7-54788BC32F99}"
EndProject
Project("{FAE04EC0-301F-11D3-BF4B-00C04F79EFBC}") = "M5x.Testing", "..\src\M5x.Testing\M5x.Testing.csproj", "{3EB2E728-BBED-493D-A4EF-A3457BBBC0F7}"
EndProject
Project("{2150E333-8FDC-42A3-9474-1A3956D46DE8}") = "Solution Items", "Solution Items", "{F2351121-9401-4DC3-9772-F75771CC4275}"
	ProjectSection(SolutionItems) = preProject
		Directory.Build.props = Directory.Build.props
		README.MD = README.MD
	EndProjectSection
EndProject
Project("{FAE04EC0-301F-11D3-BF4B-00C04F79EFBC}") = "M5x.Docker", "..\src\M5x.Docker\M5x.Docker.csproj", "{F40FA685-272B-42B4-A415-E825137A1B01}"
EndProject
Project("{2150E333-8FDC-42A3-9474-1A3956D46DE8}") = "hosts", "hosts", "{5F686A5D-F840-4602-BBD1-D4043B6F11E5}"
EndProject
Project("{FAE04EC0-301F-11D3-BF4B-00C04F79EFBC}") = "Robby.Cmd.Infra", "src\hosts\Robby.Cmd.Infra\Robby.Cmd.Infra.csproj", "{C5C361D7-DA73-485C-9345-6B6B016EFFCA}"
EndProject
Project("{FAE04EC0-301F-11D3-BF4B-00C04F79EFBC}") = "Robby.Cmd", "src\hosts\Robby.Cmd\Robby.Cmd.csproj", "{7A928DAF-171B-40E8-AC63-812DDD8817DC}"
EndProject
Project("{FAE04EC0-301F-11D3-BF4B-00C04F79EFBC}") = "Robby.Etl.Infra", "src\hosts\Robby.Etl.Infra\Robby.Etl.Infra.csproj", "{7F1DCE64-17CF-4147-A3C9-A2F8C820DFEC}"
EndProject
Project("{FAE04EC0-301F-11D3-BF4B-00C04F79EFBC}") = "Robby.Etl", "src\hosts\Robby.Etl\Robby.Etl.csproj", "{B27EB7EB-21B8-4FD2-980A-459396D029C1}"
EndProject
Project("{FAE04EC0-301F-11D3-BF4B-00C04F79EFBC}") = "Robby.Qry.Infra", "src\hosts\Robby.Qry.Infra\Robby.Qry.Infra.csproj", "{60240D4D-609C-46F4-ABD6-B6808C4CFCB9}"
EndProject
Project("{FAE04EC0-301F-11D3-BF4B-00C04F79EFBC}") = "Robby.Qry", "src\hosts\Robby.Qry\Robby.Qry.csproj", "{79E1A16A-C50D-4F05-9D99-CB6B33CE2431}"
EndProject
Project("{FAE04EC0-301F-11D3-BF4B-00C04F79EFBC}") = "M5x.Swagger", "..\src\M5x.Swagger\M5x.Swagger.csproj", "{FB9EE9DC-1B47-44D4-94A0-2ADF1E33D4D1}"
EndProject
Project("{FAE04EC0-301F-11D3-BF4B-00C04F79EFBC}") = "M5x.Chassis", "..\src\M5x.Chassis\M5x.Chassis.csproj", "{C69A2C58-AEB8-4026-AF8C-A947A00DD13C}"
EndProject
Project("{FAE04EC0-301F-11D3-BF4B-00C04F79EFBC}") = "M5x", "..\src\M5x\M5x.csproj", "{D51E4F23-17D7-4CE2-8BAF-3A82420C1DB5}"
EndProject
Project("{FAE04EC0-301F-11D3-BF4B-00C04F79EFBC}") = "M5x.AsciiArt", "..\src\M5x.AsciiArt\M5x.AsciiArt.csproj", "{E0C43F6B-CE46-432F-8E6D-035B6C15B18C}"
EndProject
Project("{FAE04EC0-301F-11D3-BF4B-00C04F79EFBC}") = "Robby.Client.Infra", "src\clients\Robby.Client.Infra\Robby.Client.Infra.csproj", "{5FD9B708-A585-444D-895B-BBD305EDCCC1}"
EndProject
Project("{2150E333-8FDC-42A3-9474-1A3956D46DE8}") = "integration", "integration", "{63AA14B8-3FDE-40A7-9A46-E027C14997D4}"
EndProject
Project("{FAE04EC0-301F-11D3-BF4B-00C04F79EFBC}") = "Robby.Client.Infra.IntegrationTests", "tests\integration\Robby.Client.Infra.IntegrationTests\Robby.Client.Infra.IntegrationTests.csproj", "{CA253F49-930F-4AA7-AE00-A154EF6D2C56}"
EndProject
Project("{FAE04EC0-301F-11D3-BF4B-00C04F79EFBC}") = "Robby.Cmd.Infra.IntegrationTests", "tests\integration\Robby.Cmd.Infra.IntegrationTests\Robby.Cmd.Infra.IntegrationTests.csproj", "{4802E8D1-7945-4FAD-B00D-454B1B03F4B6}"
EndProject
Project("{FAE04EC0-301F-11D3-BF4B-00C04F79EFBC}") = "Robby.Qry.Infra.IntegrationTests", "tests\integration\Robby.Qry.Infra.IntegrationTests\Robby.Qry.Infra.IntegrationTests.csproj", "{F8556976-A97A-4404-B567-EC789AC595AE}"
EndProject
Project("{FAE04EC0-301F-11D3-BF4B-00C04F79EFBC}") = "Robby.Etl.Infra.IntegrationTests", "tests\integration\Robby.Etl.Infra.IntegrationTests\Robby.Etl.Infra.IntegrationTests.csproj", "{767E619A-7753-4BA8-80A8-EC64E708E901}"
EndProject
Project("{FAE04EC0-301F-11D3-BF4B-00C04F79EFBC}") = "Robby.Sub.Infra.IntegrationTests", "tests\integration\Robby.Sub.Infra.IntegrationTests\Robby.Sub.Infra.IntegrationTests.csproj", "{952387B1-7434-4D77-88D2-0FE0AFD852E2}"
EndProject
Project("{FAE04EC0-301F-11D3-BF4B-00C04F79EFBC}") = "Robby.Infra.IntegrationTests", "tests\integration\Robby.Infra.IntegrationTests\Robby.Infra.IntegrationTests.csproj", "{B7672FB7-5AFF-4A18-8E9D-7F1A643C26D6}"
EndProject
Project("{FAE04EC0-301F-11D3-BF4B-00C04F79EFBC}") = "Robby.Sub.Infra", "src\hosts\Robby.Sub.Infra\Robby.Sub.Infra.csproj", "{992BCD1F-50D9-438D-ABBB-BE8526A404B4}"
EndProject
Project("{FAE04EC0-301F-11D3-BF4B-00C04F79EFBC}") = "Robby.Sub", "src\hosts\Robby.Sub\Robby.Sub.csproj", "{D3F63A5E-1398-48D3-A2EF-993CC27EA4CD}"
EndProject
Project("{FAE04EC0-301F-11D3-BF4B-00C04F79EFBC}") = "M5x.DEC", "..\src\M5x.DEC\M5x.DEC.csproj", "{2A0C2250-7EFB-4C5C-8287-9B310F8A6EB0}"
EndProject
Project("{FAE04EC0-301F-11D3-BF4B-00C04F79EFBC}") = "M5x.DEC.Infra", "..\src\M5x.DEC.Infra\M5x.DEC.Infra.csproj", "{3DD6501F-010B-439D-B637-F9DA78DBE42B}"
EndProject
Project("{FAE04EC0-301F-11D3-BF4B-00C04F79EFBC}") = "M5x.DEC.TestKit", "..\src\M5x.DEC.TestKit\M5x.DEC.TestKit.csproj", "{1EDA21C9-641A-4211-AEF3-490DBA34E30C}"
EndProject
Project("{FAE04EC0-301F-11D3-BF4B-00C04F79EFBC}") = "M5x.DEC.Schema", "..\src\M5x.DEC.Schema\M5x.DEC.Schema.csproj", "{8C2CBA32-AC1D-4C6F-8A85-F7C6B45FD3D5}"
EndProject
Project("{FAE04EC0-301F-11D3-BF4B-00C04F79EFBC}") = "M5x.Grpc", "..\src\M5x.Grpc\M5x.Grpc.csproj", "{2F01539B-F93C-41D1-839B-8768EE4272DA}"
EndProject
Project("{FAE04EC0-301F-11D3-BF4B-00C04F79EFBC}") = "M5x.TermUi", "..\src\M5x.TermUi\M5x.TermUi.csproj", "{92B36ECB-D663-47C7-B955-2610FBC6C85D}"
EndProject
Project("{FAE04EC0-301F-11D3-BF4B-00C04F79EFBC}") = "M5x.Polly", "..\src\M5x.Polly\M5x.Polly.csproj", "{E4260C04-D657-45F5-8031-C3172D3C80E2}"
EndProject
Project("{FAE04EC0-301F-11D3-BF4B-00C04F79EFBC}") = "Robby.Robot.Schema", "src\internal\Robby.Robot.Schema\Robby.Robot.Schema.csproj", "{C9571480-961D-4670-B19A-058D0317566F}"
EndProject
Project("{FAE04EC0-301F-11D3-BF4B-00C04F79EFBC}") = "Robby.Bogus", "src\internal\Robby.Bogus\Robby.Bogus.csproj", "{459D7E3E-4F77-4046-A9DA-2EA33D1E80DE}"
EndProject
Project("{FAE04EC0-301F-11D3-BF4B-00C04F79EFBC}") = "Robby.Game.Contract", "src\internal\Robby.Game.Contract\Robby.Game.Contract.csproj", "{0623494A-1B19-40BE-8E52-AD882D0C0633}"
EndProject
Project("{FAE04EC0-301F-11D3-BF4B-00C04F79EFBC}") = "Robby.Robot.Contract", "src\internal\Robby.Robot.Contract\Robby.Robot.Contract.csproj", "{DC7E4BE5-73DE-442A-82FD-65D4ABAA5FE6}"
EndProject
Project("{FAE04EC0-301F-11D3-BF4B-00C04F79EFBC}") = "Robby.Robot.Domain", "src\internal\Robby.Robot.Domain\Robby.Robot.Domain.csproj", "{9068CB08-F64E-4AD7-A376-36BB2A8751FA}"
EndProject
Project("{FAE04EC0-301F-11D3-BF4B-00C04F79EFBC}") = "Robby.Game.Domain", "src\internal\Robby.Game.Domain\Robby.Game.Domain.csproj", "{D2522A43-4754-4096-9878-576D60F7D1F4}"
EndProject
Project("{FAE04EC0-301F-11D3-BF4B-00C04F79EFBC}") = "Robby.Game.Schema", "src\internal\Robby.Game.Schema\Robby.Game.Schema.csproj", "{2629A9EB-5917-4CF3-A26F-9227C20857F4}"
EndProject
Global
	GlobalSection(SolutionConfigurationPlatforms) = preSolution
		Debug|Any CPU = Debug|Any CPU
		Debug|x64 = Debug|x64
		Debug|x86 = Debug|x86
		Release|Any CPU = Release|Any CPU
		Release|x64 = Release|x64
		Release|x86 = Release|x86
	EndGlobalSection
	GlobalSection(SolutionProperties) = preSolution
		HideSolutionNode = FALSE
	EndGlobalSection
	GlobalSection(ProjectConfigurationPlatforms) = postSolution
		{52BFD43E-2217-4E2B-B4D5-8216ECC0CDED}.Debug|Any CPU.ActiveCfg = Debug|Any CPU
		{52BFD43E-2217-4E2B-B4D5-8216ECC0CDED}.Debug|Any CPU.Build.0 = Debug|Any CPU
		{52BFD43E-2217-4E2B-B4D5-8216ECC0CDED}.Debug|x64.ActiveCfg = Debug|Any CPU
		{52BFD43E-2217-4E2B-B4D5-8216ECC0CDED}.Debug|x64.Build.0 = Debug|Any CPU
		{52BFD43E-2217-4E2B-B4D5-8216ECC0CDED}.Debug|x86.ActiveCfg = Debug|Any CPU
		{52BFD43E-2217-4E2B-B4D5-8216ECC0CDED}.Debug|x86.Build.0 = Debug|Any CPU
		{52BFD43E-2217-4E2B-B4D5-8216ECC0CDED}.Release|Any CPU.ActiveCfg = Release|Any CPU
		{52BFD43E-2217-4E2B-B4D5-8216ECC0CDED}.Release|Any CPU.Build.0 = Release|Any CPU
		{52BFD43E-2217-4E2B-B4D5-8216ECC0CDED}.Release|x64.ActiveCfg = Release|Any CPU
		{52BFD43E-2217-4E2B-B4D5-8216ECC0CDED}.Release|x64.Build.0 = Release|Any CPU
		{52BFD43E-2217-4E2B-B4D5-8216ECC0CDED}.Release|x86.ActiveCfg = Release|Any CPU
		{52BFD43E-2217-4E2B-B4D5-8216ECC0CDED}.Release|x86.Build.0 = Release|Any CPU
		{4A68F655-1CFC-472A-A374-D8AF952EC8C2}.Debug|Any CPU.ActiveCfg = Debug|Any CPU
		{4A68F655-1CFC-472A-A374-D8AF952EC8C2}.Debug|Any CPU.Build.0 = Debug|Any CPU
		{4A68F655-1CFC-472A-A374-D8AF952EC8C2}.Debug|x64.ActiveCfg = Debug|Any CPU
		{4A68F655-1CFC-472A-A374-D8AF952EC8C2}.Debug|x64.Build.0 = Debug|Any CPU
		{4A68F655-1CFC-472A-A374-D8AF952EC8C2}.Debug|x86.ActiveCfg = Debug|Any CPU
		{4A68F655-1CFC-472A-A374-D8AF952EC8C2}.Debug|x86.Build.0 = Debug|Any CPU
		{4A68F655-1CFC-472A-A374-D8AF952EC8C2}.Release|Any CPU.ActiveCfg = Release|Any CPU
		{4A68F655-1CFC-472A-A374-D8AF952EC8C2}.Release|Any CPU.Build.0 = Release|Any CPU
		{4A68F655-1CFC-472A-A374-D8AF952EC8C2}.Release|x64.ActiveCfg = Release|Any CPU
		{4A68F655-1CFC-472A-A374-D8AF952EC8C2}.Release|x64.Build.0 = Release|Any CPU
		{4A68F655-1CFC-472A-A374-D8AF952EC8C2}.Release|x86.ActiveCfg = Release|Any CPU
		{4A68F655-1CFC-472A-A374-D8AF952EC8C2}.Release|x86.Build.0 = Release|Any CPU
		{987A91F5-A216-48EE-B159-DAE9773A8E1C}.Debug|Any CPU.ActiveCfg = Debug|Any CPU
		{987A91F5-A216-48EE-B159-DAE9773A8E1C}.Debug|Any CPU.Build.0 = Debug|Any CPU
		{987A91F5-A216-48EE-B159-DAE9773A8E1C}.Debug|x64.ActiveCfg = Debug|Any CPU
		{987A91F5-A216-48EE-B159-DAE9773A8E1C}.Debug|x64.Build.0 = Debug|Any CPU
		{987A91F5-A216-48EE-B159-DAE9773A8E1C}.Debug|x86.ActiveCfg = Debug|Any CPU
		{987A91F5-A216-48EE-B159-DAE9773A8E1C}.Debug|x86.Build.0 = Debug|Any CPU
		{987A91F5-A216-48EE-B159-DAE9773A8E1C}.Release|Any CPU.ActiveCfg = Release|Any CPU
		{987A91F5-A216-48EE-B159-DAE9773A8E1C}.Release|Any CPU.Build.0 = Release|Any CPU
		{987A91F5-A216-48EE-B159-DAE9773A8E1C}.Release|x64.ActiveCfg = Release|Any CPU
		{987A91F5-A216-48EE-B159-DAE9773A8E1C}.Release|x64.Build.0 = Release|Any CPU
		{987A91F5-A216-48EE-B159-DAE9773A8E1C}.Release|x86.ActiveCfg = Release|Any CPU
		{987A91F5-A216-48EE-B159-DAE9773A8E1C}.Release|x86.Build.0 = Release|Any CPU
		{43F473D8-C67E-49A6-8999-27B28AD2A6CA}.Debug|Any CPU.ActiveCfg = Debug|Any CPU
		{43F473D8-C67E-49A6-8999-27B28AD2A6CA}.Debug|Any CPU.Build.0 = Debug|Any CPU
		{43F473D8-C67E-49A6-8999-27B28AD2A6CA}.Debug|x64.ActiveCfg = Debug|Any CPU
		{43F473D8-C67E-49A6-8999-27B28AD2A6CA}.Debug|x64.Build.0 = Debug|Any CPU
		{43F473D8-C67E-49A6-8999-27B28AD2A6CA}.Debug|x86.ActiveCfg = Debug|Any CPU
		{43F473D8-C67E-49A6-8999-27B28AD2A6CA}.Debug|x86.Build.0 = Debug|Any CPU
		{43F473D8-C67E-49A6-8999-27B28AD2A6CA}.Release|Any CPU.ActiveCfg = Release|Any CPU
		{43F473D8-C67E-49A6-8999-27B28AD2A6CA}.Release|Any CPU.Build.0 = Release|Any CPU
		{43F473D8-C67E-49A6-8999-27B28AD2A6CA}.Release|x64.ActiveCfg = Release|Any CPU
		{43F473D8-C67E-49A6-8999-27B28AD2A6CA}.Release|x64.Build.0 = Release|Any CPU
		{43F473D8-C67E-49A6-8999-27B28AD2A6CA}.Release|x86.ActiveCfg = Release|Any CPU
		{43F473D8-C67E-49A6-8999-27B28AD2A6CA}.Release|x86.Build.0 = Release|Any CPU
		{64D5F115-E523-46DC-B293-C4EA40706E79}.Debug|Any CPU.ActiveCfg = Debug|Any CPU
		{64D5F115-E523-46DC-B293-C4EA40706E79}.Debug|Any CPU.Build.0 = Debug|Any CPU
		{64D5F115-E523-46DC-B293-C4EA40706E79}.Debug|x64.ActiveCfg = Debug|Any CPU
		{64D5F115-E523-46DC-B293-C4EA40706E79}.Debug|x64.Build.0 = Debug|Any CPU
		{64D5F115-E523-46DC-B293-C4EA40706E79}.Debug|x86.ActiveCfg = Debug|Any CPU
		{64D5F115-E523-46DC-B293-C4EA40706E79}.Debug|x86.Build.0 = Debug|Any CPU
		{64D5F115-E523-46DC-B293-C4EA40706E79}.Release|Any CPU.ActiveCfg = Release|Any CPU
		{64D5F115-E523-46DC-B293-C4EA40706E79}.Release|Any CPU.Build.0 = Release|Any CPU
		{64D5F115-E523-46DC-B293-C4EA40706E79}.Release|x64.ActiveCfg = Release|Any CPU
		{64D5F115-E523-46DC-B293-C4EA40706E79}.Release|x64.Build.0 = Release|Any CPU
		{64D5F115-E523-46DC-B293-C4EA40706E79}.Release|x86.ActiveCfg = Release|Any CPU
		{64D5F115-E523-46DC-B293-C4EA40706E79}.Release|x86.Build.0 = Release|Any CPU
		{1B2A14E5-77A4-4386-8054-697A6DED59F2}.Debug|Any CPU.ActiveCfg = Debug|Any CPU
		{1B2A14E5-77A4-4386-8054-697A6DED59F2}.Debug|Any CPU.Build.0 = Debug|Any CPU
		{1B2A14E5-77A4-4386-8054-697A6DED59F2}.Debug|x64.ActiveCfg = Debug|Any CPU
		{1B2A14E5-77A4-4386-8054-697A6DED59F2}.Debug|x64.Build.0 = Debug|Any CPU
		{1B2A14E5-77A4-4386-8054-697A6DED59F2}.Debug|x86.ActiveCfg = Debug|Any CPU
		{1B2A14E5-77A4-4386-8054-697A6DED59F2}.Debug|x86.Build.0 = Debug|Any CPU
		{1B2A14E5-77A4-4386-8054-697A6DED59F2}.Release|Any CPU.ActiveCfg = Release|Any CPU
		{1B2A14E5-77A4-4386-8054-697A6DED59F2}.Release|Any CPU.Build.0 = Release|Any CPU
		{1B2A14E5-77A4-4386-8054-697A6DED59F2}.Release|x64.ActiveCfg = Release|Any CPU
		{1B2A14E5-77A4-4386-8054-697A6DED59F2}.Release|x64.Build.0 = Release|Any CPU
		{1B2A14E5-77A4-4386-8054-697A6DED59F2}.Release|x86.ActiveCfg = Release|Any CPU
		{1B2A14E5-77A4-4386-8054-697A6DED59F2}.Release|x86.Build.0 = Release|Any CPU
		{9F64C8CD-E918-4CBB-A1DB-5692C43CA46E}.Debug|Any CPU.ActiveCfg = Debug|Any CPU
		{9F64C8CD-E918-4CBB-A1DB-5692C43CA46E}.Debug|Any CPU.Build.0 = Debug|Any CPU
		{9F64C8CD-E918-4CBB-A1DB-5692C43CA46E}.Debug|x64.ActiveCfg = Debug|Any CPU
		{9F64C8CD-E918-4CBB-A1DB-5692C43CA46E}.Debug|x64.Build.0 = Debug|Any CPU
		{9F64C8CD-E918-4CBB-A1DB-5692C43CA46E}.Debug|x86.ActiveCfg = Debug|Any CPU
		{9F64C8CD-E918-4CBB-A1DB-5692C43CA46E}.Debug|x86.Build.0 = Debug|Any CPU
		{9F64C8CD-E918-4CBB-A1DB-5692C43CA46E}.Release|Any CPU.ActiveCfg = Release|Any CPU
		{9F64C8CD-E918-4CBB-A1DB-5692C43CA46E}.Release|Any CPU.Build.0 = Release|Any CPU
		{9F64C8CD-E918-4CBB-A1DB-5692C43CA46E}.Release|x64.ActiveCfg = Release|Any CPU
		{9F64C8CD-E918-4CBB-A1DB-5692C43CA46E}.Release|x64.Build.0 = Release|Any CPU
		{9F64C8CD-E918-4CBB-A1DB-5692C43CA46E}.Release|x86.ActiveCfg = Release|Any CPU
		{9F64C8CD-E918-4CBB-A1DB-5692C43CA46E}.Release|x86.Build.0 = Release|Any CPU
		{BAFBF02C-E888-4E58-A18D-C01484968C22}.Debug|Any CPU.ActiveCfg = Debug|Any CPU
		{BAFBF02C-E888-4E58-A18D-C01484968C22}.Debug|Any CPU.Build.0 = Debug|Any CPU
		{BAFBF02C-E888-4E58-A18D-C01484968C22}.Debug|x64.ActiveCfg = Debug|Any CPU
		{BAFBF02C-E888-4E58-A18D-C01484968C22}.Debug|x64.Build.0 = Debug|Any CPU
		{BAFBF02C-E888-4E58-A18D-C01484968C22}.Debug|x86.ActiveCfg = Debug|Any CPU
		{BAFBF02C-E888-4E58-A18D-C01484968C22}.Debug|x86.Build.0 = Debug|Any CPU
		{BAFBF02C-E888-4E58-A18D-C01484968C22}.Release|Any CPU.ActiveCfg = Release|Any CPU
		{BAFBF02C-E888-4E58-A18D-C01484968C22}.Release|Any CPU.Build.0 = Release|Any CPU
		{BAFBF02C-E888-4E58-A18D-C01484968C22}.Release|x64.ActiveCfg = Release|Any CPU
		{BAFBF02C-E888-4E58-A18D-C01484968C22}.Release|x64.Build.0 = Release|Any CPU
		{BAFBF02C-E888-4E58-A18D-C01484968C22}.Release|x86.ActiveCfg = Release|Any CPU
		{BAFBF02C-E888-4E58-A18D-C01484968C22}.Release|x86.Build.0 = Release|Any CPU
		{60632C8D-4A20-4067-9172-A2B2EC6DD420}.Debug|Any CPU.ActiveCfg = Debug|Any CPU
		{60632C8D-4A20-4067-9172-A2B2EC6DD420}.Debug|Any CPU.Build.0 = Debug|Any CPU
		{60632C8D-4A20-4067-9172-A2B2EC6DD420}.Debug|x64.ActiveCfg = Debug|Any CPU
		{60632C8D-4A20-4067-9172-A2B2EC6DD420}.Debug|x64.Build.0 = Debug|Any CPU
		{60632C8D-4A20-4067-9172-A2B2EC6DD420}.Debug|x86.ActiveCfg = Debug|Any CPU
		{60632C8D-4A20-4067-9172-A2B2EC6DD420}.Debug|x86.Build.0 = Debug|Any CPU
		{60632C8D-4A20-4067-9172-A2B2EC6DD420}.Release|Any CPU.ActiveCfg = Release|Any CPU
		{60632C8D-4A20-4067-9172-A2B2EC6DD420}.Release|Any CPU.Build.0 = Release|Any CPU
		{60632C8D-4A20-4067-9172-A2B2EC6DD420}.Release|x64.ActiveCfg = Release|Any CPU
		{60632C8D-4A20-4067-9172-A2B2EC6DD420}.Release|x64.Build.0 = Release|Any CPU
		{60632C8D-4A20-4067-9172-A2B2EC6DD420}.Release|x86.ActiveCfg = Release|Any CPU
		{60632C8D-4A20-4067-9172-A2B2EC6DD420}.Release|x86.Build.0 = Release|Any CPU
		{4E94D120-AE19-4477-AB6B-4DB5A67B6B77}.Debug|Any CPU.ActiveCfg = Debug|Any CPU
		{4E94D120-AE19-4477-AB6B-4DB5A67B6B77}.Debug|Any CPU.Build.0 = Debug|Any CPU
		{4E94D120-AE19-4477-AB6B-4DB5A67B6B77}.Debug|x64.ActiveCfg = Debug|Any CPU
		{4E94D120-AE19-4477-AB6B-4DB5A67B6B77}.Debug|x64.Build.0 = Debug|Any CPU
		{4E94D120-AE19-4477-AB6B-4DB5A67B6B77}.Debug|x86.ActiveCfg = Debug|Any CPU
		{4E94D120-AE19-4477-AB6B-4DB5A67B6B77}.Debug|x86.Build.0 = Debug|Any CPU
		{4E94D120-AE19-4477-AB6B-4DB5A67B6B77}.Release|Any CPU.ActiveCfg = Release|Any CPU
		{4E94D120-AE19-4477-AB6B-4DB5A67B6B77}.Release|Any CPU.Build.0 = Release|Any CPU
		{4E94D120-AE19-4477-AB6B-4DB5A67B6B77}.Release|x64.ActiveCfg = Release|Any CPU
		{4E94D120-AE19-4477-AB6B-4DB5A67B6B77}.Release|x64.Build.0 = Release|Any CPU
		{4E94D120-AE19-4477-AB6B-4DB5A67B6B77}.Release|x86.ActiveCfg = Release|Any CPU
		{4E94D120-AE19-4477-AB6B-4DB5A67B6B77}.Release|x86.Build.0 = Release|Any CPU
		{F1905491-F9C0-456C-97A7-54788BC32F99}.Debug|Any CPU.ActiveCfg = Debug|Any CPU
		{F1905491-F9C0-456C-97A7-54788BC32F99}.Debug|Any CPU.Build.0 = Debug|Any CPU
		{F1905491-F9C0-456C-97A7-54788BC32F99}.Debug|x64.ActiveCfg = Debug|Any CPU
		{F1905491-F9C0-456C-97A7-54788BC32F99}.Debug|x64.Build.0 = Debug|Any CPU
		{F1905491-F9C0-456C-97A7-54788BC32F99}.Debug|x86.ActiveCfg = Debug|Any CPU
		{F1905491-F9C0-456C-97A7-54788BC32F99}.Debug|x86.Build.0 = Debug|Any CPU
		{F1905491-F9C0-456C-97A7-54788BC32F99}.Release|Any CPU.ActiveCfg = Release|Any CPU
		{F1905491-F9C0-456C-97A7-54788BC32F99}.Release|Any CPU.Build.0 = Release|Any CPU
		{F1905491-F9C0-456C-97A7-54788BC32F99}.Release|x64.ActiveCfg = Release|Any CPU
		{F1905491-F9C0-456C-97A7-54788BC32F99}.Release|x64.Build.0 = Release|Any CPU
		{F1905491-F9C0-456C-97A7-54788BC32F99}.Release|x86.ActiveCfg = Release|Any CPU
		{F1905491-F9C0-456C-97A7-54788BC32F99}.Release|x86.Build.0 = Release|Any CPU
		{3EB2E728-BBED-493D-A4EF-A3457BBBC0F7}.Debug|Any CPU.ActiveCfg = Debug|Any CPU
		{3EB2E728-BBED-493D-A4EF-A3457BBBC0F7}.Debug|Any CPU.Build.0 = Debug|Any CPU
		{3EB2E728-BBED-493D-A4EF-A3457BBBC0F7}.Debug|x64.ActiveCfg = Debug|Any CPU
		{3EB2E728-BBED-493D-A4EF-A3457BBBC0F7}.Debug|x64.Build.0 = Debug|Any CPU
		{3EB2E728-BBED-493D-A4EF-A3457BBBC0F7}.Debug|x86.ActiveCfg = Debug|Any CPU
		{3EB2E728-BBED-493D-A4EF-A3457BBBC0F7}.Debug|x86.Build.0 = Debug|Any CPU
		{3EB2E728-BBED-493D-A4EF-A3457BBBC0F7}.Release|Any CPU.ActiveCfg = Release|Any CPU
		{3EB2E728-BBED-493D-A4EF-A3457BBBC0F7}.Release|Any CPU.Build.0 = Release|Any CPU
		{3EB2E728-BBED-493D-A4EF-A3457BBBC0F7}.Release|x64.ActiveCfg = Release|Any CPU
		{3EB2E728-BBED-493D-A4EF-A3457BBBC0F7}.Release|x64.Build.0 = Release|Any CPU
		{3EB2E728-BBED-493D-A4EF-A3457BBBC0F7}.Release|x86.ActiveCfg = Release|Any CPU
		{3EB2E728-BBED-493D-A4EF-A3457BBBC0F7}.Release|x86.Build.0 = Release|Any CPU
		{F40FA685-272B-42B4-A415-E825137A1B01}.Debug|Any CPU.ActiveCfg = Debug|Any CPU
		{F40FA685-272B-42B4-A415-E825137A1B01}.Debug|Any CPU.Build.0 = Debug|Any CPU
		{F40FA685-272B-42B4-A415-E825137A1B01}.Debug|x64.ActiveCfg = Debug|Any CPU
		{F40FA685-272B-42B4-A415-E825137A1B01}.Debug|x64.Build.0 = Debug|Any CPU
		{F40FA685-272B-42B4-A415-E825137A1B01}.Debug|x86.ActiveCfg = Debug|Any CPU
		{F40FA685-272B-42B4-A415-E825137A1B01}.Debug|x86.Build.0 = Debug|Any CPU
		{F40FA685-272B-42B4-A415-E825137A1B01}.Release|Any CPU.ActiveCfg = Release|Any CPU
		{F40FA685-272B-42B4-A415-E825137A1B01}.Release|Any CPU.Build.0 = Release|Any CPU
		{F40FA685-272B-42B4-A415-E825137A1B01}.Release|x64.ActiveCfg = Release|Any CPU
		{F40FA685-272B-42B4-A415-E825137A1B01}.Release|x64.Build.0 = Release|Any CPU
		{F40FA685-272B-42B4-A415-E825137A1B01}.Release|x86.ActiveCfg = Release|Any CPU
		{F40FA685-272B-42B4-A415-E825137A1B01}.Release|x86.Build.0 = Release|Any CPU
		{C5C361D7-DA73-485C-9345-6B6B016EFFCA}.Debug|Any CPU.ActiveCfg = Debug|Any CPU
		{C5C361D7-DA73-485C-9345-6B6B016EFFCA}.Debug|Any CPU.Build.0 = Debug|Any CPU
		{C5C361D7-DA73-485C-9345-6B6B016EFFCA}.Debug|x64.ActiveCfg = Debug|Any CPU
		{C5C361D7-DA73-485C-9345-6B6B016EFFCA}.Debug|x64.Build.0 = Debug|Any CPU
		{C5C361D7-DA73-485C-9345-6B6B016EFFCA}.Debug|x86.ActiveCfg = Debug|Any CPU
		{C5C361D7-DA73-485C-9345-6B6B016EFFCA}.Debug|x86.Build.0 = Debug|Any CPU
		{C5C361D7-DA73-485C-9345-6B6B016EFFCA}.Release|Any CPU.ActiveCfg = Release|Any CPU
		{C5C361D7-DA73-485C-9345-6B6B016EFFCA}.Release|Any CPU.Build.0 = Release|Any CPU
		{C5C361D7-DA73-485C-9345-6B6B016EFFCA}.Release|x64.ActiveCfg = Release|Any CPU
		{C5C361D7-DA73-485C-9345-6B6B016EFFCA}.Release|x64.Build.0 = Release|Any CPU
		{C5C361D7-DA73-485C-9345-6B6B016EFFCA}.Release|x86.ActiveCfg = Release|Any CPU
		{C5C361D7-DA73-485C-9345-6B6B016EFFCA}.Release|x86.Build.0 = Release|Any CPU
		{7A928DAF-171B-40E8-AC63-812DDD8817DC}.Debug|Any CPU.ActiveCfg = Debug|Any CPU
		{7A928DAF-171B-40E8-AC63-812DDD8817DC}.Debug|Any CPU.Build.0 = Debug|Any CPU
		{7A928DAF-171B-40E8-AC63-812DDD8817DC}.Debug|x64.ActiveCfg = Debug|Any CPU
		{7A928DAF-171B-40E8-AC63-812DDD8817DC}.Debug|x64.Build.0 = Debug|Any CPU
		{7A928DAF-171B-40E8-AC63-812DDD8817DC}.Debug|x86.ActiveCfg = Debug|Any CPU
		{7A928DAF-171B-40E8-AC63-812DDD8817DC}.Debug|x86.Build.0 = Debug|Any CPU
		{7A928DAF-171B-40E8-AC63-812DDD8817DC}.Release|Any CPU.ActiveCfg = Release|Any CPU
		{7A928DAF-171B-40E8-AC63-812DDD8817DC}.Release|Any CPU.Build.0 = Release|Any CPU
		{7A928DAF-171B-40E8-AC63-812DDD8817DC}.Release|x64.ActiveCfg = Release|Any CPU
		{7A928DAF-171B-40E8-AC63-812DDD8817DC}.Release|x64.Build.0 = Release|Any CPU
		{7A928DAF-171B-40E8-AC63-812DDD8817DC}.Release|x86.ActiveCfg = Release|Any CPU
		{7A928DAF-171B-40E8-AC63-812DDD8817DC}.Release|x86.Build.0 = Release|Any CPU
		{7F1DCE64-17CF-4147-A3C9-A2F8C820DFEC}.Debug|Any CPU.ActiveCfg = Debug|Any CPU
		{7F1DCE64-17CF-4147-A3C9-A2F8C820DFEC}.Debug|Any CPU.Build.0 = Debug|Any CPU
		{7F1DCE64-17CF-4147-A3C9-A2F8C820DFEC}.Debug|x64.ActiveCfg = Debug|Any CPU
		{7F1DCE64-17CF-4147-A3C9-A2F8C820DFEC}.Debug|x64.Build.0 = Debug|Any CPU
		{7F1DCE64-17CF-4147-A3C9-A2F8C820DFEC}.Debug|x86.ActiveCfg = Debug|Any CPU
		{7F1DCE64-17CF-4147-A3C9-A2F8C820DFEC}.Debug|x86.Build.0 = Debug|Any CPU
		{7F1DCE64-17CF-4147-A3C9-A2F8C820DFEC}.Release|Any CPU.ActiveCfg = Release|Any CPU
		{7F1DCE64-17CF-4147-A3C9-A2F8C820DFEC}.Release|Any CPU.Build.0 = Release|Any CPU
		{7F1DCE64-17CF-4147-A3C9-A2F8C820DFEC}.Release|x64.ActiveCfg = Release|Any CPU
		{7F1DCE64-17CF-4147-A3C9-A2F8C820DFEC}.Release|x64.Build.0 = Release|Any CPU
		{7F1DCE64-17CF-4147-A3C9-A2F8C820DFEC}.Release|x86.ActiveCfg = Release|Any CPU
		{7F1DCE64-17CF-4147-A3C9-A2F8C820DFEC}.Release|x86.Build.0 = Release|Any CPU
		{B27EB7EB-21B8-4FD2-980A-459396D029C1}.Debug|Any CPU.ActiveCfg = Debug|Any CPU
		{B27EB7EB-21B8-4FD2-980A-459396D029C1}.Debug|Any CPU.Build.0 = Debug|Any CPU
		{B27EB7EB-21B8-4FD2-980A-459396D029C1}.Debug|x64.ActiveCfg = Debug|Any CPU
		{B27EB7EB-21B8-4FD2-980A-459396D029C1}.Debug|x64.Build.0 = Debug|Any CPU
		{B27EB7EB-21B8-4FD2-980A-459396D029C1}.Debug|x86.ActiveCfg = Debug|Any CPU
		{B27EB7EB-21B8-4FD2-980A-459396D029C1}.Debug|x86.Build.0 = Debug|Any CPU
		{B27EB7EB-21B8-4FD2-980A-459396D029C1}.Release|Any CPU.ActiveCfg = Release|Any CPU
		{B27EB7EB-21B8-4FD2-980A-459396D029C1}.Release|Any CPU.Build.0 = Release|Any CPU
		{B27EB7EB-21B8-4FD2-980A-459396D029C1}.Release|x64.ActiveCfg = Release|Any CPU
		{B27EB7EB-21B8-4FD2-980A-459396D029C1}.Release|x64.Build.0 = Release|Any CPU
		{B27EB7EB-21B8-4FD2-980A-459396D029C1}.Release|x86.ActiveCfg = Release|Any CPU
		{B27EB7EB-21B8-4FD2-980A-459396D029C1}.Release|x86.Build.0 = Release|Any CPU
		{60240D4D-609C-46F4-ABD6-B6808C4CFCB9}.Debug|Any CPU.ActiveCfg = Debug|Any CPU
		{60240D4D-609C-46F4-ABD6-B6808C4CFCB9}.Debug|Any CPU.Build.0 = Debug|Any CPU
		{60240D4D-609C-46F4-ABD6-B6808C4CFCB9}.Debug|x64.ActiveCfg = Debug|Any CPU
		{60240D4D-609C-46F4-ABD6-B6808C4CFCB9}.Debug|x64.Build.0 = Debug|Any CPU
		{60240D4D-609C-46F4-ABD6-B6808C4CFCB9}.Debug|x86.ActiveCfg = Debug|Any CPU
		{60240D4D-609C-46F4-ABD6-B6808C4CFCB9}.Debug|x86.Build.0 = Debug|Any CPU
		{60240D4D-609C-46F4-ABD6-B6808C4CFCB9}.Release|Any CPU.ActiveCfg = Release|Any CPU
		{60240D4D-609C-46F4-ABD6-B6808C4CFCB9}.Release|Any CPU.Build.0 = Release|Any CPU
		{60240D4D-609C-46F4-ABD6-B6808C4CFCB9}.Release|x64.ActiveCfg = Release|Any CPU
		{60240D4D-609C-46F4-ABD6-B6808C4CFCB9}.Release|x64.Build.0 = Release|Any CPU
		{60240D4D-609C-46F4-ABD6-B6808C4CFCB9}.Release|x86.ActiveCfg = Release|Any CPU
		{60240D4D-609C-46F4-ABD6-B6808C4CFCB9}.Release|x86.Build.0 = Release|Any CPU
		{79E1A16A-C50D-4F05-9D99-CB6B33CE2431}.Debug|Any CPU.ActiveCfg = Debug|Any CPU
		{79E1A16A-C50D-4F05-9D99-CB6B33CE2431}.Debug|Any CPU.Build.0 = Debug|Any CPU
		{79E1A16A-C50D-4F05-9D99-CB6B33CE2431}.Debug|x64.ActiveCfg = Debug|Any CPU
		{79E1A16A-C50D-4F05-9D99-CB6B33CE2431}.Debug|x64.Build.0 = Debug|Any CPU
		{79E1A16A-C50D-4F05-9D99-CB6B33CE2431}.Debug|x86.ActiveCfg = Debug|Any CPU
		{79E1A16A-C50D-4F05-9D99-CB6B33CE2431}.Debug|x86.Build.0 = Debug|Any CPU
		{79E1A16A-C50D-4F05-9D99-CB6B33CE2431}.Release|Any CPU.ActiveCfg = Release|Any CPU
		{79E1A16A-C50D-4F05-9D99-CB6B33CE2431}.Release|Any CPU.Build.0 = Release|Any CPU
		{79E1A16A-C50D-4F05-9D99-CB6B33CE2431}.Release|x64.ActiveCfg = Release|Any CPU
		{79E1A16A-C50D-4F05-9D99-CB6B33CE2431}.Release|x64.Build.0 = Release|Any CPU
		{79E1A16A-C50D-4F05-9D99-CB6B33CE2431}.Release|x86.ActiveCfg = Release|Any CPU
		{79E1A16A-C50D-4F05-9D99-CB6B33CE2431}.Release|x86.Build.0 = Release|Any CPU
		{FB9EE9DC-1B47-44D4-94A0-2ADF1E33D4D1}.Debug|Any CPU.ActiveCfg = Debug|Any CPU
		{FB9EE9DC-1B47-44D4-94A0-2ADF1E33D4D1}.Debug|Any CPU.Build.0 = Debug|Any CPU
		{FB9EE9DC-1B47-44D4-94A0-2ADF1E33D4D1}.Debug|x64.ActiveCfg = Debug|Any CPU
		{FB9EE9DC-1B47-44D4-94A0-2ADF1E33D4D1}.Debug|x64.Build.0 = Debug|Any CPU
		{FB9EE9DC-1B47-44D4-94A0-2ADF1E33D4D1}.Debug|x86.ActiveCfg = Debug|Any CPU
		{FB9EE9DC-1B47-44D4-94A0-2ADF1E33D4D1}.Debug|x86.Build.0 = Debug|Any CPU
		{FB9EE9DC-1B47-44D4-94A0-2ADF1E33D4D1}.Release|Any CPU.ActiveCfg = Release|Any CPU
		{FB9EE9DC-1B47-44D4-94A0-2ADF1E33D4D1}.Release|Any CPU.Build.0 = Release|Any CPU
		{FB9EE9DC-1B47-44D4-94A0-2ADF1E33D4D1}.Release|x64.ActiveCfg = Release|Any CPU
		{FB9EE9DC-1B47-44D4-94A0-2ADF1E33D4D1}.Release|x64.Build.0 = Release|Any CPU
		{FB9EE9DC-1B47-44D4-94A0-2ADF1E33D4D1}.Release|x86.ActiveCfg = Release|Any CPU
		{FB9EE9DC-1B47-44D4-94A0-2ADF1E33D4D1}.Release|x86.Build.0 = Release|Any CPU
		{C69A2C58-AEB8-4026-AF8C-A947A00DD13C}.Debug|Any CPU.ActiveCfg = Debug|Any CPU
		{C69A2C58-AEB8-4026-AF8C-A947A00DD13C}.Debug|Any CPU.Build.0 = Debug|Any CPU
		{C69A2C58-AEB8-4026-AF8C-A947A00DD13C}.Debug|x64.ActiveCfg = Debug|Any CPU
		{C69A2C58-AEB8-4026-AF8C-A947A00DD13C}.Debug|x64.Build.0 = Debug|Any CPU
		{C69A2C58-AEB8-4026-AF8C-A947A00DD13C}.Debug|x86.ActiveCfg = Debug|Any CPU
		{C69A2C58-AEB8-4026-AF8C-A947A00DD13C}.Debug|x86.Build.0 = Debug|Any CPU
		{C69A2C58-AEB8-4026-AF8C-A947A00DD13C}.Release|Any CPU.ActiveCfg = Release|Any CPU
		{C69A2C58-AEB8-4026-AF8C-A947A00DD13C}.Release|Any CPU.Build.0 = Release|Any CPU
		{C69A2C58-AEB8-4026-AF8C-A947A00DD13C}.Release|x64.ActiveCfg = Release|Any CPU
		{C69A2C58-AEB8-4026-AF8C-A947A00DD13C}.Release|x64.Build.0 = Release|Any CPU
		{C69A2C58-AEB8-4026-AF8C-A947A00DD13C}.Release|x86.ActiveCfg = Release|Any CPU
		{C69A2C58-AEB8-4026-AF8C-A947A00DD13C}.Release|x86.Build.0 = Release|Any CPU
		{D51E4F23-17D7-4CE2-8BAF-3A82420C1DB5}.Debug|Any CPU.ActiveCfg = Debug|Any CPU
		{D51E4F23-17D7-4CE2-8BAF-3A82420C1DB5}.Debug|Any CPU.Build.0 = Debug|Any CPU
		{D51E4F23-17D7-4CE2-8BAF-3A82420C1DB5}.Debug|x64.ActiveCfg = Debug|Any CPU
		{D51E4F23-17D7-4CE2-8BAF-3A82420C1DB5}.Debug|x64.Build.0 = Debug|Any CPU
		{D51E4F23-17D7-4CE2-8BAF-3A82420C1DB5}.Debug|x86.ActiveCfg = Debug|Any CPU
		{D51E4F23-17D7-4CE2-8BAF-3A82420C1DB5}.Debug|x86.Build.0 = Debug|Any CPU
		{D51E4F23-17D7-4CE2-8BAF-3A82420C1DB5}.Release|Any CPU.ActiveCfg = Release|Any CPU
		{D51E4F23-17D7-4CE2-8BAF-3A82420C1DB5}.Release|Any CPU.Build.0 = Release|Any CPU
		{D51E4F23-17D7-4CE2-8BAF-3A82420C1DB5}.Release|x64.ActiveCfg = Release|Any CPU
		{D51E4F23-17D7-4CE2-8BAF-3A82420C1DB5}.Release|x64.Build.0 = Release|Any CPU
		{D51E4F23-17D7-4CE2-8BAF-3A82420C1DB5}.Release|x86.ActiveCfg = Release|Any CPU
		{D51E4F23-17D7-4CE2-8BAF-3A82420C1DB5}.Release|x86.Build.0 = Release|Any CPU
		{E0C43F6B-CE46-432F-8E6D-035B6C15B18C}.Debug|Any CPU.ActiveCfg = Debug|Any CPU
		{E0C43F6B-CE46-432F-8E6D-035B6C15B18C}.Debug|Any CPU.Build.0 = Debug|Any CPU
		{E0C43F6B-CE46-432F-8E6D-035B6C15B18C}.Debug|x64.ActiveCfg = Debug|Any CPU
		{E0C43F6B-CE46-432F-8E6D-035B6C15B18C}.Debug|x64.Build.0 = Debug|Any CPU
		{E0C43F6B-CE46-432F-8E6D-035B6C15B18C}.Debug|x86.ActiveCfg = Debug|Any CPU
		{E0C43F6B-CE46-432F-8E6D-035B6C15B18C}.Debug|x86.Build.0 = Debug|Any CPU
		{E0C43F6B-CE46-432F-8E6D-035B6C15B18C}.Release|Any CPU.ActiveCfg = Release|Any CPU
		{E0C43F6B-CE46-432F-8E6D-035B6C15B18C}.Release|Any CPU.Build.0 = Release|Any CPU
		{E0C43F6B-CE46-432F-8E6D-035B6C15B18C}.Release|x64.ActiveCfg = Release|Any CPU
		{E0C43F6B-CE46-432F-8E6D-035B6C15B18C}.Release|x64.Build.0 = Release|Any CPU
		{E0C43F6B-CE46-432F-8E6D-035B6C15B18C}.Release|x86.ActiveCfg = Release|Any CPU
		{E0C43F6B-CE46-432F-8E6D-035B6C15B18C}.Release|x86.Build.0 = Release|Any CPU
		{5FD9B708-A585-444D-895B-BBD305EDCCC1}.Debug|Any CPU.ActiveCfg = Debug|Any CPU
		{5FD9B708-A585-444D-895B-BBD305EDCCC1}.Debug|Any CPU.Build.0 = Debug|Any CPU
		{5FD9B708-A585-444D-895B-BBD305EDCCC1}.Debug|x64.ActiveCfg = Debug|Any CPU
		{5FD9B708-A585-444D-895B-BBD305EDCCC1}.Debug|x64.Build.0 = Debug|Any CPU
		{5FD9B708-A585-444D-895B-BBD305EDCCC1}.Debug|x86.ActiveCfg = Debug|Any CPU
		{5FD9B708-A585-444D-895B-BBD305EDCCC1}.Debug|x86.Build.0 = Debug|Any CPU
		{5FD9B708-A585-444D-895B-BBD305EDCCC1}.Release|Any CPU.ActiveCfg = Release|Any CPU
		{5FD9B708-A585-444D-895B-BBD305EDCCC1}.Release|Any CPU.Build.0 = Release|Any CPU
		{5FD9B708-A585-444D-895B-BBD305EDCCC1}.Release|x64.ActiveCfg = Release|Any CPU
		{5FD9B708-A585-444D-895B-BBD305EDCCC1}.Release|x64.Build.0 = Release|Any CPU
		{5FD9B708-A585-444D-895B-BBD305EDCCC1}.Release|x86.ActiveCfg = Release|Any CPU
		{5FD9B708-A585-444D-895B-BBD305EDCCC1}.Release|x86.Build.0 = Release|Any CPU
		{CA253F49-930F-4AA7-AE00-A154EF6D2C56}.Debug|Any CPU.ActiveCfg = Debug|Any CPU
		{CA253F49-930F-4AA7-AE00-A154EF6D2C56}.Debug|Any CPU.Build.0 = Debug|Any CPU
		{CA253F49-930F-4AA7-AE00-A154EF6D2C56}.Debug|x64.ActiveCfg = Debug|Any CPU
		{CA253F49-930F-4AA7-AE00-A154EF6D2C56}.Debug|x64.Build.0 = Debug|Any CPU
		{CA253F49-930F-4AA7-AE00-A154EF6D2C56}.Debug|x86.ActiveCfg = Debug|Any CPU
		{CA253F49-930F-4AA7-AE00-A154EF6D2C56}.Debug|x86.Build.0 = Debug|Any CPU
		{CA253F49-930F-4AA7-AE00-A154EF6D2C56}.Release|Any CPU.ActiveCfg = Release|Any CPU
		{CA253F49-930F-4AA7-AE00-A154EF6D2C56}.Release|Any CPU.Build.0 = Release|Any CPU
		{CA253F49-930F-4AA7-AE00-A154EF6D2C56}.Release|x64.ActiveCfg = Release|Any CPU
		{CA253F49-930F-4AA7-AE00-A154EF6D2C56}.Release|x64.Build.0 = Release|Any CPU
		{CA253F49-930F-4AA7-AE00-A154EF6D2C56}.Release|x86.ActiveCfg = Release|Any CPU
		{CA253F49-930F-4AA7-AE00-A154EF6D2C56}.Release|x86.Build.0 = Release|Any CPU
		{4802E8D1-7945-4FAD-B00D-454B1B03F4B6}.Debug|Any CPU.ActiveCfg = Debug|Any CPU
		{4802E8D1-7945-4FAD-B00D-454B1B03F4B6}.Debug|Any CPU.Build.0 = Debug|Any CPU
		{4802E8D1-7945-4FAD-B00D-454B1B03F4B6}.Debug|x64.ActiveCfg = Debug|Any CPU
		{4802E8D1-7945-4FAD-B00D-454B1B03F4B6}.Debug|x64.Build.0 = Debug|Any CPU
		{4802E8D1-7945-4FAD-B00D-454B1B03F4B6}.Debug|x86.ActiveCfg = Debug|Any CPU
		{4802E8D1-7945-4FAD-B00D-454B1B03F4B6}.Debug|x86.Build.0 = Debug|Any CPU
		{4802E8D1-7945-4FAD-B00D-454B1B03F4B6}.Release|Any CPU.ActiveCfg = Release|Any CPU
		{4802E8D1-7945-4FAD-B00D-454B1B03F4B6}.Release|Any CPU.Build.0 = Release|Any CPU
		{4802E8D1-7945-4FAD-B00D-454B1B03F4B6}.Release|x64.ActiveCfg = Release|Any CPU
		{4802E8D1-7945-4FAD-B00D-454B1B03F4B6}.Release|x64.Build.0 = Release|Any CPU
		{4802E8D1-7945-4FAD-B00D-454B1B03F4B6}.Release|x86.ActiveCfg = Release|Any CPU
		{4802E8D1-7945-4FAD-B00D-454B1B03F4B6}.Release|x86.Build.0 = Release|Any CPU
		{F8556976-A97A-4404-B567-EC789AC595AE}.Debug|Any CPU.ActiveCfg = Debug|Any CPU
		{F8556976-A97A-4404-B567-EC789AC595AE}.Debug|Any CPU.Build.0 = Debug|Any CPU
		{F8556976-A97A-4404-B567-EC789AC595AE}.Debug|x64.ActiveCfg = Debug|Any CPU
		{F8556976-A97A-4404-B567-EC789AC595AE}.Debug|x64.Build.0 = Debug|Any CPU
		{F8556976-A97A-4404-B567-EC789AC595AE}.Debug|x86.ActiveCfg = Debug|Any CPU
		{F8556976-A97A-4404-B567-EC789AC595AE}.Debug|x86.Build.0 = Debug|Any CPU
		{F8556976-A97A-4404-B567-EC789AC595AE}.Release|Any CPU.ActiveCfg = Release|Any CPU
		{F8556976-A97A-4404-B567-EC789AC595AE}.Release|Any CPU.Build.0 = Release|Any CPU
		{F8556976-A97A-4404-B567-EC789AC595AE}.Release|x64.ActiveCfg = Release|Any CPU
		{F8556976-A97A-4404-B567-EC789AC595AE}.Release|x64.Build.0 = Release|Any CPU
		{F8556976-A97A-4404-B567-EC789AC595AE}.Release|x86.ActiveCfg = Release|Any CPU
		{F8556976-A97A-4404-B567-EC789AC595AE}.Release|x86.Build.0 = Release|Any CPU
		{767E619A-7753-4BA8-80A8-EC64E708E901}.Debug|Any CPU.ActiveCfg = Debug|Any CPU
		{767E619A-7753-4BA8-80A8-EC64E708E901}.Debug|Any CPU.Build.0 = Debug|Any CPU
		{767E619A-7753-4BA8-80A8-EC64E708E901}.Debug|x64.ActiveCfg = Debug|Any CPU
		{767E619A-7753-4BA8-80A8-EC64E708E901}.Debug|x64.Build.0 = Debug|Any CPU
		{767E619A-7753-4BA8-80A8-EC64E708E901}.Debug|x86.ActiveCfg = Debug|Any CPU
		{767E619A-7753-4BA8-80A8-EC64E708E901}.Debug|x86.Build.0 = Debug|Any CPU
		{767E619A-7753-4BA8-80A8-EC64E708E901}.Release|Any CPU.ActiveCfg = Release|Any CPU
		{767E619A-7753-4BA8-80A8-EC64E708E901}.Release|Any CPU.Build.0 = Release|Any CPU
		{767E619A-7753-4BA8-80A8-EC64E708E901}.Release|x64.ActiveCfg = Release|Any CPU
		{767E619A-7753-4BA8-80A8-EC64E708E901}.Release|x64.Build.0 = Release|Any CPU
		{767E619A-7753-4BA8-80A8-EC64E708E901}.Release|x86.ActiveCfg = Release|Any CPU
		{767E619A-7753-4BA8-80A8-EC64E708E901}.Release|x86.Build.0 = Release|Any CPU
		{952387B1-7434-4D77-88D2-0FE0AFD852E2}.Debug|Any CPU.ActiveCfg = Debug|Any CPU
		{952387B1-7434-4D77-88D2-0FE0AFD852E2}.Debug|Any CPU.Build.0 = Debug|Any CPU
		{952387B1-7434-4D77-88D2-0FE0AFD852E2}.Debug|x64.ActiveCfg = Debug|Any CPU
		{952387B1-7434-4D77-88D2-0FE0AFD852E2}.Debug|x64.Build.0 = Debug|Any CPU
		{952387B1-7434-4D77-88D2-0FE0AFD852E2}.Debug|x86.ActiveCfg = Debug|Any CPU
		{952387B1-7434-4D77-88D2-0FE0AFD852E2}.Debug|x86.Build.0 = Debug|Any CPU
		{952387B1-7434-4D77-88D2-0FE0AFD852E2}.Release|Any CPU.ActiveCfg = Release|Any CPU
		{952387B1-7434-4D77-88D2-0FE0AFD852E2}.Release|Any CPU.Build.0 = Release|Any CPU
		{952387B1-7434-4D77-88D2-0FE0AFD852E2}.Release|x64.ActiveCfg = Release|Any CPU
		{952387B1-7434-4D77-88D2-0FE0AFD852E2}.Release|x64.Build.0 = Release|Any CPU
		{952387B1-7434-4D77-88D2-0FE0AFD852E2}.Release|x86.ActiveCfg = Release|Any CPU
		{952387B1-7434-4D77-88D2-0FE0AFD852E2}.Release|x86.Build.0 = Release|Any CPU
		{B7672FB7-5AFF-4A18-8E9D-7F1A643C26D6}.Debug|Any CPU.ActiveCfg = Debug|Any CPU
		{B7672FB7-5AFF-4A18-8E9D-7F1A643C26D6}.Debug|Any CPU.Build.0 = Debug|Any CPU
		{B7672FB7-5AFF-4A18-8E9D-7F1A643C26D6}.Debug|x64.ActiveCfg = Debug|Any CPU
		{B7672FB7-5AFF-4A18-8E9D-7F1A643C26D6}.Debug|x64.Build.0 = Debug|Any CPU
		{B7672FB7-5AFF-4A18-8E9D-7F1A643C26D6}.Debug|x86.ActiveCfg = Debug|Any CPU
		{B7672FB7-5AFF-4A18-8E9D-7F1A643C26D6}.Debug|x86.Build.0 = Debug|Any CPU
		{B7672FB7-5AFF-4A18-8E9D-7F1A643C26D6}.Release|Any CPU.ActiveCfg = Release|Any CPU
		{B7672FB7-5AFF-4A18-8E9D-7F1A643C26D6}.Release|Any CPU.Build.0 = Release|Any CPU
		{B7672FB7-5AFF-4A18-8E9D-7F1A643C26D6}.Release|x64.ActiveCfg = Release|Any CPU
		{B7672FB7-5AFF-4A18-8E9D-7F1A643C26D6}.Release|x64.Build.0 = Release|Any CPU
		{B7672FB7-5AFF-4A18-8E9D-7F1A643C26D6}.Release|x86.ActiveCfg = Release|Any CPU
		{B7672FB7-5AFF-4A18-8E9D-7F1A643C26D6}.Release|x86.Build.0 = Release|Any CPU
		{992BCD1F-50D9-438D-ABBB-BE8526A404B4}.Debug|Any CPU.ActiveCfg = Debug|Any CPU
		{992BCD1F-50D9-438D-ABBB-BE8526A404B4}.Debug|Any CPU.Build.0 = Debug|Any CPU
		{992BCD1F-50D9-438D-ABBB-BE8526A404B4}.Debug|x64.ActiveCfg = Debug|Any CPU
		{992BCD1F-50D9-438D-ABBB-BE8526A404B4}.Debug|x64.Build.0 = Debug|Any CPU
		{992BCD1F-50D9-438D-ABBB-BE8526A404B4}.Debug|x86.ActiveCfg = Debug|Any CPU
		{992BCD1F-50D9-438D-ABBB-BE8526A404B4}.Debug|x86.Build.0 = Debug|Any CPU
		{992BCD1F-50D9-438D-ABBB-BE8526A404B4}.Release|Any CPU.ActiveCfg = Release|Any CPU
		{992BCD1F-50D9-438D-ABBB-BE8526A404B4}.Release|Any CPU.Build.0 = Release|Any CPU
		{992BCD1F-50D9-438D-ABBB-BE8526A404B4}.Release|x64.ActiveCfg = Release|Any CPU
		{992BCD1F-50D9-438D-ABBB-BE8526A404B4}.Release|x64.Build.0 = Release|Any CPU
		{992BCD1F-50D9-438D-ABBB-BE8526A404B4}.Release|x86.ActiveCfg = Release|Any CPU
		{992BCD1F-50D9-438D-ABBB-BE8526A404B4}.Release|x86.Build.0 = Release|Any CPU
		{D3F63A5E-1398-48D3-A2EF-993CC27EA4CD}.Debug|Any CPU.ActiveCfg = Debug|Any CPU
		{D3F63A5E-1398-48D3-A2EF-993CC27EA4CD}.Debug|Any CPU.Build.0 = Debug|Any CPU
		{D3F63A5E-1398-48D3-A2EF-993CC27EA4CD}.Debug|x64.ActiveCfg = Debug|Any CPU
		{D3F63A5E-1398-48D3-A2EF-993CC27EA4CD}.Debug|x64.Build.0 = Debug|Any CPU
		{D3F63A5E-1398-48D3-A2EF-993CC27EA4CD}.Debug|x86.ActiveCfg = Debug|Any CPU
		{D3F63A5E-1398-48D3-A2EF-993CC27EA4CD}.Debug|x86.Build.0 = Debug|Any CPU
		{D3F63A5E-1398-48D3-A2EF-993CC27EA4CD}.Release|Any CPU.ActiveCfg = Release|Any CPU
		{D3F63A5E-1398-48D3-A2EF-993CC27EA4CD}.Release|Any CPU.Build.0 = Release|Any CPU
		{D3F63A5E-1398-48D3-A2EF-993CC27EA4CD}.Release|x64.ActiveCfg = Release|Any CPU
		{D3F63A5E-1398-48D3-A2EF-993CC27EA4CD}.Release|x64.Build.0 = Release|Any CPU
		{D3F63A5E-1398-48D3-A2EF-993CC27EA4CD}.Release|x86.ActiveCfg = Release|Any CPU
		{D3F63A5E-1398-48D3-A2EF-993CC27EA4CD}.Release|x86.Build.0 = Release|Any CPU
		{2A0C2250-7EFB-4C5C-8287-9B310F8A6EB0}.Debug|Any CPU.ActiveCfg = Debug|Any CPU
		{2A0C2250-7EFB-4C5C-8287-9B310F8A6EB0}.Debug|Any CPU.Build.0 = Debug|Any CPU
		{2A0C2250-7EFB-4C5C-8287-9B310F8A6EB0}.Debug|x64.ActiveCfg = Debug|Any CPU
		{2A0C2250-7EFB-4C5C-8287-9B310F8A6EB0}.Debug|x64.Build.0 = Debug|Any CPU
		{2A0C2250-7EFB-4C5C-8287-9B310F8A6EB0}.Debug|x86.ActiveCfg = Debug|Any CPU
		{2A0C2250-7EFB-4C5C-8287-9B310F8A6EB0}.Debug|x86.Build.0 = Debug|Any CPU
		{2A0C2250-7EFB-4C5C-8287-9B310F8A6EB0}.Release|Any CPU.ActiveCfg = Release|Any CPU
		{2A0C2250-7EFB-4C5C-8287-9B310F8A6EB0}.Release|Any CPU.Build.0 = Release|Any CPU
		{2A0C2250-7EFB-4C5C-8287-9B310F8A6EB0}.Release|x64.ActiveCfg = Release|Any CPU
		{2A0C2250-7EFB-4C5C-8287-9B310F8A6EB0}.Release|x64.Build.0 = Release|Any CPU
		{2A0C2250-7EFB-4C5C-8287-9B310F8A6EB0}.Release|x86.ActiveCfg = Release|Any CPU
		{2A0C2250-7EFB-4C5C-8287-9B310F8A6EB0}.Release|x86.Build.0 = Release|Any CPU
		{3DD6501F-010B-439D-B637-F9DA78DBE42B}.Debug|Any CPU.ActiveCfg = Debug|Any CPU
		{3DD6501F-010B-439D-B637-F9DA78DBE42B}.Debug|Any CPU.Build.0 = Debug|Any CPU
		{3DD6501F-010B-439D-B637-F9DA78DBE42B}.Debug|x64.ActiveCfg = Debug|Any CPU
		{3DD6501F-010B-439D-B637-F9DA78DBE42B}.Debug|x64.Build.0 = Debug|Any CPU
		{3DD6501F-010B-439D-B637-F9DA78DBE42B}.Debug|x86.ActiveCfg = Debug|Any CPU
		{3DD6501F-010B-439D-B637-F9DA78DBE42B}.Debug|x86.Build.0 = Debug|Any CPU
		{3DD6501F-010B-439D-B637-F9DA78DBE42B}.Release|Any CPU.ActiveCfg = Release|Any CPU
		{3DD6501F-010B-439D-B637-F9DA78DBE42B}.Release|Any CPU.Build.0 = Release|Any CPU
		{3DD6501F-010B-439D-B637-F9DA78DBE42B}.Release|x64.ActiveCfg = Release|Any CPU
		{3DD6501F-010B-439D-B637-F9DA78DBE42B}.Release|x64.Build.0 = Release|Any CPU
		{3DD6501F-010B-439D-B637-F9DA78DBE42B}.Release|x86.ActiveCfg = Release|Any CPU
		{3DD6501F-010B-439D-B637-F9DA78DBE42B}.Release|x86.Build.0 = Release|Any CPU
		{1EDA21C9-641A-4211-AEF3-490DBA34E30C}.Debug|Any CPU.ActiveCfg = Debug|Any CPU
		{1EDA21C9-641A-4211-AEF3-490DBA34E30C}.Debug|Any CPU.Build.0 = Debug|Any CPU
		{1EDA21C9-641A-4211-AEF3-490DBA34E30C}.Debug|x64.ActiveCfg = Debug|Any CPU
		{1EDA21C9-641A-4211-AEF3-490DBA34E30C}.Debug|x64.Build.0 = Debug|Any CPU
		{1EDA21C9-641A-4211-AEF3-490DBA34E30C}.Debug|x86.ActiveCfg = Debug|Any CPU
		{1EDA21C9-641A-4211-AEF3-490DBA34E30C}.Debug|x86.Build.0 = Debug|Any CPU
		{1EDA21C9-641A-4211-AEF3-490DBA34E30C}.Release|Any CPU.ActiveCfg = Release|Any CPU
		{1EDA21C9-641A-4211-AEF3-490DBA34E30C}.Release|Any CPU.Build.0 = Release|Any CPU
		{1EDA21C9-641A-4211-AEF3-490DBA34E30C}.Release|x64.ActiveCfg = Release|Any CPU
		{1EDA21C9-641A-4211-AEF3-490DBA34E30C}.Release|x64.Build.0 = Release|Any CPU
		{1EDA21C9-641A-4211-AEF3-490DBA34E30C}.Release|x86.ActiveCfg = Release|Any CPU
		{1EDA21C9-641A-4211-AEF3-490DBA34E30C}.Release|x86.Build.0 = Release|Any CPU
		{8C2CBA32-AC1D-4C6F-8A85-F7C6B45FD3D5}.Debug|Any CPU.ActiveCfg = Debug|Any CPU
		{8C2CBA32-AC1D-4C6F-8A85-F7C6B45FD3D5}.Debug|Any CPU.Build.0 = Debug|Any CPU
		{8C2CBA32-AC1D-4C6F-8A85-F7C6B45FD3D5}.Debug|x64.ActiveCfg = Debug|Any CPU
		{8C2CBA32-AC1D-4C6F-8A85-F7C6B45FD3D5}.Debug|x64.Build.0 = Debug|Any CPU
		{8C2CBA32-AC1D-4C6F-8A85-F7C6B45FD3D5}.Debug|x86.ActiveCfg = Debug|Any CPU
		{8C2CBA32-AC1D-4C6F-8A85-F7C6B45FD3D5}.Debug|x86.Build.0 = Debug|Any CPU
		{8C2CBA32-AC1D-4C6F-8A85-F7C6B45FD3D5}.Release|Any CPU.ActiveCfg = Release|Any CPU
		{8C2CBA32-AC1D-4C6F-8A85-F7C6B45FD3D5}.Release|Any CPU.Build.0 = Release|Any CPU
		{8C2CBA32-AC1D-4C6F-8A85-F7C6B45FD3D5}.Release|x64.ActiveCfg = Release|Any CPU
		{8C2CBA32-AC1D-4C6F-8A85-F7C6B45FD3D5}.Release|x64.Build.0 = Release|Any CPU
		{8C2CBA32-AC1D-4C6F-8A85-F7C6B45FD3D5}.Release|x86.ActiveCfg = Release|Any CPU
		{8C2CBA32-AC1D-4C6F-8A85-F7C6B45FD3D5}.Release|x86.Build.0 = Release|Any CPU
		{2F01539B-F93C-41D1-839B-8768EE4272DA}.Debug|Any CPU.ActiveCfg = Debug|Any CPU
		{2F01539B-F93C-41D1-839B-8768EE4272DA}.Debug|Any CPU.Build.0 = Debug|Any CPU
		{2F01539B-F93C-41D1-839B-8768EE4272DA}.Debug|x64.ActiveCfg = Debug|Any CPU
		{2F01539B-F93C-41D1-839B-8768EE4272DA}.Debug|x64.Build.0 = Debug|Any CPU
		{2F01539B-F93C-41D1-839B-8768EE4272DA}.Debug|x86.ActiveCfg = Debug|Any CPU
		{2F01539B-F93C-41D1-839B-8768EE4272DA}.Debug|x86.Build.0 = Debug|Any CPU
		{2F01539B-F93C-41D1-839B-8768EE4272DA}.Release|Any CPU.ActiveCfg = Release|Any CPU
		{2F01539B-F93C-41D1-839B-8768EE4272DA}.Release|Any CPU.Build.0 = Release|Any CPU
		{2F01539B-F93C-41D1-839B-8768EE4272DA}.Release|x64.ActiveCfg = Release|Any CPU
		{2F01539B-F93C-41D1-839B-8768EE4272DA}.Release|x64.Build.0 = Release|Any CPU
		{2F01539B-F93C-41D1-839B-8768EE4272DA}.Release|x86.ActiveCfg = Release|Any CPU
		{2F01539B-F93C-41D1-839B-8768EE4272DA}.Release|x86.Build.0 = Release|Any CPU
		{92B36ECB-D663-47C7-B955-2610FBC6C85D}.Debug|Any CPU.ActiveCfg = Debug|Any CPU
		{92B36ECB-D663-47C7-B955-2610FBC6C85D}.Debug|Any CPU.Build.0 = Debug|Any CPU
		{92B36ECB-D663-47C7-B955-2610FBC6C85D}.Debug|x64.ActiveCfg = Debug|Any CPU
		{92B36ECB-D663-47C7-B955-2610FBC6C85D}.Debug|x64.Build.0 = Debug|Any CPU
		{92B36ECB-D663-47C7-B955-2610FBC6C85D}.Debug|x86.ActiveCfg = Debug|Any CPU
		{92B36ECB-D663-47C7-B955-2610FBC6C85D}.Debug|x86.Build.0 = Debug|Any CPU
		{92B36ECB-D663-47C7-B955-2610FBC6C85D}.Release|Any CPU.ActiveCfg = Release|Any CPU
		{92B36ECB-D663-47C7-B955-2610FBC6C85D}.Release|Any CPU.Build.0 = Release|Any CPU
		{92B36ECB-D663-47C7-B955-2610FBC6C85D}.Release|x64.ActiveCfg = Release|Any CPU
		{92B36ECB-D663-47C7-B955-2610FBC6C85D}.Release|x64.Build.0 = Release|Any CPU
		{92B36ECB-D663-47C7-B955-2610FBC6C85D}.Release|x86.ActiveCfg = Release|Any CPU
		{92B36ECB-D663-47C7-B955-2610FBC6C85D}.Release|x86.Build.0 = Release|Any CPU
		{E4260C04-D657-45F5-8031-C3172D3C80E2}.Debug|Any CPU.ActiveCfg = Debug|Any CPU
		{E4260C04-D657-45F5-8031-C3172D3C80E2}.Debug|Any CPU.Build.0 = Debug|Any CPU
		{E4260C04-D657-45F5-8031-C3172D3C80E2}.Debug|x64.ActiveCfg = Debug|Any CPU
		{E4260C04-D657-45F5-8031-C3172D3C80E2}.Debug|x64.Build.0 = Debug|Any CPU
		{E4260C04-D657-45F5-8031-C3172D3C80E2}.Debug|x86.ActiveCfg = Debug|Any CPU
		{E4260C04-D657-45F5-8031-C3172D3C80E2}.Debug|x86.Build.0 = Debug|Any CPU
		{E4260C04-D657-45F5-8031-C3172D3C80E2}.Release|Any CPU.ActiveCfg = Release|Any CPU
		{E4260C04-D657-45F5-8031-C3172D3C80E2}.Release|Any CPU.Build.0 = Release|Any CPU
		{E4260C04-D657-45F5-8031-C3172D3C80E2}.Release|x64.ActiveCfg = Release|Any CPU
		{E4260C04-D657-45F5-8031-C3172D3C80E2}.Release|x64.Build.0 = Release|Any CPU
		{E4260C04-D657-45F5-8031-C3172D3C80E2}.Release|x86.ActiveCfg = Release|Any CPU
		{E4260C04-D657-45F5-8031-C3172D3C80E2}.Release|x86.Build.0 = Release|Any CPU
		{C9571480-961D-4670-B19A-058D0317566F}.Debug|Any CPU.ActiveCfg = Debug|Any CPU
		{C9571480-961D-4670-B19A-058D0317566F}.Debug|Any CPU.Build.0 = Debug|Any CPU
		{C9571480-961D-4670-B19A-058D0317566F}.Debug|x64.ActiveCfg = Debug|Any CPU
		{C9571480-961D-4670-B19A-058D0317566F}.Debug|x64.Build.0 = Debug|Any CPU
		{C9571480-961D-4670-B19A-058D0317566F}.Debug|x86.ActiveCfg = Debug|Any CPU
		{C9571480-961D-4670-B19A-058D0317566F}.Debug|x86.Build.0 = Debug|Any CPU
		{C9571480-961D-4670-B19A-058D0317566F}.Release|Any CPU.ActiveCfg = Release|Any CPU
		{C9571480-961D-4670-B19A-058D0317566F}.Release|Any CPU.Build.0 = Release|Any CPU
		{C9571480-961D-4670-B19A-058D0317566F}.Release|x64.ActiveCfg = Release|Any CPU
		{C9571480-961D-4670-B19A-058D0317566F}.Release|x64.Build.0 = Release|Any CPU
		{C9571480-961D-4670-B19A-058D0317566F}.Release|x86.ActiveCfg = Release|Any CPU
		{C9571480-961D-4670-B19A-058D0317566F}.Release|x86.Build.0 = Release|Any CPU
		{459D7E3E-4F77-4046-A9DA-2EA33D1E80DE}.Debug|Any CPU.ActiveCfg = Debug|Any CPU
		{459D7E3E-4F77-4046-A9DA-2EA33D1E80DE}.Debug|Any CPU.Build.0 = Debug|Any CPU
		{459D7E3E-4F77-4046-A9DA-2EA33D1E80DE}.Debug|x64.ActiveCfg = Debug|Any CPU
		{459D7E3E-4F77-4046-A9DA-2EA33D1E80DE}.Debug|x64.Build.0 = Debug|Any CPU
		{459D7E3E-4F77-4046-A9DA-2EA33D1E80DE}.Debug|x86.ActiveCfg = Debug|Any CPU
		{459D7E3E-4F77-4046-A9DA-2EA33D1E80DE}.Debug|x86.Build.0 = Debug|Any CPU
		{459D7E3E-4F77-4046-A9DA-2EA33D1E80DE}.Release|Any CPU.ActiveCfg = Release|Any CPU
		{459D7E3E-4F77-4046-A9DA-2EA33D1E80DE}.Release|Any CPU.Build.0 = Release|Any CPU
		{459D7E3E-4F77-4046-A9DA-2EA33D1E80DE}.Release|x64.ActiveCfg = Release|Any CPU
		{459D7E3E-4F77-4046-A9DA-2EA33D1E80DE}.Release|x64.Build.0 = Release|Any CPU
		{459D7E3E-4F77-4046-A9DA-2EA33D1E80DE}.Release|x86.ActiveCfg = Release|Any CPU
		{459D7E3E-4F77-4046-A9DA-2EA33D1E80DE}.Release|x86.Build.0 = Release|Any CPU
		{0623494A-1B19-40BE-8E52-AD882D0C0633}.Debug|Any CPU.ActiveCfg = Debug|Any CPU
		{0623494A-1B19-40BE-8E52-AD882D0C0633}.Debug|Any CPU.Build.0 = Debug|Any CPU
		{0623494A-1B19-40BE-8E52-AD882D0C0633}.Debug|x64.ActiveCfg = Debug|Any CPU
		{0623494A-1B19-40BE-8E52-AD882D0C0633}.Debug|x64.Build.0 = Debug|Any CPU
		{0623494A-1B19-40BE-8E52-AD882D0C0633}.Debug|x86.ActiveCfg = Debug|Any CPU
		{0623494A-1B19-40BE-8E52-AD882D0C0633}.Debug|x86.Build.0 = Debug|Any CPU
		{0623494A-1B19-40BE-8E52-AD882D0C0633}.Release|Any CPU.ActiveCfg = Release|Any CPU
		{0623494A-1B19-40BE-8E52-AD882D0C0633}.Release|Any CPU.Build.0 = Release|Any CPU
		{0623494A-1B19-40BE-8E52-AD882D0C0633}.Release|x64.ActiveCfg = Release|Any CPU
		{0623494A-1B19-40BE-8E52-AD882D0C0633}.Release|x64.Build.0 = Release|Any CPU
		{0623494A-1B19-40BE-8E52-AD882D0C0633}.Release|x86.ActiveCfg = Release|Any CPU
		{0623494A-1B19-40BE-8E52-AD882D0C0633}.Release|x86.Build.0 = Release|Any CPU
		{DC7E4BE5-73DE-442A-82FD-65D4ABAA5FE6}.Debug|Any CPU.ActiveCfg = Debug|Any CPU
		{DC7E4BE5-73DE-442A-82FD-65D4ABAA5FE6}.Debug|Any CPU.Build.0 = Debug|Any CPU
		{DC7E4BE5-73DE-442A-82FD-65D4ABAA5FE6}.Debug|x64.ActiveCfg = Debug|Any CPU
		{DC7E4BE5-73DE-442A-82FD-65D4ABAA5FE6}.Debug|x64.Build.0 = Debug|Any CPU
		{DC7E4BE5-73DE-442A-82FD-65D4ABAA5FE6}.Debug|x86.ActiveCfg = Debug|Any CPU
		{DC7E4BE5-73DE-442A-82FD-65D4ABAA5FE6}.Debug|x86.Build.0 = Debug|Any CPU
		{DC7E4BE5-73DE-442A-82FD-65D4ABAA5FE6}.Release|Any CPU.ActiveCfg = Release|Any CPU
		{DC7E4BE5-73DE-442A-82FD-65D4ABAA5FE6}.Release|Any CPU.Build.0 = Release|Any CPU
		{DC7E4BE5-73DE-442A-82FD-65D4ABAA5FE6}.Release|x64.ActiveCfg = Release|Any CPU
		{DC7E4BE5-73DE-442A-82FD-65D4ABAA5FE6}.Release|x64.Build.0 = Release|Any CPU
		{DC7E4BE5-73DE-442A-82FD-65D4ABAA5FE6}.Release|x86.ActiveCfg = Release|Any CPU
		{DC7E4BE5-73DE-442A-82FD-65D4ABAA5FE6}.Release|x86.Build.0 = Release|Any CPU
		{9068CB08-F64E-4AD7-A376-36BB2A8751FA}.Debug|Any CPU.ActiveCfg = Debug|Any CPU
		{9068CB08-F64E-4AD7-A376-36BB2A8751FA}.Debug|Any CPU.Build.0 = Debug|Any CPU
		{9068CB08-F64E-4AD7-A376-36BB2A8751FA}.Debug|x64.ActiveCfg = Debug|Any CPU
		{9068CB08-F64E-4AD7-A376-36BB2A8751FA}.Debug|x64.Build.0 = Debug|Any CPU
		{9068CB08-F64E-4AD7-A376-36BB2A8751FA}.Debug|x86.ActiveCfg = Debug|Any CPU
		{9068CB08-F64E-4AD7-A376-36BB2A8751FA}.Debug|x86.Build.0 = Debug|Any CPU
		{9068CB08-F64E-4AD7-A376-36BB2A8751FA}.Release|Any CPU.ActiveCfg = Release|Any CPU
		{9068CB08-F64E-4AD7-A376-36BB2A8751FA}.Release|Any CPU.Build.0 = Release|Any CPU
		{9068CB08-F64E-4AD7-A376-36BB2A8751FA}.Release|x64.ActiveCfg = Release|Any CPU
		{9068CB08-F64E-4AD7-A376-36BB2A8751FA}.Release|x64.Build.0 = Release|Any CPU
		{9068CB08-F64E-4AD7-A376-36BB2A8751FA}.Release|x86.ActiveCfg = Release|Any CPU
		{9068CB08-F64E-4AD7-A376-36BB2A8751FA}.Release|x86.Build.0 = Release|Any CPU
		{D2522A43-4754-4096-9878-576D60F7D1F4}.Debug|Any CPU.ActiveCfg = Debug|Any CPU
		{D2522A43-4754-4096-9878-576D60F7D1F4}.Debug|Any CPU.Build.0 = Debug|Any CPU
		{D2522A43-4754-4096-9878-576D60F7D1F4}.Debug|x64.ActiveCfg = Debug|Any CPU
		{D2522A43-4754-4096-9878-576D60F7D1F4}.Debug|x64.Build.0 = Debug|Any CPU
		{D2522A43-4754-4096-9878-576D60F7D1F4}.Debug|x86.ActiveCfg = Debug|Any CPU
		{D2522A43-4754-4096-9878-576D60F7D1F4}.Debug|x86.Build.0 = Debug|Any CPU
		{D2522A43-4754-4096-9878-576D60F7D1F4}.Release|Any CPU.ActiveCfg = Release|Any CPU
		{D2522A43-4754-4096-9878-576D60F7D1F4}.Release|Any CPU.Build.0 = Release|Any CPU
		{D2522A43-4754-4096-9878-576D60F7D1F4}.Release|x64.ActiveCfg = Release|Any CPU
		{D2522A43-4754-4096-9878-576D60F7D1F4}.Release|x64.Build.0 = Release|Any CPU
		{D2522A43-4754-4096-9878-576D60F7D1F4}.Release|x86.ActiveCfg = Release|Any CPU
		{D2522A43-4754-4096-9878-576D60F7D1F4}.Release|x86.Build.0 = Release|Any CPU
		{2629A9EB-5917-4CF3-A26F-9227C20857F4}.Debug|Any CPU.ActiveCfg = Debug|Any CPU
		{2629A9EB-5917-4CF3-A26F-9227C20857F4}.Debug|Any CPU.Build.0 = Debug|Any CPU
		{2629A9EB-5917-4CF3-A26F-9227C20857F4}.Debug|x64.ActiveCfg = Debug|Any CPU
		{2629A9EB-5917-4CF3-A26F-9227C20857F4}.Debug|x64.Build.0 = Debug|Any CPU
		{2629A9EB-5917-4CF3-A26F-9227C20857F4}.Debug|x86.ActiveCfg = Debug|Any CPU
		{2629A9EB-5917-4CF3-A26F-9227C20857F4}.Debug|x86.Build.0 = Debug|Any CPU
		{2629A9EB-5917-4CF3-A26F-9227C20857F4}.Release|Any CPU.ActiveCfg = Release|Any CPU
		{2629A9EB-5917-4CF3-A26F-9227C20857F4}.Release|Any CPU.Build.0 = Release|Any CPU
		{2629A9EB-5917-4CF3-A26F-9227C20857F4}.Release|x64.ActiveCfg = Release|Any CPU
		{2629A9EB-5917-4CF3-A26F-9227C20857F4}.Release|x64.Build.0 = Release|Any CPU
		{2629A9EB-5917-4CF3-A26F-9227C20857F4}.Release|x86.ActiveCfg = Release|Any CPU
		{2629A9EB-5917-4CF3-A26F-9227C20857F4}.Release|x86.Build.0 = Release|Any CPU
	EndGlobalSection
	GlobalSection(NestedProjects) = preSolution
		{A8F83DF6-8858-4586-AED9-7D9D3762285B} = {7B8F04FE-3B33-4512-B559-30A6500B4CB0}
		{52BFD43E-2217-4E2B-B4D5-8216ECC0CDED} = {A8F83DF6-8858-4586-AED9-7D9D3762285B}
		{4A68F655-1CFC-472A-A374-D8AF952EC8C2} = {A8F83DF6-8858-4586-AED9-7D9D3762285B}
		{987A91F5-A216-48EE-B159-DAE9773A8E1C} = {DB14ED12-87B8-46A3-841C-97BC6F50DB9D}
		{43F473D8-C67E-49A6-8999-27B28AD2A6CA} = {DB14ED12-87B8-46A3-841C-97BC6F50DB9D}
		{64D5F115-E523-46DC-B293-C4EA40706E79} = {DB14ED12-87B8-46A3-841C-97BC6F50DB9D}
		{1B2A14E5-77A4-4386-8054-697A6DED59F2} = {DB14ED12-87B8-46A3-841C-97BC6F50DB9D}
		{9F64C8CD-E918-4CBB-A1DB-5692C43CA46E} = {DB14ED12-87B8-46A3-841C-97BC6F50DB9D}
		{EF07ED4D-D54E-4B7A-909E-0CFE8BD57E97} = {7B8F04FE-3B33-4512-B559-30A6500B4CB0}
		{BAFBF02C-E888-4E58-A18D-C01484968C22} = {EF07ED4D-D54E-4B7A-909E-0CFE8BD57E97}
		{42BA2431-67AB-4241-89F7-259DA80E07FC} = {868F5FF6-7FA3-4D93-8931-64B9803EC2F5}
		{60632C8D-4A20-4067-9172-A2B2EC6DD420} = {42BA2431-67AB-4241-89F7-259DA80E07FC}
		{4E94D120-AE19-4477-AB6B-4DB5A67B6B77} = {42BA2431-67AB-4241-89F7-259DA80E07FC}
		{F1905491-F9C0-456C-97A7-54788BC32F99} = {42BA2431-67AB-4241-89F7-259DA80E07FC}
		{3EB2E728-BBED-493D-A4EF-A3457BBBC0F7} = {DB14ED12-87B8-46A3-841C-97BC6F50DB9D}
		{F40FA685-272B-42B4-A415-E825137A1B01} = {DB14ED12-87B8-46A3-841C-97BC6F50DB9D}
		{5F686A5D-F840-4602-BBD1-D4043B6F11E5} = {7B8F04FE-3B33-4512-B559-30A6500B4CB0}
		{C5C361D7-DA73-485C-9345-6B6B016EFFCA} = {5F686A5D-F840-4602-BBD1-D4043B6F11E5}
		{7A928DAF-171B-40E8-AC63-812DDD8817DC} = {5F686A5D-F840-4602-BBD1-D4043B6F11E5}
		{7F1DCE64-17CF-4147-A3C9-A2F8C820DFEC} = {5F686A5D-F840-4602-BBD1-D4043B6F11E5}
		{B27EB7EB-21B8-4FD2-980A-459396D029C1} = {5F686A5D-F840-4602-BBD1-D4043B6F11E5}
		{60240D4D-609C-46F4-ABD6-B6808C4CFCB9} = {5F686A5D-F840-4602-BBD1-D4043B6F11E5}
		{79E1A16A-C50D-4F05-9D99-CB6B33CE2431} = {5F686A5D-F840-4602-BBD1-D4043B6F11E5}
		{FB9EE9DC-1B47-44D4-94A0-2ADF1E33D4D1} = {DB14ED12-87B8-46A3-841C-97BC6F50DB9D}
		{C69A2C58-AEB8-4026-AF8C-A947A00DD13C} = {DB14ED12-87B8-46A3-841C-97BC6F50DB9D}
		{D51E4F23-17D7-4CE2-8BAF-3A82420C1DB5} = {DB14ED12-87B8-46A3-841C-97BC6F50DB9D}
		{E0C43F6B-CE46-432F-8E6D-035B6C15B18C} = {DB14ED12-87B8-46A3-841C-97BC6F50DB9D}
		{5FD9B708-A585-444D-895B-BBD305EDCCC1} = {A8F83DF6-8858-4586-AED9-7D9D3762285B}
		{63AA14B8-3FDE-40A7-9A46-E027C14997D4} = {868F5FF6-7FA3-4D93-8931-64B9803EC2F5}
		{CA253F49-930F-4AA7-AE00-A154EF6D2C56} = {63AA14B8-3FDE-40A7-9A46-E027C14997D4}
		{4802E8D1-7945-4FAD-B00D-454B1B03F4B6} = {63AA14B8-3FDE-40A7-9A46-E027C14997D4}
		{F8556976-A97A-4404-B567-EC789AC595AE} = {63AA14B8-3FDE-40A7-9A46-E027C14997D4}
		{767E619A-7753-4BA8-80A8-EC64E708E901} = {63AA14B8-3FDE-40A7-9A46-E027C14997D4}
		{952387B1-7434-4D77-88D2-0FE0AFD852E2} = {63AA14B8-3FDE-40A7-9A46-E027C14997D4}
		{B7672FB7-5AFF-4A18-8E9D-7F1A643C26D6} = {63AA14B8-3FDE-40A7-9A46-E027C14997D4}
		{992BCD1F-50D9-438D-ABBB-BE8526A404B4} = {5F686A5D-F840-4602-BBD1-D4043B6F11E5}
		{D3F63A5E-1398-48D3-A2EF-993CC27EA4CD} = {5F686A5D-F840-4602-BBD1-D4043B6F11E5}
		{2A0C2250-7EFB-4C5C-8287-9B310F8A6EB0} = {DB14ED12-87B8-46A3-841C-97BC6F50DB9D}
		{3DD6501F-010B-439D-B637-F9DA78DBE42B} = {DB14ED12-87B8-46A3-841C-97BC6F50DB9D}
		{1EDA21C9-641A-4211-AEF3-490DBA34E30C} = {DB14ED12-87B8-46A3-841C-97BC6F50DB9D}
		{8C2CBA32-AC1D-4C6F-8A85-F7C6B45FD3D5} = {DB14ED12-87B8-46A3-841C-97BC6F50DB9D}
		{2F01539B-F93C-41D1-839B-8768EE4272DA} = {DB14ED12-87B8-46A3-841C-97BC6F50DB9D}
		{92B36ECB-D663-47C7-B955-2610FBC6C85D} = {DB14ED12-87B8-46A3-841C-97BC6F50DB9D}
		{E4260C04-D657-45F5-8031-C3172D3C80E2} = {DB14ED12-87B8-46A3-841C-97BC6F50DB9D}
		{C9571480-961D-4670-B19A-058D0317566F} = {EF07ED4D-D54E-4B7A-909E-0CFE8BD57E97}
		{459D7E3E-4F77-4046-A9DA-2EA33D1E80DE} = {EF07ED4D-D54E-4B7A-909E-0CFE8BD57E97}
		{0623494A-1B19-40BE-8E52-AD882D0C0633} = {EF07ED4D-D54E-4B7A-909E-0CFE8BD57E97}
		{DC7E4BE5-73DE-442A-82FD-65D4ABAA5FE6} = {EF07ED4D-D54E-4B7A-909E-0CFE8BD57E97}
		{9068CB08-F64E-4AD7-A376-36BB2A8751FA} = {EF07ED4D-D54E-4B7A-909E-0CFE8BD57E97}
		{D2522A43-4754-4096-9878-576D60F7D1F4} = {EF07ED4D-D54E-4B7A-909E-0CFE8BD57E97}
		{2629A9EB-5917-4CF3-A26F-9227C20857F4} = {EF07ED4D-D54E-4B7A-909E-0CFE8BD57E97}
	EndGlobalSection
EndGlobal
