
Microsoft Visual Studio Solution File, Format Version 12.00
# Visual Studio 15
VisualStudioVersion = 15.0.26124.0
MinimumVisualStudioVersion = 15.0.26124.0
Project("{2150E333-8FDC-42A3-9474-1A3956D46DE8}") = "src", "src", "{54BDC764-F51B-40AC-BE1F-77B221BD72D8}"
EndProject
Project("{FAE04EC0-301F-11D3-BF4B-00C04F79EFBC}") = "M5x", "src\M5x\M5x.csproj", "{5922E12C-B932-4EC2-880E-7F785BE96483}"
EndProject
Project("{FAE04EC0-301F-11D3-BF4B-00C04F79EFBC}") = "M5x.AsciiArt", "src\M5x.AsciiArt\M5x.AsciiArt.csproj", "{E1E9C37D-17F7-4BD5-AEFD-0A7381EBE0AA}"
EndProject
Project("{FAE04EC0-301F-11D3-BF4B-00C04F79EFBC}") = "M5x.Camunda", "src\M5x.Camunda\M5x.Camunda.csproj", "{707C8C40-7328-45E2-A4EB-CF43DFEB0216}"
EndProject
Project("{FAE04EC0-301F-11D3-BF4B-00C04F79EFBC}") = "M5x.Chassis", "src\M5x.Chassis\M5x.Chassis.csproj", "{469543EB-7394-4748-AEDE-F1F79FD00C57}"
EndProject
Project("{FAE04EC0-301F-11D3-BF4B-00C04F79EFBC}") = "M5x.Consul", "src\M5x.Consul\M5x.Consul.csproj", "{E4687818-81E5-49DA-894E-DBDB3871BFEC}"
EndProject
Project("{FAE04EC0-301F-11D3-BF4B-00C04F79EFBC}") = "M5x.Couch", "src\M5x.Couch\M5x.Couch.csproj", "{E1FD4E3A-A8E1-4F9C-9ABD-A0F01A28BEB3}"
EndProject
Project("{FAE04EC0-301F-11D3-BF4B-00C04F79EFBC}") = "M5x.Docker", "src\M5x.Docker\M5x.Docker.csproj", "{08C10AC7-D879-47C3-B819-95890B4B5D40}"
EndProject
Project("{FAE04EC0-301F-11D3-BF4B-00C04F79EFBC}") = "M5x.Serilog", "src\M5x.Serilog\M5x.Serilog.csproj", "{75CA598A-4780-48E7-9BA1-BDB60B925192}"
EndProject
Project("{FAE04EC0-301F-11D3-BF4B-00C04F79EFBC}") = "M5x.Sso", "src\M5x.Sso\M5x.Sso.csproj", "{EC7B21B3-DF91-44A3-9182-06BBC5CABD05}"
EndProject
Project("{FAE04EC0-301F-11D3-BF4B-00C04F79EFBC}") = "M5x.Swagger", "src\M5x.Swagger\M5x.Swagger.csproj", "{C8E4DAB9-6361-4DFF-8218-1534A8713A67}"
EndProject
Project("{FAE04EC0-301F-11D3-BF4B-00C04F79EFBC}") = "M5x.Testing", "src\M5x.Testing\M5x.Testing.csproj", "{FA7A80C5-BD0C-465C-B129-B2209F3BBCFE}"
EndProject
Project("{2150E333-8FDC-42A3-9474-1A3956D46DE8}") = "tests", "tests", "{3BE2E7B7-0886-4064-821C-3565A16135B0}"
EndProject
Project("{FAE04EC0-301F-11D3-BF4B-00C04F79EFBC}") = "M5x.Tests", "tests\M5x.Tests\M5x.Tests.csproj", "{A23AF623-1205-4840-9947-FB516B0342F7}"
EndProject
Project("{FAE04EC0-301F-11D3-BF4B-00C04F79EFBC}") = "M5x.AsciiArt.Tests", "tests\M5x.AsciiArt.Tests\M5x.AsciiArt.Tests.csproj", "{F8C4CE3C-964C-4C44-877C-5397CA49BCB8}"
EndProject
Project("{FAE04EC0-301F-11D3-BF4B-00C04F79EFBC}") = "M5x.Camunda.Tests", "tests\M5x.Camunda.Tests\M5x.Camunda.Tests.csproj", "{51D2F558-AEE8-43D3-A29C-483AC1A362CB}"
EndProject
Project("{FAE04EC0-301F-11D3-BF4B-00C04F79EFBC}") = "M5x.Chassis.Tests", "tests\M5x.Chassis.Tests\M5x.Chassis.Tests.csproj", "{E0A05E06-448D-4048-809A-23E6FDA44688}"
EndProject
Project("{FAE04EC0-301F-11D3-BF4B-00C04F79EFBC}") = "M5x.Docker.Tests", "tests\M5x.Docker.Tests\M5x.Docker.Tests.csproj", "{DA62A215-7151-462A-B37A-145547B347E4}"
EndProject
Project("{FAE04EC0-301F-11D3-BF4B-00C04F79EFBC}") = "M5x.Testing.Tests", "tests\M5x.Testing.Tests\M5x.Testing.Tests.csproj", "{C27933F5-C12E-48FB-816D-BB948E927F74}"
EndProject
Project("{2150E333-8FDC-42A3-9474-1A3956D46DE8}") = "Solution Items", "Solution Items", "{B118CCA8-D071-4382-9A0A-F9B171823AE6}"
	ProjectSection(SolutionItems) = preProject
		.dockerignore = .dockerignore
		.gitignore = .gitignore
		clean-docker.sh = clean-docker.sh
		Directory.Build.props = Directory.Build.props
		m5x.snk = m5x.snk
		nuget.config = nuget.config
		README.md = README.md
		RELEASES.MD = RELEASES.MD
		rm-cont.sh = rm-cont.sh
		push.sh = push.sh
	EndProjectSection
EndProject
Project("{FAE04EC0-301F-11D3-BF4B-00C04F79EFBC}") = "M5x.Dapper", "src\M5x.Dapper\M5x.Dapper.csproj", "{8D03C803-ED56-4E64-83F3-8A6AAC519E4A}"
EndProject
Project("{FAE04EC0-301F-11D3-BF4B-00C04F79EFBC}") = "M5x.Polly", "src\M5x.Polly\M5x.Polly.csproj", "{B2A6C9D7-06B9-4537-9A1E-DFF85081657D}"
EndProject
Project("{FAE04EC0-301F-11D3-BF4B-00C04F79EFBC}") = "M5x.ElasticSearch", "src\M5x.ElasticSearch\M5x.ElasticSearch.csproj", "{122EFC05-8F6C-4F5F-9020-A77C2CDFCB25}"
EndProject
Project("{FAE04EC0-301F-11D3-BF4B-00C04F79EFBC}") = "M5x.Kuzzle", "src\M5x.Kuzzle\M5x.Kuzzle.csproj", "{FFC43B0E-AF43-4250-A4BC-BBC48798FD86}"
EndProject
Project("{FAE04EC0-301F-11D3-BF4B-00C04F79EFBC}") = "M5x.Kuzzle.Tests", "tests\M5x.Kuzzle.Tests\M5x.Kuzzle.Tests.csproj", "{4C0AAD76-3467-4D70-B04E-E8FB5E12A66B}"
EndProject
Project("{FAE04EC0-301F-11D3-BF4B-00C04F79EFBC}") = "M5x.RabbitMQ", "src\M5x.RabbitMQ\M5x.RabbitMQ.csproj", "{35550CE9-436A-4018-A33F-3E7C0E290A11}"
EndProject
Project("{FAE04EC0-301F-11D3-BF4B-00C04F79EFBC}") = "M5x.RabbitMQ.Tests", "tests\M5x.RabbitMQ.Tests\M5x.RabbitMQ.Tests.csproj", "{27FB7FD7-B5E9-47A6-8DD6-501FA60F7637}"
EndProject
Project("{FAE04EC0-301F-11D3-BF4B-00C04F79EFBC}") = "M5x.EventStore", "src\M5x.EventStore\M5x.EventStore.csproj", "{739B81CC-BD22-4634-8214-25511613A949}"
EndProject
Project("{FAE04EC0-301F-11D3-BF4B-00C04F79EFBC}") = "M5x.EventStore.Tests", "tests\M5x.EventStore.Tests\M5x.EventStore.Tests.csproj", "{AD6DD322-3004-4529-8DA6-BD4A467ED385}"
EndProject
Project("{FAE04EC0-301F-11D3-BF4B-00C04F79EFBC}") = "M5x.Minio.Tests", "tests\M5x.Minio.Tests\M5x.Minio.Tests.csproj", "{0F932010-97BD-4365-8BD8-2DEC2D9BBCE6}"
EndProject
Project("{FAE04EC0-301F-11D3-BF4B-00C04F79EFBC}") = "M5x.Minio", "src\M5x.Minio\M5x.Minio.csproj", "{D8482A84-50B5-4030-94D9-573B6DB85AD2}"
EndProject
Project("{FAE04EC0-301F-11D3-BF4B-00C04F79EFBC}") = "M5x.Nats", "src\M5x.Nats\M5x.Nats.csproj", "{06EAAB87-C878-4B37-B700-3BEB1F209EF4}"
EndProject
Project("{FAE04EC0-301F-11D3-BF4B-00C04F79EFBC}") = "M5x.Nats.Tests", "tests\M5x.Nats.Tests\M5x.Nats.Tests.csproj", "{EA9D35ED-D08C-4E9F-B457-76FABC6E9FDF}"
EndProject
Project("{FAE04EC0-301F-11D3-BF4B-00C04F79EFBC}") = "M5x.Tty", "src\M5x.Tty\M5x.Tty.csproj", "{2B6D43D7-D984-46A6-BD7F-49022FC90D94}"
EndProject
Project("{FAE04EC0-301F-11D3-BF4B-00C04F79EFBC}") = "M5x.Yaml", "src\M5x.Yaml\M5x.Yaml.csproj", "{4834CFED-355A-4818-82C0-EBB2D0797C13}"
EndProject
Project("{FAE04EC0-301F-11D3-BF4B-00C04F79EFBC}") = "M5x.Yaml.Tests", "tests\M5x.Yaml.Tests\M5x.Yaml.Tests.csproj", "{5AFEFA3E-E3EC-4EF0-A5FD-56039BA00117}"
EndProject
Project("{FAE04EC0-301F-11D3-BF4B-00C04F79EFBC}") = "M5x.Git", "src\M5x.Git\M5x.Git.csproj", "{3D6BBE50-F299-4788-B959-B5E31C8F5CE9}"
EndProject
Project("{FAE04EC0-301F-11D3-BF4B-00C04F79EFBC}") = "M5x.Git.Tests", "tests\M5x.Git.Tests\M5x.Git.Tests.csproj", "{BBBB2BF0-44D6-4110-A675-2B584DA2ECD6}"
EndProject
Project("{FAE04EC0-301F-11D3-BF4B-00C04F79EFBC}") = "M5x.GitLab", "src\M5x.GitLab\M5x.GitLab.csproj", "{D7FD0CB1-DA5C-4CFA-AEDE-5956CEA39CB9}"
EndProject
Project("{FAE04EC0-301F-11D3-BF4B-00C04F79EFBC}") = "M5x.GitLab.Tests", "tests\M5x.GitLab.Tests\M5x.GitLab.Tests.csproj", "{3C9B9589-4F0D-48AE-BAE6-C42E0406BE48}"
EndProject
Project("{FAE04EC0-301F-11D3-BF4B-00C04F79EFBC}") = "M5x.DGraph", "src\M5x.DGraph\M5x.DGraph.csproj", "{A6D308B6-B8F6-4B9C-9FF1-8982EA24296D}"
EndProject
Project("{FAE04EC0-301F-11D3-BF4B-00C04F79EFBC}") = "M5x.DGraph.Tests", "tests\M5x.DGraph.Tests\M5x.DGraph.Tests.csproj", "{9A510E10-B803-4139-8FBA-D5BDCE5B2326}"
EndProject
Project("{FAE04EC0-301F-11D3-BF4B-00C04F79EFBC}") = "M5x.SignalR", "src\M5x.SignalR\M5x.SignalR.csproj", "{DCB5F906-404F-4610-AC30-A0A8E985597B}"
EndProject
Project("{FAE04EC0-301F-11D3-BF4B-00C04F79EFBC}") = "M5x.Neo4j", "src\M5x.Neo4j\M5x.Neo4j.csproj", "{3FA3211E-E8C6-43D5-BD7A-8600E4C52DB9}"
EndProject
Project("{FAE04EC0-301F-11D3-BF4B-00C04F79EFBC}") = "M5x.Neo4j.Tests", "tests\M5x.Neo4j.Tests\M5x.Neo4j.Tests.csproj", "{A4993E0D-744E-41F9-B901-A748789575F8}"
EndProject
Project("{FAE04EC0-301F-11D3-BF4B-00C04F79EFBC}") = "M5x.Twilio", "src\M5x.Twilio\M5x.Twilio.csproj", "{23AA607F-68F7-44BE-9C8A-8E57EC85D737}"
EndProject
Project("{FAE04EC0-301F-11D3-BF4B-00C04F79EFBC}") = "M5x.Twilio.Tests", "tests\M5x.Twilio.Tests\M5x.Twilio.Tests.csproj", "{6B7E6473-7EF0-48CA-A424-F52DF423ECB7}"
EndProject
Project("{FAE04EC0-301F-11D3-BF4B-00C04F79EFBC}") = "M5x.Grpc", "src\M5x.Grpc\M5x.Grpc.csproj", "{E1C5F90C-82E9-4F2D-8B7C-BB17BF5917F3}"
EndProject
Project("{FAE04EC0-301F-11D3-BF4B-00C04F79EFBC}") = "M5x.AutoMapper", "src\M5x.AutoMapper\M5x.AutoMapper.csproj", "{D9195BD1-A863-4DB1-8982-47A89F45D864}"
EndProject
Project("{FAE04EC0-301F-11D3-BF4B-00C04F79EFBC}") = "M5x.AutoMapper.Tests", "tests\M5x.AutoMapper.Tests\M5x.AutoMapper.Tests.csproj", "{C526D866-B503-42F5-B9F5-604769E73FF5}"
EndProject
Project("{FAE04EC0-301F-11D3-BF4B-00C04F79EFBC}") = "M5x.MudBlazor", "src\M5x.MudBlazor\M5x.MudBlazor.csproj", "{4476F696-360C-4D26-A404-CEB7852CF284}"
EndProject
Project("{FAE04EC0-301F-11D3-BF4B-00C04F79EFBC}") = "M5x.MediatR", "src\M5x.MediatR\M5x.MediatR.csproj", "{25A1489F-8F7D-4981-BD7A-D423F8379F69}"
EndProject
Project("{FAE04EC0-301F-11D3-BF4B-00C04F79EFBC}") = "M5x.MailKit", "src\M5x.MailKit\M5x.MailKit.csproj", "{72D913AF-A938-49C1-B1CB-0796655CC891}"
EndProject
Project("{FAE04EC0-301F-11D3-BF4B-00C04F79EFBC}") = "M5x.MongoDB", "src\M5x.MongoDB\M5x.MongoDB.csproj", "{86DCC34F-B477-45F0-B707-0D87F79B5729}"
EndProject
Project("{FAE04EC0-301F-11D3-BF4B-00C04F79EFBC}") = "M5x.MongoDB.Tests", "tests\M5x.MongoDB.Tests\M5x.MongoDB.Tests.csproj", "{BDC1856D-4AF0-4D68-9865-995858D5FCE0}"
EndProject
Project("{FAE04EC0-301F-11D3-BF4B-00C04F79EFBC}") = "M5x.Stan", "src\M5x.Stan\M5x.Stan.csproj", "{8473161D-1EEA-4505-B2CF-09810AFC4EF3}"
EndProject
Project("{FAE04EC0-301F-11D3-BF4B-00C04F79EFBC}") = "M5x.Kubernetes", "src\M5x.Kubernetes\M5x.Kubernetes.csproj", "{A61E7724-E61A-4613-BE85-D4F76550894C}"
EndProject
Project("{FAE04EC0-301F-11D3-BF4B-00C04F79EFBC}") = "M5x.Kubernetes.IntegrationTests", "tests\M5x.Kubernetes.IntegrationTests\M5x.Kubernetes.IntegrationTests.csproj", "{086C4221-5D78-4B66-AB4B-B92F6E2B6628}"
EndProject
Project("{FAE04EC0-301F-11D3-BF4B-00C04F79EFBC}") = "M5x.DotEnv.Tests", "tests\M5x.DotEnv.Tests\M5x.DotEnv.Tests.csproj", "{802DF717-B82B-4A36-A6F1-CE31D8FF873B}"
EndProject
Project("{FAE04EC0-301F-11D3-BF4B-00C04F79EFBC}") = "M5x.Stan.IntegrationTests", "tests\M5x.Stan.IntegrationTests\M5x.Stan.IntegrationTests.csproj", "{899375CE-23C7-428B-9774-7888B555E66F}"
EndProject
Project("{FAE04EC0-301F-11D3-BF4B-00C04F79EFBC}") = "M5x.TermUi", "src\M5x.TermUi\M5x.TermUi.csproj", "{9DC906C0-C0AD-4AA8-968E-C5FFBF06F0BD}"
EndProject
Project("{FAE04EC0-301F-11D3-BF4B-00C04F79EFBC}") = "M5x.EventFlow", "src\M5x.EventFlow\M5x.EventFlow.csproj", "{E75F5383-20BC-43FA-BA18-13E662A207AF}"
EndProject
Project("{FAE04EC0-301F-11D3-BF4B-00C04F79EFBC}") = "M5x.DEC.Schema", "src\M5x.DEC.Schema\M5x.DEC.Schema.csproj", "{6BB68081-6B0D-4F98-9BBF-F69135FC4FBD}"
EndProject
Project("{FAE04EC0-301F-11D3-BF4B-00C04F79EFBC}") = "M5x.DEC", "src\M5x.DEC\M5x.DEC.csproj", "{45B3A1FB-DB4A-450E-8AFC-6AE1A59E4B63}"
EndProject
Project("{FAE04EC0-301F-11D3-BF4B-00C04F79EFBC}") = "M5x.DEC.Infra", "src\M5x.DEC.Infra\M5x.DEC.Infra.csproj", "{0AB963E6-A796-4B7D-99D6-953AEBB68A14}"
EndProject
Project("{FAE04EC0-301F-11D3-BF4B-00C04F79EFBC}") = "M5x.DEC.TestKit", "src\M5x.DEC.TestKit\M5x.DEC.TestKit.csproj", "{E04B8E1B-855E-46F8-9D12-88E556CC8463}"
EndProject
Project("{FAE04EC0-301F-11D3-BF4B-00C04F79EFBC}") = "M5x.Bogus", "src\M5x.Bogus\M5x.Bogus.csproj", "{3CFDD669-2F05-475A-AF2A-B7677CB95634}"
EndProject
Project("{FAE04EC0-301F-11D3-BF4B-00C04F79EFBC}") = "M5x.NBomber", "src\M5x.NBomber\M5x.NBomber.csproj", "{BAAF58EE-9D13-4F06-B68A-58A0FAF95295}"
EndProject
Project("{FAE04EC0-301F-11D3-BF4B-00C04F79EFBC}") = "M5x.Xml", "src\M5x.Xml\M5x.Xml.csproj", "{57ABC4A1-0056-4384-83F8-608A4ACB3F88}"
EndProject
Project("{FAE04EC0-301F-11D3-BF4B-00C04F79EFBC}") = "M5x.DEC.Tests", "tests\M5x.DEC.Tests\M5x.DEC.Tests.csproj", "{5CEC54E6-1C9E-4FAC-B2F7-5DBE4DA74061}"
EndProject
Project("{FAE04EC0-301F-11D3-BF4B-00C04F79EFBC}") = "M5x.DEC.TestKit.Tests", "tests\M5x.DEC.TestKit.Tests\M5x.DEC.TestKit.Tests.csproj", "{EB81C7F9-91E5-4BAC-A62F-0C0350472189}"
EndProject
Project("{FAE04EC0-301F-11D3-BF4B-00C04F79EFBC}") = "M5x.Redis", "src\M5x.Redis\M5x.Redis.csproj", "{B698BA13-6908-411B-A648-2231822C2D5C}"
EndProject
Project("{FAE04EC0-301F-11D3-BF4B-00C04F79EFBC}") = "M5x.Redis.Tests", "tests\M5x.Redis.Tests\M5x.Redis.Tests.csproj", "{A060F5DB-8396-4511-BE2F-C6C4D249C6E7}"
EndProject
Project("{FAE04EC0-301F-11D3-BF4B-00C04F79EFBC}") = "M5x.Ardalis", "src\M5x.Ardalis\M5x.Ardalis.csproj", "{0C54CA30-BF37-45DC-85B8-17EF3C53E1CC}"
EndProject
Project("{FAE04EC0-301F-11D3-BF4B-00C04F79EFBC}") = "M5x.Ardalis.Tests", "tests\M5x.Ardalis.Tests\M5x.Ardalis.Tests.csproj", "{8063D1A9-AFB5-4E34-8F9A-F40B6974D400}"
EndProject
Project("{FAE04EC0-301F-11D3-BF4B-00C04F79EFBC}") = "M5x.DEC.Infra.Tests", "tests\M5x.DEC.Infra.Tests\M5x.DEC.Infra.Tests.csproj", "{889F44DB-B902-4A39-91D3-57EA94F5B741}"
EndProject
Global
	GlobalSection(SolutionConfigurationPlatforms) = preSolution
		Debug|Any CPU = Debug|Any CPU
		Debug|x64 = Debug|x64
		Debug|x86 = Debug|x86
		Release|Any CPU = Release|Any CPU
		Release|x64 = Release|x64
		Release|x86 = Release|x86
	EndGlobalSection
	GlobalSection(SolutionProperties) = preSolution
		HideSolutionNode = FALSE
	EndGlobalSection
	GlobalSection(ProjectConfigurationPlatforms) = postSolution
		{5922E12C-B932-4EC2-880E-7F785BE96483}.Debug|Any CPU.ActiveCfg = Debug|Any CPU
		{5922E12C-B932-4EC2-880E-7F785BE96483}.Debug|Any CPU.Build.0 = Debug|Any CPU
		{5922E12C-B932-4EC2-880E-7F785BE96483}.Debug|x64.ActiveCfg = Debug|Any CPU
		{5922E12C-B932-4EC2-880E-7F785BE96483}.Debug|x64.Build.0 = Debug|Any CPU
		{5922E12C-B932-4EC2-880E-7F785BE96483}.Debug|x86.ActiveCfg = Debug|Any CPU
		{5922E12C-B932-4EC2-880E-7F785BE96483}.Debug|x86.Build.0 = Debug|Any CPU
		{5922E12C-B932-4EC2-880E-7F785BE96483}.Release|Any CPU.ActiveCfg = Release|Any CPU
		{5922E12C-B932-4EC2-880E-7F785BE96483}.Release|Any CPU.Build.0 = Release|Any CPU
		{5922E12C-B932-4EC2-880E-7F785BE96483}.Release|x64.ActiveCfg = Release|Any CPU
		{5922E12C-B932-4EC2-880E-7F785BE96483}.Release|x64.Build.0 = Release|Any CPU
		{5922E12C-B932-4EC2-880E-7F785BE96483}.Release|x86.ActiveCfg = Release|Any CPU
		{5922E12C-B932-4EC2-880E-7F785BE96483}.Release|x86.Build.0 = Release|Any CPU
		{E1E9C37D-17F7-4BD5-AEFD-0A7381EBE0AA}.Debug|Any CPU.ActiveCfg = Debug|Any CPU
		{E1E9C37D-17F7-4BD5-AEFD-0A7381EBE0AA}.Debug|Any CPU.Build.0 = Debug|Any CPU
		{E1E9C37D-17F7-4BD5-AEFD-0A7381EBE0AA}.Debug|x64.ActiveCfg = Debug|Any CPU
		{E1E9C37D-17F7-4BD5-AEFD-0A7381EBE0AA}.Debug|x64.Build.0 = Debug|Any CPU
		{E1E9C37D-17F7-4BD5-AEFD-0A7381EBE0AA}.Debug|x86.ActiveCfg = Debug|Any CPU
		{E1E9C37D-17F7-4BD5-AEFD-0A7381EBE0AA}.Debug|x86.Build.0 = Debug|Any CPU
		{E1E9C37D-17F7-4BD5-AEFD-0A7381EBE0AA}.Release|Any CPU.ActiveCfg = Release|Any CPU
		{E1E9C37D-17F7-4BD5-AEFD-0A7381EBE0AA}.Release|Any CPU.Build.0 = Release|Any CPU
		{E1E9C37D-17F7-4BD5-AEFD-0A7381EBE0AA}.Release|x64.ActiveCfg = Release|Any CPU
		{E1E9C37D-17F7-4BD5-AEFD-0A7381EBE0AA}.Release|x64.Build.0 = Release|Any CPU
		{E1E9C37D-17F7-4BD5-AEFD-0A7381EBE0AA}.Release|x86.ActiveCfg = Release|Any CPU
		{E1E9C37D-17F7-4BD5-AEFD-0A7381EBE0AA}.Release|x86.Build.0 = Release|Any CPU
		{707C8C40-7328-45E2-A4EB-CF43DFEB0216}.Debug|Any CPU.ActiveCfg = Debug|Any CPU
		{707C8C40-7328-45E2-A4EB-CF43DFEB0216}.Debug|Any CPU.Build.0 = Debug|Any CPU
		{707C8C40-7328-45E2-A4EB-CF43DFEB0216}.Debug|x64.ActiveCfg = Debug|Any CPU
		{707C8C40-7328-45E2-A4EB-CF43DFEB0216}.Debug|x64.Build.0 = Debug|Any CPU
		{707C8C40-7328-45E2-A4EB-CF43DFEB0216}.Debug|x86.ActiveCfg = Debug|Any CPU
		{707C8C40-7328-45E2-A4EB-CF43DFEB0216}.Debug|x86.Build.0 = Debug|Any CPU
		{707C8C40-7328-45E2-A4EB-CF43DFEB0216}.Release|Any CPU.ActiveCfg = Release|Any CPU
		{707C8C40-7328-45E2-A4EB-CF43DFEB0216}.Release|Any CPU.Build.0 = Release|Any CPU
		{707C8C40-7328-45E2-A4EB-CF43DFEB0216}.Release|x64.ActiveCfg = Release|Any CPU
		{707C8C40-7328-45E2-A4EB-CF43DFEB0216}.Release|x64.Build.0 = Release|Any CPU
		{707C8C40-7328-45E2-A4EB-CF43DFEB0216}.Release|x86.ActiveCfg = Release|Any CPU
		{707C8C40-7328-45E2-A4EB-CF43DFEB0216}.Release|x86.Build.0 = Release|Any CPU
		{469543EB-7394-4748-AEDE-F1F79FD00C57}.Debug|Any CPU.ActiveCfg = Debug|Any CPU
		{469543EB-7394-4748-AEDE-F1F79FD00C57}.Debug|Any CPU.Build.0 = Debug|Any CPU
		{469543EB-7394-4748-AEDE-F1F79FD00C57}.Debug|x64.ActiveCfg = Debug|Any CPU
		{469543EB-7394-4748-AEDE-F1F79FD00C57}.Debug|x64.Build.0 = Debug|Any CPU
		{469543EB-7394-4748-AEDE-F1F79FD00C57}.Debug|x86.ActiveCfg = Debug|Any CPU
		{469543EB-7394-4748-AEDE-F1F79FD00C57}.Debug|x86.Build.0 = Debug|Any CPU
		{469543EB-7394-4748-AEDE-F1F79FD00C57}.Release|Any CPU.ActiveCfg = Release|Any CPU
		{469543EB-7394-4748-AEDE-F1F79FD00C57}.Release|Any CPU.Build.0 = Release|Any CPU
		{469543EB-7394-4748-AEDE-F1F79FD00C57}.Release|x64.ActiveCfg = Release|Any CPU
		{469543EB-7394-4748-AEDE-F1F79FD00C57}.Release|x64.Build.0 = Release|Any CPU
		{469543EB-7394-4748-AEDE-F1F79FD00C57}.Release|x86.ActiveCfg = Release|Any CPU
		{469543EB-7394-4748-AEDE-F1F79FD00C57}.Release|x86.Build.0 = Release|Any CPU
		{E4687818-81E5-49DA-894E-DBDB3871BFEC}.Debug|Any CPU.ActiveCfg = Debug|Any CPU
		{E4687818-81E5-49DA-894E-DBDB3871BFEC}.Debug|Any CPU.Build.0 = Debug|Any CPU
		{E4687818-81E5-49DA-894E-DBDB3871BFEC}.Debug|x64.ActiveCfg = Debug|Any CPU
		{E4687818-81E5-49DA-894E-DBDB3871BFEC}.Debug|x64.Build.0 = Debug|Any CPU
		{E4687818-81E5-49DA-894E-DBDB3871BFEC}.Debug|x86.ActiveCfg = Debug|Any CPU
		{E4687818-81E5-49DA-894E-DBDB3871BFEC}.Debug|x86.Build.0 = Debug|Any CPU
		{E4687818-81E5-49DA-894E-DBDB3871BFEC}.Release|Any CPU.ActiveCfg = Release|Any CPU
		{E4687818-81E5-49DA-894E-DBDB3871BFEC}.Release|Any CPU.Build.0 = Release|Any CPU
		{E4687818-81E5-49DA-894E-DBDB3871BFEC}.Release|x64.ActiveCfg = Release|Any CPU
		{E4687818-81E5-49DA-894E-DBDB3871BFEC}.Release|x64.Build.0 = Release|Any CPU
		{E4687818-81E5-49DA-894E-DBDB3871BFEC}.Release|x86.ActiveCfg = Release|Any CPU
		{E4687818-81E5-49DA-894E-DBDB3871BFEC}.Release|x86.Build.0 = Release|Any CPU
		{E1FD4E3A-A8E1-4F9C-9ABD-A0F01A28BEB3}.Debug|Any CPU.ActiveCfg = Debug|Any CPU
		{E1FD4E3A-A8E1-4F9C-9ABD-A0F01A28BEB3}.Debug|Any CPU.Build.0 = Debug|Any CPU
		{E1FD4E3A-A8E1-4F9C-9ABD-A0F01A28BEB3}.Debug|x64.ActiveCfg = Debug|Any CPU
		{E1FD4E3A-A8E1-4F9C-9ABD-A0F01A28BEB3}.Debug|x64.Build.0 = Debug|Any CPU
		{E1FD4E3A-A8E1-4F9C-9ABD-A0F01A28BEB3}.Debug|x86.ActiveCfg = Debug|Any CPU
		{E1FD4E3A-A8E1-4F9C-9ABD-A0F01A28BEB3}.Debug|x86.Build.0 = Debug|Any CPU
		{E1FD4E3A-A8E1-4F9C-9ABD-A0F01A28BEB3}.Release|Any CPU.ActiveCfg = Release|Any CPU
		{E1FD4E3A-A8E1-4F9C-9ABD-A0F01A28BEB3}.Release|Any CPU.Build.0 = Release|Any CPU
		{E1FD4E3A-A8E1-4F9C-9ABD-A0F01A28BEB3}.Release|x64.ActiveCfg = Release|Any CPU
		{E1FD4E3A-A8E1-4F9C-9ABD-A0F01A28BEB3}.Release|x64.Build.0 = Release|Any CPU
		{E1FD4E3A-A8E1-4F9C-9ABD-A0F01A28BEB3}.Release|x86.ActiveCfg = Release|Any CPU
		{E1FD4E3A-A8E1-4F9C-9ABD-A0F01A28BEB3}.Release|x86.Build.0 = Release|Any CPU
		{08C10AC7-D879-47C3-B819-95890B4B5D40}.Debug|Any CPU.ActiveCfg = Debug|Any CPU
		{08C10AC7-D879-47C3-B819-95890B4B5D40}.Debug|Any CPU.Build.0 = Debug|Any CPU
		{08C10AC7-D879-47C3-B819-95890B4B5D40}.Debug|x64.ActiveCfg = Debug|Any CPU
		{08C10AC7-D879-47C3-B819-95890B4B5D40}.Debug|x64.Build.0 = Debug|Any CPU
		{08C10AC7-D879-47C3-B819-95890B4B5D40}.Debug|x86.ActiveCfg = Debug|Any CPU
		{08C10AC7-D879-47C3-B819-95890B4B5D40}.Debug|x86.Build.0 = Debug|Any CPU
		{08C10AC7-D879-47C3-B819-95890B4B5D40}.Release|Any CPU.ActiveCfg = Release|Any CPU
		{08C10AC7-D879-47C3-B819-95890B4B5D40}.Release|Any CPU.Build.0 = Release|Any CPU
		{08C10AC7-D879-47C3-B819-95890B4B5D40}.Release|x64.ActiveCfg = Release|Any CPU
		{08C10AC7-D879-47C3-B819-95890B4B5D40}.Release|x64.Build.0 = Release|Any CPU
		{08C10AC7-D879-47C3-B819-95890B4B5D40}.Release|x86.ActiveCfg = Release|Any CPU
		{08C10AC7-D879-47C3-B819-95890B4B5D40}.Release|x86.Build.0 = Release|Any CPU
		{75CA598A-4780-48E7-9BA1-BDB60B925192}.Debug|Any CPU.ActiveCfg = Debug|Any CPU
		{75CA598A-4780-48E7-9BA1-BDB60B925192}.Debug|Any CPU.Build.0 = Debug|Any CPU
		{75CA598A-4780-48E7-9BA1-BDB60B925192}.Debug|x64.ActiveCfg = Debug|Any CPU
		{75CA598A-4780-48E7-9BA1-BDB60B925192}.Debug|x64.Build.0 = Debug|Any CPU
		{75CA598A-4780-48E7-9BA1-BDB60B925192}.Debug|x86.ActiveCfg = Debug|Any CPU
		{75CA598A-4780-48E7-9BA1-BDB60B925192}.Debug|x86.Build.0 = Debug|Any CPU
		{75CA598A-4780-48E7-9BA1-BDB60B925192}.Release|Any CPU.ActiveCfg = Release|Any CPU
		{75CA598A-4780-48E7-9BA1-BDB60B925192}.Release|Any CPU.Build.0 = Release|Any CPU
		{75CA598A-4780-48E7-9BA1-BDB60B925192}.Release|x64.ActiveCfg = Release|Any CPU
		{75CA598A-4780-48E7-9BA1-BDB60B925192}.Release|x64.Build.0 = Release|Any CPU
		{75CA598A-4780-48E7-9BA1-BDB60B925192}.Release|x86.ActiveCfg = Release|Any CPU
		{75CA598A-4780-48E7-9BA1-BDB60B925192}.Release|x86.Build.0 = Release|Any CPU
		{EC7B21B3-DF91-44A3-9182-06BBC5CABD05}.Debug|Any CPU.ActiveCfg = Debug|Any CPU
		{EC7B21B3-DF91-44A3-9182-06BBC5CABD05}.Debug|Any CPU.Build.0 = Debug|Any CPU
		{EC7B21B3-DF91-44A3-9182-06BBC5CABD05}.Debug|x64.ActiveCfg = Debug|Any CPU
		{EC7B21B3-DF91-44A3-9182-06BBC5CABD05}.Debug|x64.Build.0 = Debug|Any CPU
		{EC7B21B3-DF91-44A3-9182-06BBC5CABD05}.Debug|x86.ActiveCfg = Debug|Any CPU
		{EC7B21B3-DF91-44A3-9182-06BBC5CABD05}.Debug|x86.Build.0 = Debug|Any CPU
		{EC7B21B3-DF91-44A3-9182-06BBC5CABD05}.Release|Any CPU.ActiveCfg = Release|Any CPU
		{EC7B21B3-DF91-44A3-9182-06BBC5CABD05}.Release|Any CPU.Build.0 = Release|Any CPU
		{EC7B21B3-DF91-44A3-9182-06BBC5CABD05}.Release|x64.ActiveCfg = Release|Any CPU
		{EC7B21B3-DF91-44A3-9182-06BBC5CABD05}.Release|x64.Build.0 = Release|Any CPU
		{EC7B21B3-DF91-44A3-9182-06BBC5CABD05}.Release|x86.ActiveCfg = Release|Any CPU
		{EC7B21B3-DF91-44A3-9182-06BBC5CABD05}.Release|x86.Build.0 = Release|Any CPU
		{C8E4DAB9-6361-4DFF-8218-1534A8713A67}.Debug|Any CPU.ActiveCfg = Debug|Any CPU
		{C8E4DAB9-6361-4DFF-8218-1534A8713A67}.Debug|Any CPU.Build.0 = Debug|Any CPU
		{C8E4DAB9-6361-4DFF-8218-1534A8713A67}.Debug|x64.ActiveCfg = Debug|Any CPU
		{C8E4DAB9-6361-4DFF-8218-1534A8713A67}.Debug|x64.Build.0 = Debug|Any CPU
		{C8E4DAB9-6361-4DFF-8218-1534A8713A67}.Debug|x86.ActiveCfg = Debug|Any CPU
		{C8E4DAB9-6361-4DFF-8218-1534A8713A67}.Debug|x86.Build.0 = Debug|Any CPU
		{C8E4DAB9-6361-4DFF-8218-1534A8713A67}.Release|Any CPU.ActiveCfg = Release|Any CPU
		{C8E4DAB9-6361-4DFF-8218-1534A8713A67}.Release|Any CPU.Build.0 = Release|Any CPU
		{C8E4DAB9-6361-4DFF-8218-1534A8713A67}.Release|x64.ActiveCfg = Release|Any CPU
		{C8E4DAB9-6361-4DFF-8218-1534A8713A67}.Release|x64.Build.0 = Release|Any CPU
		{C8E4DAB9-6361-4DFF-8218-1534A8713A67}.Release|x86.ActiveCfg = Release|Any CPU
		{C8E4DAB9-6361-4DFF-8218-1534A8713A67}.Release|x86.Build.0 = Release|Any CPU
		{FA7A80C5-BD0C-465C-B129-B2209F3BBCFE}.Debug|Any CPU.ActiveCfg = Debug|Any CPU
		{FA7A80C5-BD0C-465C-B129-B2209F3BBCFE}.Debug|Any CPU.Build.0 = Debug|Any CPU
		{FA7A80C5-BD0C-465C-B129-B2209F3BBCFE}.Debug|x64.ActiveCfg = Debug|Any CPU
		{FA7A80C5-BD0C-465C-B129-B2209F3BBCFE}.Debug|x64.Build.0 = Debug|Any CPU
		{FA7A80C5-BD0C-465C-B129-B2209F3BBCFE}.Debug|x86.ActiveCfg = Debug|Any CPU
		{FA7A80C5-BD0C-465C-B129-B2209F3BBCFE}.Debug|x86.Build.0 = Debug|Any CPU
		{FA7A80C5-BD0C-465C-B129-B2209F3BBCFE}.Release|Any CPU.ActiveCfg = Release|Any CPU
		{FA7A80C5-BD0C-465C-B129-B2209F3BBCFE}.Release|Any CPU.Build.0 = Release|Any CPU
		{FA7A80C5-BD0C-465C-B129-B2209F3BBCFE}.Release|x64.ActiveCfg = Release|Any CPU
		{FA7A80C5-BD0C-465C-B129-B2209F3BBCFE}.Release|x64.Build.0 = Release|Any CPU
		{FA7A80C5-BD0C-465C-B129-B2209F3BBCFE}.Release|x86.ActiveCfg = Release|Any CPU
		{FA7A80C5-BD0C-465C-B129-B2209F3BBCFE}.Release|x86.Build.0 = Release|Any CPU
		{A23AF623-1205-4840-9947-FB516B0342F7}.Debug|Any CPU.ActiveCfg = Debug|Any CPU
		{A23AF623-1205-4840-9947-FB516B0342F7}.Debug|Any CPU.Build.0 = Debug|Any CPU
		{A23AF623-1205-4840-9947-FB516B0342F7}.Debug|x64.ActiveCfg = Debug|Any CPU
		{A23AF623-1205-4840-9947-FB516B0342F7}.Debug|x64.Build.0 = Debug|Any CPU
		{A23AF623-1205-4840-9947-FB516B0342F7}.Debug|x86.ActiveCfg = Debug|Any CPU
		{A23AF623-1205-4840-9947-FB516B0342F7}.Debug|x86.Build.0 = Debug|Any CPU
		{A23AF623-1205-4840-9947-FB516B0342F7}.Release|Any CPU.ActiveCfg = Release|Any CPU
		{A23AF623-1205-4840-9947-FB516B0342F7}.Release|Any CPU.Build.0 = Release|Any CPU
		{A23AF623-1205-4840-9947-FB516B0342F7}.Release|x64.ActiveCfg = Release|Any CPU
		{A23AF623-1205-4840-9947-FB516B0342F7}.Release|x64.Build.0 = Release|Any CPU
		{A23AF623-1205-4840-9947-FB516B0342F7}.Release|x86.ActiveCfg = Release|Any CPU
		{A23AF623-1205-4840-9947-FB516B0342F7}.Release|x86.Build.0 = Release|Any CPU
		{F8C4CE3C-964C-4C44-877C-5397CA49BCB8}.Debug|Any CPU.ActiveCfg = Debug|Any CPU
		{F8C4CE3C-964C-4C44-877C-5397CA49BCB8}.Debug|Any CPU.Build.0 = Debug|Any CPU
		{F8C4CE3C-964C-4C44-877C-5397CA49BCB8}.Debug|x64.ActiveCfg = Debug|Any CPU
		{F8C4CE3C-964C-4C44-877C-5397CA49BCB8}.Debug|x64.Build.0 = Debug|Any CPU
		{F8C4CE3C-964C-4C44-877C-5397CA49BCB8}.Debug|x86.ActiveCfg = Debug|Any CPU
		{F8C4CE3C-964C-4C44-877C-5397CA49BCB8}.Debug|x86.Build.0 = Debug|Any CPU
		{F8C4CE3C-964C-4C44-877C-5397CA49BCB8}.Release|Any CPU.ActiveCfg = Release|Any CPU
		{F8C4CE3C-964C-4C44-877C-5397CA49BCB8}.Release|Any CPU.Build.0 = Release|Any CPU
		{F8C4CE3C-964C-4C44-877C-5397CA49BCB8}.Release|x64.ActiveCfg = Release|Any CPU
		{F8C4CE3C-964C-4C44-877C-5397CA49BCB8}.Release|x64.Build.0 = Release|Any CPU
		{F8C4CE3C-964C-4C44-877C-5397CA49BCB8}.Release|x86.ActiveCfg = Release|Any CPU
		{F8C4CE3C-964C-4C44-877C-5397CA49BCB8}.Release|x86.Build.0 = Release|Any CPU
		{51D2F558-AEE8-43D3-A29C-483AC1A362CB}.Debug|Any CPU.ActiveCfg = Debug|Any CPU
		{51D2F558-AEE8-43D3-A29C-483AC1A362CB}.Debug|Any CPU.Build.0 = Debug|Any CPU
		{51D2F558-AEE8-43D3-A29C-483AC1A362CB}.Debug|x64.ActiveCfg = Debug|Any CPU
		{51D2F558-AEE8-43D3-A29C-483AC1A362CB}.Debug|x64.Build.0 = Debug|Any CPU
		{51D2F558-AEE8-43D3-A29C-483AC1A362CB}.Debug|x86.ActiveCfg = Debug|Any CPU
		{51D2F558-AEE8-43D3-A29C-483AC1A362CB}.Debug|x86.Build.0 = Debug|Any CPU
		{51D2F558-AEE8-43D3-A29C-483AC1A362CB}.Release|Any CPU.ActiveCfg = Release|Any CPU
		{51D2F558-AEE8-43D3-A29C-483AC1A362CB}.Release|Any CPU.Build.0 = Release|Any CPU
		{51D2F558-AEE8-43D3-A29C-483AC1A362CB}.Release|x64.ActiveCfg = Release|Any CPU
		{51D2F558-AEE8-43D3-A29C-483AC1A362CB}.Release|x64.Build.0 = Release|Any CPU
		{51D2F558-AEE8-43D3-A29C-483AC1A362CB}.Release|x86.ActiveCfg = Release|Any CPU
		{51D2F558-AEE8-43D3-A29C-483AC1A362CB}.Release|x86.Build.0 = Release|Any CPU
		{E0A05E06-448D-4048-809A-23E6FDA44688}.Debug|Any CPU.ActiveCfg = Debug|Any CPU
		{E0A05E06-448D-4048-809A-23E6FDA44688}.Debug|Any CPU.Build.0 = Debug|Any CPU
		{E0A05E06-448D-4048-809A-23E6FDA44688}.Debug|x64.ActiveCfg = Debug|Any CPU
		{E0A05E06-448D-4048-809A-23E6FDA44688}.Debug|x64.Build.0 = Debug|Any CPU
		{E0A05E06-448D-4048-809A-23E6FDA44688}.Debug|x86.ActiveCfg = Debug|Any CPU
		{E0A05E06-448D-4048-809A-23E6FDA44688}.Debug|x86.Build.0 = Debug|Any CPU
		{E0A05E06-448D-4048-809A-23E6FDA44688}.Release|Any CPU.ActiveCfg = Release|Any CPU
		{E0A05E06-448D-4048-809A-23E6FDA44688}.Release|Any CPU.Build.0 = Release|Any CPU
		{E0A05E06-448D-4048-809A-23E6FDA44688}.Release|x64.ActiveCfg = Release|Any CPU
		{E0A05E06-448D-4048-809A-23E6FDA44688}.Release|x64.Build.0 = Release|Any CPU
		{E0A05E06-448D-4048-809A-23E6FDA44688}.Release|x86.ActiveCfg = Release|Any CPU
		{E0A05E06-448D-4048-809A-23E6FDA44688}.Release|x86.Build.0 = Release|Any CPU
		{DA62A215-7151-462A-B37A-145547B347E4}.Debug|Any CPU.ActiveCfg = Debug|Any CPU
		{DA62A215-7151-462A-B37A-145547B347E4}.Debug|Any CPU.Build.0 = Debug|Any CPU
		{DA62A215-7151-462A-B37A-145547B347E4}.Debug|x64.ActiveCfg = Debug|Any CPU
		{DA62A215-7151-462A-B37A-145547B347E4}.Debug|x64.Build.0 = Debug|Any CPU
		{DA62A215-7151-462A-B37A-145547B347E4}.Debug|x86.ActiveCfg = Debug|Any CPU
		{DA62A215-7151-462A-B37A-145547B347E4}.Debug|x86.Build.0 = Debug|Any CPU
		{DA62A215-7151-462A-B37A-145547B347E4}.Release|Any CPU.ActiveCfg = Release|Any CPU
		{DA62A215-7151-462A-B37A-145547B347E4}.Release|Any CPU.Build.0 = Release|Any CPU
		{DA62A215-7151-462A-B37A-145547B347E4}.Release|x64.ActiveCfg = Release|Any CPU
		{DA62A215-7151-462A-B37A-145547B347E4}.Release|x64.Build.0 = Release|Any CPU
		{DA62A215-7151-462A-B37A-145547B347E4}.Release|x86.ActiveCfg = Release|Any CPU
		{DA62A215-7151-462A-B37A-145547B347E4}.Release|x86.Build.0 = Release|Any CPU
		{C27933F5-C12E-48FB-816D-BB948E927F74}.Debug|Any CPU.ActiveCfg = Debug|Any CPU
		{C27933F5-C12E-48FB-816D-BB948E927F74}.Debug|Any CPU.Build.0 = Debug|Any CPU
		{C27933F5-C12E-48FB-816D-BB948E927F74}.Debug|x64.ActiveCfg = Debug|Any CPU
		{C27933F5-C12E-48FB-816D-BB948E927F74}.Debug|x64.Build.0 = Debug|Any CPU
		{C27933F5-C12E-48FB-816D-BB948E927F74}.Debug|x86.ActiveCfg = Debug|Any CPU
		{C27933F5-C12E-48FB-816D-BB948E927F74}.Debug|x86.Build.0 = Debug|Any CPU
		{C27933F5-C12E-48FB-816D-BB948E927F74}.Release|Any CPU.ActiveCfg = Release|Any CPU
		{C27933F5-C12E-48FB-816D-BB948E927F74}.Release|Any CPU.Build.0 = Release|Any CPU
		{C27933F5-C12E-48FB-816D-BB948E927F74}.Release|x64.ActiveCfg = Release|Any CPU
		{C27933F5-C12E-48FB-816D-BB948E927F74}.Release|x64.Build.0 = Release|Any CPU
		{C27933F5-C12E-48FB-816D-BB948E927F74}.Release|x86.ActiveCfg = Release|Any CPU
		{C27933F5-C12E-48FB-816D-BB948E927F74}.Release|x86.Build.0 = Release|Any CPU
		{8D03C803-ED56-4E64-83F3-8A6AAC519E4A}.Debug|Any CPU.ActiveCfg = Debug|Any CPU
		{8D03C803-ED56-4E64-83F3-8A6AAC519E4A}.Debug|Any CPU.Build.0 = Debug|Any CPU
		{8D03C803-ED56-4E64-83F3-8A6AAC519E4A}.Debug|x64.ActiveCfg = Debug|Any CPU
		{8D03C803-ED56-4E64-83F3-8A6AAC519E4A}.Debug|x64.Build.0 = Debug|Any CPU
		{8D03C803-ED56-4E64-83F3-8A6AAC519E4A}.Debug|x86.ActiveCfg = Debug|Any CPU
		{8D03C803-ED56-4E64-83F3-8A6AAC519E4A}.Debug|x86.Build.0 = Debug|Any CPU
		{8D03C803-ED56-4E64-83F3-8A6AAC519E4A}.Release|Any CPU.ActiveCfg = Release|Any CPU
		{8D03C803-ED56-4E64-83F3-8A6AAC519E4A}.Release|Any CPU.Build.0 = Release|Any CPU
		{8D03C803-ED56-4E64-83F3-8A6AAC519E4A}.Release|x64.ActiveCfg = Release|Any CPU
		{8D03C803-ED56-4E64-83F3-8A6AAC519E4A}.Release|x64.Build.0 = Release|Any CPU
		{8D03C803-ED56-4E64-83F3-8A6AAC519E4A}.Release|x86.ActiveCfg = Release|Any CPU
		{8D03C803-ED56-4E64-83F3-8A6AAC519E4A}.Release|x86.Build.0 = Release|Any CPU
		{B2A6C9D7-06B9-4537-9A1E-DFF85081657D}.Debug|Any CPU.ActiveCfg = Debug|Any CPU
		{B2A6C9D7-06B9-4537-9A1E-DFF85081657D}.Debug|Any CPU.Build.0 = Debug|Any CPU
		{B2A6C9D7-06B9-4537-9A1E-DFF85081657D}.Debug|x64.ActiveCfg = Debug|Any CPU
		{B2A6C9D7-06B9-4537-9A1E-DFF85081657D}.Debug|x64.Build.0 = Debug|Any CPU
		{B2A6C9D7-06B9-4537-9A1E-DFF85081657D}.Debug|x86.ActiveCfg = Debug|Any CPU
		{B2A6C9D7-06B9-4537-9A1E-DFF85081657D}.Debug|x86.Build.0 = Debug|Any CPU
		{B2A6C9D7-06B9-4537-9A1E-DFF85081657D}.Release|Any CPU.ActiveCfg = Release|Any CPU
		{B2A6C9D7-06B9-4537-9A1E-DFF85081657D}.Release|Any CPU.Build.0 = Release|Any CPU
		{B2A6C9D7-06B9-4537-9A1E-DFF85081657D}.Release|x64.ActiveCfg = Release|Any CPU
		{B2A6C9D7-06B9-4537-9A1E-DFF85081657D}.Release|x64.Build.0 = Release|Any CPU
		{B2A6C9D7-06B9-4537-9A1E-DFF85081657D}.Release|x86.ActiveCfg = Release|Any CPU
		{B2A6C9D7-06B9-4537-9A1E-DFF85081657D}.Release|x86.Build.0 = Release|Any CPU
		{122EFC05-8F6C-4F5F-9020-A77C2CDFCB25}.Debug|Any CPU.ActiveCfg = Debug|Any CPU
		{122EFC05-8F6C-4F5F-9020-A77C2CDFCB25}.Debug|Any CPU.Build.0 = Debug|Any CPU
		{122EFC05-8F6C-4F5F-9020-A77C2CDFCB25}.Debug|x64.ActiveCfg = Debug|Any CPU
		{122EFC05-8F6C-4F5F-9020-A77C2CDFCB25}.Debug|x64.Build.0 = Debug|Any CPU
		{122EFC05-8F6C-4F5F-9020-A77C2CDFCB25}.Debug|x86.ActiveCfg = Debug|Any CPU
		{122EFC05-8F6C-4F5F-9020-A77C2CDFCB25}.Debug|x86.Build.0 = Debug|Any CPU
		{122EFC05-8F6C-4F5F-9020-A77C2CDFCB25}.Release|Any CPU.ActiveCfg = Release|Any CPU
		{122EFC05-8F6C-4F5F-9020-A77C2CDFCB25}.Release|Any CPU.Build.0 = Release|Any CPU
		{122EFC05-8F6C-4F5F-9020-A77C2CDFCB25}.Release|x64.ActiveCfg = Release|Any CPU
		{122EFC05-8F6C-4F5F-9020-A77C2CDFCB25}.Release|x64.Build.0 = Release|Any CPU
		{122EFC05-8F6C-4F5F-9020-A77C2CDFCB25}.Release|x86.ActiveCfg = Release|Any CPU
		{122EFC05-8F6C-4F5F-9020-A77C2CDFCB25}.Release|x86.Build.0 = Release|Any CPU
		{FFC43B0E-AF43-4250-A4BC-BBC48798FD86}.Debug|Any CPU.ActiveCfg = Debug|Any CPU
		{FFC43B0E-AF43-4250-A4BC-BBC48798FD86}.Debug|Any CPU.Build.0 = Debug|Any CPU
		{FFC43B0E-AF43-4250-A4BC-BBC48798FD86}.Debug|x64.ActiveCfg = Debug|Any CPU
		{FFC43B0E-AF43-4250-A4BC-BBC48798FD86}.Debug|x64.Build.0 = Debug|Any CPU
		{FFC43B0E-AF43-4250-A4BC-BBC48798FD86}.Debug|x86.ActiveCfg = Debug|Any CPU
		{FFC43B0E-AF43-4250-A4BC-BBC48798FD86}.Debug|x86.Build.0 = Debug|Any CPU
		{FFC43B0E-AF43-4250-A4BC-BBC48798FD86}.Release|Any CPU.ActiveCfg = Release|Any CPU
		{FFC43B0E-AF43-4250-A4BC-BBC48798FD86}.Release|Any CPU.Build.0 = Release|Any CPU
		{FFC43B0E-AF43-4250-A4BC-BBC48798FD86}.Release|x64.ActiveCfg = Release|Any CPU
		{FFC43B0E-AF43-4250-A4BC-BBC48798FD86}.Release|x64.Build.0 = Release|Any CPU
		{FFC43B0E-AF43-4250-A4BC-BBC48798FD86}.Release|x86.ActiveCfg = Release|Any CPU
		{FFC43B0E-AF43-4250-A4BC-BBC48798FD86}.Release|x86.Build.0 = Release|Any CPU
		{4C0AAD76-3467-4D70-B04E-E8FB5E12A66B}.Debug|Any CPU.ActiveCfg = Debug|Any CPU
		{4C0AAD76-3467-4D70-B04E-E8FB5E12A66B}.Debug|Any CPU.Build.0 = Debug|Any CPU
		{4C0AAD76-3467-4D70-B04E-E8FB5E12A66B}.Debug|x64.ActiveCfg = Debug|Any CPU
		{4C0AAD76-3467-4D70-B04E-E8FB5E12A66B}.Debug|x64.Build.0 = Debug|Any CPU
		{4C0AAD76-3467-4D70-B04E-E8FB5E12A66B}.Debug|x86.ActiveCfg = Debug|Any CPU
		{4C0AAD76-3467-4D70-B04E-E8FB5E12A66B}.Debug|x86.Build.0 = Debug|Any CPU
		{4C0AAD76-3467-4D70-B04E-E8FB5E12A66B}.Release|Any CPU.ActiveCfg = Release|Any CPU
		{4C0AAD76-3467-4D70-B04E-E8FB5E12A66B}.Release|Any CPU.Build.0 = Release|Any CPU
		{4C0AAD76-3467-4D70-B04E-E8FB5E12A66B}.Release|x64.ActiveCfg = Release|Any CPU
		{4C0AAD76-3467-4D70-B04E-E8FB5E12A66B}.Release|x64.Build.0 = Release|Any CPU
		{4C0AAD76-3467-4D70-B04E-E8FB5E12A66B}.Release|x86.ActiveCfg = Release|Any CPU
		{4C0AAD76-3467-4D70-B04E-E8FB5E12A66B}.Release|x86.Build.0 = Release|Any CPU
		{35550CE9-436A-4018-A33F-3E7C0E290A11}.Debug|Any CPU.ActiveCfg = Debug|Any CPU
		{35550CE9-436A-4018-A33F-3E7C0E290A11}.Debug|Any CPU.Build.0 = Debug|Any CPU
		{35550CE9-436A-4018-A33F-3E7C0E290A11}.Debug|x64.ActiveCfg = Debug|Any CPU
		{35550CE9-436A-4018-A33F-3E7C0E290A11}.Debug|x64.Build.0 = Debug|Any CPU
		{35550CE9-436A-4018-A33F-3E7C0E290A11}.Debug|x86.ActiveCfg = Debug|Any CPU
		{35550CE9-436A-4018-A33F-3E7C0E290A11}.Debug|x86.Build.0 = Debug|Any CPU
		{35550CE9-436A-4018-A33F-3E7C0E290A11}.Release|Any CPU.ActiveCfg = Release|Any CPU
		{35550CE9-436A-4018-A33F-3E7C0E290A11}.Release|Any CPU.Build.0 = Release|Any CPU
		{35550CE9-436A-4018-A33F-3E7C0E290A11}.Release|x64.ActiveCfg = Release|Any CPU
		{35550CE9-436A-4018-A33F-3E7C0E290A11}.Release|x64.Build.0 = Release|Any CPU
		{35550CE9-436A-4018-A33F-3E7C0E290A11}.Release|x86.ActiveCfg = Release|Any CPU
		{35550CE9-436A-4018-A33F-3E7C0E290A11}.Release|x86.Build.0 = Release|Any CPU
		{27FB7FD7-B5E9-47A6-8DD6-501FA60F7637}.Debug|Any CPU.ActiveCfg = Debug|Any CPU
		{27FB7FD7-B5E9-47A6-8DD6-501FA60F7637}.Debug|Any CPU.Build.0 = Debug|Any CPU
		{27FB7FD7-B5E9-47A6-8DD6-501FA60F7637}.Debug|x64.ActiveCfg = Debug|Any CPU
		{27FB7FD7-B5E9-47A6-8DD6-501FA60F7637}.Debug|x64.Build.0 = Debug|Any CPU
		{27FB7FD7-B5E9-47A6-8DD6-501FA60F7637}.Debug|x86.ActiveCfg = Debug|Any CPU
		{27FB7FD7-B5E9-47A6-8DD6-501FA60F7637}.Debug|x86.Build.0 = Debug|Any CPU
		{27FB7FD7-B5E9-47A6-8DD6-501FA60F7637}.Release|Any CPU.ActiveCfg = Release|Any CPU
		{27FB7FD7-B5E9-47A6-8DD6-501FA60F7637}.Release|Any CPU.Build.0 = Release|Any CPU
		{27FB7FD7-B5E9-47A6-8DD6-501FA60F7637}.Release|x64.ActiveCfg = Release|Any CPU
		{27FB7FD7-B5E9-47A6-8DD6-501FA60F7637}.Release|x64.Build.0 = Release|Any CPU
		{27FB7FD7-B5E9-47A6-8DD6-501FA60F7637}.Release|x86.ActiveCfg = Release|Any CPU
		{27FB7FD7-B5E9-47A6-8DD6-501FA60F7637}.Release|x86.Build.0 = Release|Any CPU
		{739B81CC-BD22-4634-8214-25511613A949}.Debug|Any CPU.ActiveCfg = Debug|Any CPU
		{739B81CC-BD22-4634-8214-25511613A949}.Debug|Any CPU.Build.0 = Debug|Any CPU
		{739B81CC-BD22-4634-8214-25511613A949}.Debug|x64.ActiveCfg = Debug|Any CPU
		{739B81CC-BD22-4634-8214-25511613A949}.Debug|x64.Build.0 = Debug|Any CPU
		{739B81CC-BD22-4634-8214-25511613A949}.Debug|x86.ActiveCfg = Debug|Any CPU
		{739B81CC-BD22-4634-8214-25511613A949}.Debug|x86.Build.0 = Debug|Any CPU
		{739B81CC-BD22-4634-8214-25511613A949}.Release|Any CPU.ActiveCfg = Release|Any CPU
		{739B81CC-BD22-4634-8214-25511613A949}.Release|Any CPU.Build.0 = Release|Any CPU
		{739B81CC-BD22-4634-8214-25511613A949}.Release|x64.ActiveCfg = Release|Any CPU
		{739B81CC-BD22-4634-8214-25511613A949}.Release|x64.Build.0 = Release|Any CPU
		{739B81CC-BD22-4634-8214-25511613A949}.Release|x86.ActiveCfg = Release|Any CPU
		{739B81CC-BD22-4634-8214-25511613A949}.Release|x86.Build.0 = Release|Any CPU
		{AD6DD322-3004-4529-8DA6-BD4A467ED385}.Debug|Any CPU.ActiveCfg = Debug|Any CPU
		{AD6DD322-3004-4529-8DA6-BD4A467ED385}.Debug|Any CPU.Build.0 = Debug|Any CPU
		{AD6DD322-3004-4529-8DA6-BD4A467ED385}.Debug|x64.ActiveCfg = Debug|Any CPU
		{AD6DD322-3004-4529-8DA6-BD4A467ED385}.Debug|x64.Build.0 = Debug|Any CPU
		{AD6DD322-3004-4529-8DA6-BD4A467ED385}.Debug|x86.ActiveCfg = Debug|Any CPU
		{AD6DD322-3004-4529-8DA6-BD4A467ED385}.Debug|x86.Build.0 = Debug|Any CPU
		{AD6DD322-3004-4529-8DA6-BD4A467ED385}.Release|Any CPU.ActiveCfg = Release|Any CPU
		{AD6DD322-3004-4529-8DA6-BD4A467ED385}.Release|Any CPU.Build.0 = Release|Any CPU
		{AD6DD322-3004-4529-8DA6-BD4A467ED385}.Release|x64.ActiveCfg = Release|Any CPU
		{AD6DD322-3004-4529-8DA6-BD4A467ED385}.Release|x64.Build.0 = Release|Any CPU
		{AD6DD322-3004-4529-8DA6-BD4A467ED385}.Release|x86.ActiveCfg = Release|Any CPU
		{AD6DD322-3004-4529-8DA6-BD4A467ED385}.Release|x86.Build.0 = Release|Any CPU
		{0F932010-97BD-4365-8BD8-2DEC2D9BBCE6}.Debug|Any CPU.ActiveCfg = Debug|Any CPU
		{0F932010-97BD-4365-8BD8-2DEC2D9BBCE6}.Debug|Any CPU.Build.0 = Debug|Any CPU
		{0F932010-97BD-4365-8BD8-2DEC2D9BBCE6}.Debug|x64.ActiveCfg = Debug|Any CPU
		{0F932010-97BD-4365-8BD8-2DEC2D9BBCE6}.Debug|x64.Build.0 = Debug|Any CPU
		{0F932010-97BD-4365-8BD8-2DEC2D9BBCE6}.Debug|x86.ActiveCfg = Debug|Any CPU
		{0F932010-97BD-4365-8BD8-2DEC2D9BBCE6}.Debug|x86.Build.0 = Debug|Any CPU
		{0F932010-97BD-4365-8BD8-2DEC2D9BBCE6}.Release|Any CPU.ActiveCfg = Release|Any CPU
		{0F932010-97BD-4365-8BD8-2DEC2D9BBCE6}.Release|Any CPU.Build.0 = Release|Any CPU
		{0F932010-97BD-4365-8BD8-2DEC2D9BBCE6}.Release|x64.ActiveCfg = Release|Any CPU
		{0F932010-97BD-4365-8BD8-2DEC2D9BBCE6}.Release|x64.Build.0 = Release|Any CPU
		{0F932010-97BD-4365-8BD8-2DEC2D9BBCE6}.Release|x86.ActiveCfg = Release|Any CPU
		{0F932010-97BD-4365-8BD8-2DEC2D9BBCE6}.Release|x86.Build.0 = Release|Any CPU
		{D8482A84-50B5-4030-94D9-573B6DB85AD2}.Debug|Any CPU.ActiveCfg = Debug|Any CPU
		{D8482A84-50B5-4030-94D9-573B6DB85AD2}.Debug|Any CPU.Build.0 = Debug|Any CPU
		{D8482A84-50B5-4030-94D9-573B6DB85AD2}.Debug|x64.ActiveCfg = Debug|Any CPU
		{D8482A84-50B5-4030-94D9-573B6DB85AD2}.Debug|x64.Build.0 = Debug|Any CPU
		{D8482A84-50B5-4030-94D9-573B6DB85AD2}.Debug|x86.ActiveCfg = Debug|Any CPU
		{D8482A84-50B5-4030-94D9-573B6DB85AD2}.Debug|x86.Build.0 = Debug|Any CPU
		{D8482A84-50B5-4030-94D9-573B6DB85AD2}.Release|Any CPU.ActiveCfg = Release|Any CPU
		{D8482A84-50B5-4030-94D9-573B6DB85AD2}.Release|Any CPU.Build.0 = Release|Any CPU
		{D8482A84-50B5-4030-94D9-573B6DB85AD2}.Release|x64.ActiveCfg = Release|Any CPU
		{D8482A84-50B5-4030-94D9-573B6DB85AD2}.Release|x64.Build.0 = Release|Any CPU
		{D8482A84-50B5-4030-94D9-573B6DB85AD2}.Release|x86.ActiveCfg = Release|Any CPU
		{D8482A84-50B5-4030-94D9-573B6DB85AD2}.Release|x86.Build.0 = Release|Any CPU
		{06EAAB87-C878-4B37-B700-3BEB1F209EF4}.Debug|Any CPU.ActiveCfg = Debug|Any CPU
		{06EAAB87-C878-4B37-B700-3BEB1F209EF4}.Debug|Any CPU.Build.0 = Debug|Any CPU
		{06EAAB87-C878-4B37-B700-3BEB1F209EF4}.Debug|x64.ActiveCfg = Debug|Any CPU
		{06EAAB87-C878-4B37-B700-3BEB1F209EF4}.Debug|x64.Build.0 = Debug|Any CPU
		{06EAAB87-C878-4B37-B700-3BEB1F209EF4}.Debug|x86.ActiveCfg = Debug|Any CPU
		{06EAAB87-C878-4B37-B700-3BEB1F209EF4}.Debug|x86.Build.0 = Debug|Any CPU
		{06EAAB87-C878-4B37-B700-3BEB1F209EF4}.Release|Any CPU.ActiveCfg = Release|Any CPU
		{06EAAB87-C878-4B37-B700-3BEB1F209EF4}.Release|Any CPU.Build.0 = Release|Any CPU
		{06EAAB87-C878-4B37-B700-3BEB1F209EF4}.Release|x64.ActiveCfg = Release|Any CPU
		{06EAAB87-C878-4B37-B700-3BEB1F209EF4}.Release|x64.Build.0 = Release|Any CPU
		{06EAAB87-C878-4B37-B700-3BEB1F209EF4}.Release|x86.ActiveCfg = Release|Any CPU
		{06EAAB87-C878-4B37-B700-3BEB1F209EF4}.Release|x86.Build.0 = Release|Any CPU
		{EA9D35ED-D08C-4E9F-B457-76FABC6E9FDF}.Debug|Any CPU.ActiveCfg = Debug|Any CPU
		{EA9D35ED-D08C-4E9F-B457-76FABC6E9FDF}.Debug|Any CPU.Build.0 = Debug|Any CPU
		{EA9D35ED-D08C-4E9F-B457-76FABC6E9FDF}.Debug|x64.ActiveCfg = Debug|Any CPU
		{EA9D35ED-D08C-4E9F-B457-76FABC6E9FDF}.Debug|x64.Build.0 = Debug|Any CPU
		{EA9D35ED-D08C-4E9F-B457-76FABC6E9FDF}.Debug|x86.ActiveCfg = Debug|Any CPU
		{EA9D35ED-D08C-4E9F-B457-76FABC6E9FDF}.Debug|x86.Build.0 = Debug|Any CPU
		{EA9D35ED-D08C-4E9F-B457-76FABC6E9FDF}.Release|Any CPU.ActiveCfg = Release|Any CPU
		{EA9D35ED-D08C-4E9F-B457-76FABC6E9FDF}.Release|Any CPU.Build.0 = Release|Any CPU
		{EA9D35ED-D08C-4E9F-B457-76FABC6E9FDF}.Release|x64.ActiveCfg = Release|Any CPU
		{EA9D35ED-D08C-4E9F-B457-76FABC6E9FDF}.Release|x64.Build.0 = Release|Any CPU
		{EA9D35ED-D08C-4E9F-B457-76FABC6E9FDF}.Release|x86.ActiveCfg = Release|Any CPU
		{EA9D35ED-D08C-4E9F-B457-76FABC6E9FDF}.Release|x86.Build.0 = Release|Any CPU
		{2B6D43D7-D984-46A6-BD7F-49022FC90D94}.Debug|Any CPU.ActiveCfg = Debug|Any CPU
		{2B6D43D7-D984-46A6-BD7F-49022FC90D94}.Debug|Any CPU.Build.0 = Debug|Any CPU
		{2B6D43D7-D984-46A6-BD7F-49022FC90D94}.Debug|x64.ActiveCfg = Debug|Any CPU
		{2B6D43D7-D984-46A6-BD7F-49022FC90D94}.Debug|x64.Build.0 = Debug|Any CPU
		{2B6D43D7-D984-46A6-BD7F-49022FC90D94}.Debug|x86.ActiveCfg = Debug|Any CPU
		{2B6D43D7-D984-46A6-BD7F-49022FC90D94}.Debug|x86.Build.0 = Debug|Any CPU
		{2B6D43D7-D984-46A6-BD7F-49022FC90D94}.Release|Any CPU.ActiveCfg = Release|Any CPU
		{2B6D43D7-D984-46A6-BD7F-49022FC90D94}.Release|Any CPU.Build.0 = Release|Any CPU
		{2B6D43D7-D984-46A6-BD7F-49022FC90D94}.Release|x64.ActiveCfg = Release|Any CPU
		{2B6D43D7-D984-46A6-BD7F-49022FC90D94}.Release|x64.Build.0 = Release|Any CPU
		{2B6D43D7-D984-46A6-BD7F-49022FC90D94}.Release|x86.ActiveCfg = Release|Any CPU
		{2B6D43D7-D984-46A6-BD7F-49022FC90D94}.Release|x86.Build.0 = Release|Any CPU
		{4834CFED-355A-4818-82C0-EBB2D0797C13}.Debug|Any CPU.ActiveCfg = Debug|Any CPU
		{4834CFED-355A-4818-82C0-EBB2D0797C13}.Debug|Any CPU.Build.0 = Debug|Any CPU
		{4834CFED-355A-4818-82C0-EBB2D0797C13}.Debug|x64.ActiveCfg = Debug|Any CPU
		{4834CFED-355A-4818-82C0-EBB2D0797C13}.Debug|x64.Build.0 = Debug|Any CPU
		{4834CFED-355A-4818-82C0-EBB2D0797C13}.Debug|x86.ActiveCfg = Debug|Any CPU
		{4834CFED-355A-4818-82C0-EBB2D0797C13}.Debug|x86.Build.0 = Debug|Any CPU
		{4834CFED-355A-4818-82C0-EBB2D0797C13}.Release|Any CPU.ActiveCfg = Release|Any CPU
		{4834CFED-355A-4818-82C0-EBB2D0797C13}.Release|Any CPU.Build.0 = Release|Any CPU
		{4834CFED-355A-4818-82C0-EBB2D0797C13}.Release|x64.ActiveCfg = Release|Any CPU
		{4834CFED-355A-4818-82C0-EBB2D0797C13}.Release|x64.Build.0 = Release|Any CPU
		{4834CFED-355A-4818-82C0-EBB2D0797C13}.Release|x86.ActiveCfg = Release|Any CPU
		{4834CFED-355A-4818-82C0-EBB2D0797C13}.Release|x86.Build.0 = Release|Any CPU
		{5AFEFA3E-E3EC-4EF0-A5FD-56039BA00117}.Debug|Any CPU.ActiveCfg = Debug|Any CPU
		{5AFEFA3E-E3EC-4EF0-A5FD-56039BA00117}.Debug|Any CPU.Build.0 = Debug|Any CPU
		{5AFEFA3E-E3EC-4EF0-A5FD-56039BA00117}.Debug|x64.ActiveCfg = Debug|Any CPU
		{5AFEFA3E-E3EC-4EF0-A5FD-56039BA00117}.Debug|x64.Build.0 = Debug|Any CPU
		{5AFEFA3E-E3EC-4EF0-A5FD-56039BA00117}.Debug|x86.ActiveCfg = Debug|Any CPU
		{5AFEFA3E-E3EC-4EF0-A5FD-56039BA00117}.Debug|x86.Build.0 = Debug|Any CPU
		{5AFEFA3E-E3EC-4EF0-A5FD-56039BA00117}.Release|Any CPU.ActiveCfg = Release|Any CPU
		{5AFEFA3E-E3EC-4EF0-A5FD-56039BA00117}.Release|Any CPU.Build.0 = Release|Any CPU
		{5AFEFA3E-E3EC-4EF0-A5FD-56039BA00117}.Release|x64.ActiveCfg = Release|Any CPU
		{5AFEFA3E-E3EC-4EF0-A5FD-56039BA00117}.Release|x64.Build.0 = Release|Any CPU
		{5AFEFA3E-E3EC-4EF0-A5FD-56039BA00117}.Release|x86.ActiveCfg = Release|Any CPU
		{5AFEFA3E-E3EC-4EF0-A5FD-56039BA00117}.Release|x86.Build.0 = Release|Any CPU
		{3D6BBE50-F299-4788-B959-B5E31C8F5CE9}.Debug|Any CPU.ActiveCfg = Debug|Any CPU
		{3D6BBE50-F299-4788-B959-B5E31C8F5CE9}.Debug|Any CPU.Build.0 = Debug|Any CPU
		{3D6BBE50-F299-4788-B959-B5E31C8F5CE9}.Debug|x64.ActiveCfg = Debug|Any CPU
		{3D6BBE50-F299-4788-B959-B5E31C8F5CE9}.Debug|x64.Build.0 = Debug|Any CPU
		{3D6BBE50-F299-4788-B959-B5E31C8F5CE9}.Debug|x86.ActiveCfg = Debug|Any CPU
		{3D6BBE50-F299-4788-B959-B5E31C8F5CE9}.Debug|x86.Build.0 = Debug|Any CPU
		{3D6BBE50-F299-4788-B959-B5E31C8F5CE9}.Release|Any CPU.ActiveCfg = Release|Any CPU
		{3D6BBE50-F299-4788-B959-B5E31C8F5CE9}.Release|Any CPU.Build.0 = Release|Any CPU
		{3D6BBE50-F299-4788-B959-B5E31C8F5CE9}.Release|x64.ActiveCfg = Release|Any CPU
		{3D6BBE50-F299-4788-B959-B5E31C8F5CE9}.Release|x64.Build.0 = Release|Any CPU
		{3D6BBE50-F299-4788-B959-B5E31C8F5CE9}.Release|x86.ActiveCfg = Release|Any CPU
		{3D6BBE50-F299-4788-B959-B5E31C8F5CE9}.Release|x86.Build.0 = Release|Any CPU
		{BBBB2BF0-44D6-4110-A675-2B584DA2ECD6}.Debug|Any CPU.ActiveCfg = Debug|Any CPU
		{BBBB2BF0-44D6-4110-A675-2B584DA2ECD6}.Debug|Any CPU.Build.0 = Debug|Any CPU
		{BBBB2BF0-44D6-4110-A675-2B584DA2ECD6}.Debug|x64.ActiveCfg = Debug|Any CPU
		{BBBB2BF0-44D6-4110-A675-2B584DA2ECD6}.Debug|x64.Build.0 = Debug|Any CPU
		{BBBB2BF0-44D6-4110-A675-2B584DA2ECD6}.Debug|x86.ActiveCfg = Debug|Any CPU
		{BBBB2BF0-44D6-4110-A675-2B584DA2ECD6}.Debug|x86.Build.0 = Debug|Any CPU
		{BBBB2BF0-44D6-4110-A675-2B584DA2ECD6}.Release|Any CPU.ActiveCfg = Release|Any CPU
		{BBBB2BF0-44D6-4110-A675-2B584DA2ECD6}.Release|Any CPU.Build.0 = Release|Any CPU
		{BBBB2BF0-44D6-4110-A675-2B584DA2ECD6}.Release|x64.ActiveCfg = Release|Any CPU
		{BBBB2BF0-44D6-4110-A675-2B584DA2ECD6}.Release|x64.Build.0 = Release|Any CPU
		{BBBB2BF0-44D6-4110-A675-2B584DA2ECD6}.Release|x86.ActiveCfg = Release|Any CPU
		{BBBB2BF0-44D6-4110-A675-2B584DA2ECD6}.Release|x86.Build.0 = Release|Any CPU
		{D7FD0CB1-DA5C-4CFA-AEDE-5956CEA39CB9}.Debug|Any CPU.ActiveCfg = Debug|Any CPU
		{D7FD0CB1-DA5C-4CFA-AEDE-5956CEA39CB9}.Debug|Any CPU.Build.0 = Debug|Any CPU
		{D7FD0CB1-DA5C-4CFA-AEDE-5956CEA39CB9}.Debug|x64.ActiveCfg = Debug|Any CPU
		{D7FD0CB1-DA5C-4CFA-AEDE-5956CEA39CB9}.Debug|x64.Build.0 = Debug|Any CPU
		{D7FD0CB1-DA5C-4CFA-AEDE-5956CEA39CB9}.Debug|x86.ActiveCfg = Debug|Any CPU
		{D7FD0CB1-DA5C-4CFA-AEDE-5956CEA39CB9}.Debug|x86.Build.0 = Debug|Any CPU
		{D7FD0CB1-DA5C-4CFA-AEDE-5956CEA39CB9}.Release|Any CPU.ActiveCfg = Release|Any CPU
		{D7FD0CB1-DA5C-4CFA-AEDE-5956CEA39CB9}.Release|Any CPU.Build.0 = Release|Any CPU
		{D7FD0CB1-DA5C-4CFA-AEDE-5956CEA39CB9}.Release|x64.ActiveCfg = Release|Any CPU
		{D7FD0CB1-DA5C-4CFA-AEDE-5956CEA39CB9}.Release|x64.Build.0 = Release|Any CPU
		{D7FD0CB1-DA5C-4CFA-AEDE-5956CEA39CB9}.Release|x86.ActiveCfg = Release|Any CPU
		{D7FD0CB1-DA5C-4CFA-AEDE-5956CEA39CB9}.Release|x86.Build.0 = Release|Any CPU
		{3C9B9589-4F0D-48AE-BAE6-C42E0406BE48}.Debug|Any CPU.ActiveCfg = Debug|Any CPU
		{3C9B9589-4F0D-48AE-BAE6-C42E0406BE48}.Debug|Any CPU.Build.0 = Debug|Any CPU
		{3C9B9589-4F0D-48AE-BAE6-C42E0406BE48}.Debug|x64.ActiveCfg = Debug|Any CPU
		{3C9B9589-4F0D-48AE-BAE6-C42E0406BE48}.Debug|x64.Build.0 = Debug|Any CPU
		{3C9B9589-4F0D-48AE-BAE6-C42E0406BE48}.Debug|x86.ActiveCfg = Debug|Any CPU
		{3C9B9589-4F0D-48AE-BAE6-C42E0406BE48}.Debug|x86.Build.0 = Debug|Any CPU
		{3C9B9589-4F0D-48AE-BAE6-C42E0406BE48}.Release|Any CPU.ActiveCfg = Release|Any CPU
		{3C9B9589-4F0D-48AE-BAE6-C42E0406BE48}.Release|Any CPU.Build.0 = Release|Any CPU
		{3C9B9589-4F0D-48AE-BAE6-C42E0406BE48}.Release|x64.ActiveCfg = Release|Any CPU
		{3C9B9589-4F0D-48AE-BAE6-C42E0406BE48}.Release|x64.Build.0 = Release|Any CPU
		{3C9B9589-4F0D-48AE-BAE6-C42E0406BE48}.Release|x86.ActiveCfg = Release|Any CPU
		{3C9B9589-4F0D-48AE-BAE6-C42E0406BE48}.Release|x86.Build.0 = Release|Any CPU
		{A6D308B6-B8F6-4B9C-9FF1-8982EA24296D}.Debug|Any CPU.ActiveCfg = Debug|Any CPU
		{A6D308B6-B8F6-4B9C-9FF1-8982EA24296D}.Debug|Any CPU.Build.0 = Debug|Any CPU
		{A6D308B6-B8F6-4B9C-9FF1-8982EA24296D}.Debug|x64.ActiveCfg = Debug|Any CPU
		{A6D308B6-B8F6-4B9C-9FF1-8982EA24296D}.Debug|x64.Build.0 = Debug|Any CPU
		{A6D308B6-B8F6-4B9C-9FF1-8982EA24296D}.Debug|x86.ActiveCfg = Debug|Any CPU
		{A6D308B6-B8F6-4B9C-9FF1-8982EA24296D}.Debug|x86.Build.0 = Debug|Any CPU
		{A6D308B6-B8F6-4B9C-9FF1-8982EA24296D}.Release|Any CPU.ActiveCfg = Release|Any CPU
		{A6D308B6-B8F6-4B9C-9FF1-8982EA24296D}.Release|Any CPU.Build.0 = Release|Any CPU
		{A6D308B6-B8F6-4B9C-9FF1-8982EA24296D}.Release|x64.ActiveCfg = Release|Any CPU
		{A6D308B6-B8F6-4B9C-9FF1-8982EA24296D}.Release|x64.Build.0 = Release|Any CPU
		{A6D308B6-B8F6-4B9C-9FF1-8982EA24296D}.Release|x86.ActiveCfg = Release|Any CPU
		{A6D308B6-B8F6-4B9C-9FF1-8982EA24296D}.Release|x86.Build.0 = Release|Any CPU
		{9A510E10-B803-4139-8FBA-D5BDCE5B2326}.Debug|Any CPU.ActiveCfg = Debug|Any CPU
		{9A510E10-B803-4139-8FBA-D5BDCE5B2326}.Debug|Any CPU.Build.0 = Debug|Any CPU
		{9A510E10-B803-4139-8FBA-D5BDCE5B2326}.Debug|x64.ActiveCfg = Debug|Any CPU
		{9A510E10-B803-4139-8FBA-D5BDCE5B2326}.Debug|x64.Build.0 = Debug|Any CPU
		{9A510E10-B803-4139-8FBA-D5BDCE5B2326}.Debug|x86.ActiveCfg = Debug|Any CPU
		{9A510E10-B803-4139-8FBA-D5BDCE5B2326}.Debug|x86.Build.0 = Debug|Any CPU
		{9A510E10-B803-4139-8FBA-D5BDCE5B2326}.Release|Any CPU.ActiveCfg = Release|Any CPU
		{9A510E10-B803-4139-8FBA-D5BDCE5B2326}.Release|Any CPU.Build.0 = Release|Any CPU
		{9A510E10-B803-4139-8FBA-D5BDCE5B2326}.Release|x64.ActiveCfg = Release|Any CPU
		{9A510E10-B803-4139-8FBA-D5BDCE5B2326}.Release|x64.Build.0 = Release|Any CPU
		{9A510E10-B803-4139-8FBA-D5BDCE5B2326}.Release|x86.ActiveCfg = Release|Any CPU
		{9A510E10-B803-4139-8FBA-D5BDCE5B2326}.Release|x86.Build.0 = Release|Any CPU
		{DCB5F906-404F-4610-AC30-A0A8E985597B}.Debug|Any CPU.ActiveCfg = Debug|Any CPU
		{DCB5F906-404F-4610-AC30-A0A8E985597B}.Debug|Any CPU.Build.0 = Debug|Any CPU
		{DCB5F906-404F-4610-AC30-A0A8E985597B}.Debug|x64.ActiveCfg = Debug|Any CPU
		{DCB5F906-404F-4610-AC30-A0A8E985597B}.Debug|x64.Build.0 = Debug|Any CPU
		{DCB5F906-404F-4610-AC30-A0A8E985597B}.Debug|x86.ActiveCfg = Debug|Any CPU
		{DCB5F906-404F-4610-AC30-A0A8E985597B}.Debug|x86.Build.0 = Debug|Any CPU
		{DCB5F906-404F-4610-AC30-A0A8E985597B}.Release|Any CPU.ActiveCfg = Release|Any CPU
		{DCB5F906-404F-4610-AC30-A0A8E985597B}.Release|Any CPU.Build.0 = Release|Any CPU
		{DCB5F906-404F-4610-AC30-A0A8E985597B}.Release|x64.ActiveCfg = Release|Any CPU
		{DCB5F906-404F-4610-AC30-A0A8E985597B}.Release|x64.Build.0 = Release|Any CPU
		{DCB5F906-404F-4610-AC30-A0A8E985597B}.Release|x86.ActiveCfg = Release|Any CPU
		{DCB5F906-404F-4610-AC30-A0A8E985597B}.Release|x86.Build.0 = Release|Any CPU
		{3FA3211E-E8C6-43D5-BD7A-8600E4C52DB9}.Debug|Any CPU.ActiveCfg = Debug|Any CPU
		{3FA3211E-E8C6-43D5-BD7A-8600E4C52DB9}.Debug|Any CPU.Build.0 = Debug|Any CPU
		{3FA3211E-E8C6-43D5-BD7A-8600E4C52DB9}.Debug|x64.ActiveCfg = Debug|Any CPU
		{3FA3211E-E8C6-43D5-BD7A-8600E4C52DB9}.Debug|x64.Build.0 = Debug|Any CPU
		{3FA3211E-E8C6-43D5-BD7A-8600E4C52DB9}.Debug|x86.ActiveCfg = Debug|Any CPU
		{3FA3211E-E8C6-43D5-BD7A-8600E4C52DB9}.Debug|x86.Build.0 = Debug|Any CPU
		{3FA3211E-E8C6-43D5-BD7A-8600E4C52DB9}.Release|Any CPU.ActiveCfg = Release|Any CPU
		{3FA3211E-E8C6-43D5-BD7A-8600E4C52DB9}.Release|Any CPU.Build.0 = Release|Any CPU
		{3FA3211E-E8C6-43D5-BD7A-8600E4C52DB9}.Release|x64.ActiveCfg = Release|Any CPU
		{3FA3211E-E8C6-43D5-BD7A-8600E4C52DB9}.Release|x64.Build.0 = Release|Any CPU
		{3FA3211E-E8C6-43D5-BD7A-8600E4C52DB9}.Release|x86.ActiveCfg = Release|Any CPU
		{3FA3211E-E8C6-43D5-BD7A-8600E4C52DB9}.Release|x86.Build.0 = Release|Any CPU
		{A4993E0D-744E-41F9-B901-A748789575F8}.Debug|Any CPU.ActiveCfg = Debug|Any CPU
		{A4993E0D-744E-41F9-B901-A748789575F8}.Debug|Any CPU.Build.0 = Debug|Any CPU
		{A4993E0D-744E-41F9-B901-A748789575F8}.Debug|x64.ActiveCfg = Debug|Any CPU
		{A4993E0D-744E-41F9-B901-A748789575F8}.Debug|x64.Build.0 = Debug|Any CPU
		{A4993E0D-744E-41F9-B901-A748789575F8}.Debug|x86.ActiveCfg = Debug|Any CPU
		{A4993E0D-744E-41F9-B901-A748789575F8}.Debug|x86.Build.0 = Debug|Any CPU
		{A4993E0D-744E-41F9-B901-A748789575F8}.Release|Any CPU.ActiveCfg = Release|Any CPU
		{A4993E0D-744E-41F9-B901-A748789575F8}.Release|Any CPU.Build.0 = Release|Any CPU
		{A4993E0D-744E-41F9-B901-A748789575F8}.Release|x64.ActiveCfg = Release|Any CPU
		{A4993E0D-744E-41F9-B901-A748789575F8}.Release|x64.Build.0 = Release|Any CPU
		{A4993E0D-744E-41F9-B901-A748789575F8}.Release|x86.ActiveCfg = Release|Any CPU
		{A4993E0D-744E-41F9-B901-A748789575F8}.Release|x86.Build.0 = Release|Any CPU
		{23AA607F-68F7-44BE-9C8A-8E57EC85D737}.Debug|Any CPU.ActiveCfg = Debug|Any CPU
		{23AA607F-68F7-44BE-9C8A-8E57EC85D737}.Debug|Any CPU.Build.0 = Debug|Any CPU
		{23AA607F-68F7-44BE-9C8A-8E57EC85D737}.Debug|x64.ActiveCfg = Debug|Any CPU
		{23AA607F-68F7-44BE-9C8A-8E57EC85D737}.Debug|x64.Build.0 = Debug|Any CPU
		{23AA607F-68F7-44BE-9C8A-8E57EC85D737}.Debug|x86.ActiveCfg = Debug|Any CPU
		{23AA607F-68F7-44BE-9C8A-8E57EC85D737}.Debug|x86.Build.0 = Debug|Any CPU
		{23AA607F-68F7-44BE-9C8A-8E57EC85D737}.Release|Any CPU.ActiveCfg = Release|Any CPU
		{23AA607F-68F7-44BE-9C8A-8E57EC85D737}.Release|Any CPU.Build.0 = Release|Any CPU
		{23AA607F-68F7-44BE-9C8A-8E57EC85D737}.Release|x64.ActiveCfg = Release|Any CPU
		{23AA607F-68F7-44BE-9C8A-8E57EC85D737}.Release|x64.Build.0 = Release|Any CPU
		{23AA607F-68F7-44BE-9C8A-8E57EC85D737}.Release|x86.ActiveCfg = Release|Any CPU
		{23AA607F-68F7-44BE-9C8A-8E57EC85D737}.Release|x86.Build.0 = Release|Any CPU
		{6B7E6473-7EF0-48CA-A424-F52DF423ECB7}.Debug|Any CPU.ActiveCfg = Debug|Any CPU
		{6B7E6473-7EF0-48CA-A424-F52DF423ECB7}.Debug|Any CPU.Build.0 = Debug|Any CPU
		{6B7E6473-7EF0-48CA-A424-F52DF423ECB7}.Debug|x64.ActiveCfg = Debug|Any CPU
		{6B7E6473-7EF0-48CA-A424-F52DF423ECB7}.Debug|x64.Build.0 = Debug|Any CPU
		{6B7E6473-7EF0-48CA-A424-F52DF423ECB7}.Debug|x86.ActiveCfg = Debug|Any CPU
		{6B7E6473-7EF0-48CA-A424-F52DF423ECB7}.Debug|x86.Build.0 = Debug|Any CPU
		{6B7E6473-7EF0-48CA-A424-F52DF423ECB7}.Release|Any CPU.ActiveCfg = Release|Any CPU
		{6B7E6473-7EF0-48CA-A424-F52DF423ECB7}.Release|Any CPU.Build.0 = Release|Any CPU
		{6B7E6473-7EF0-48CA-A424-F52DF423ECB7}.Release|x64.ActiveCfg = Release|Any CPU
		{6B7E6473-7EF0-48CA-A424-F52DF423ECB7}.Release|x64.Build.0 = Release|Any CPU
		{6B7E6473-7EF0-48CA-A424-F52DF423ECB7}.Release|x86.ActiveCfg = Release|Any CPU
		{6B7E6473-7EF0-48CA-A424-F52DF423ECB7}.Release|x86.Build.0 = Release|Any CPU
		{E1C5F90C-82E9-4F2D-8B7C-BB17BF5917F3}.Debug|Any CPU.ActiveCfg = Debug|Any CPU
		{E1C5F90C-82E9-4F2D-8B7C-BB17BF5917F3}.Debug|Any CPU.Build.0 = Debug|Any CPU
		{E1C5F90C-82E9-4F2D-8B7C-BB17BF5917F3}.Debug|x64.ActiveCfg = Debug|Any CPU
		{E1C5F90C-82E9-4F2D-8B7C-BB17BF5917F3}.Debug|x64.Build.0 = Debug|Any CPU
		{E1C5F90C-82E9-4F2D-8B7C-BB17BF5917F3}.Debug|x86.ActiveCfg = Debug|Any CPU
		{E1C5F90C-82E9-4F2D-8B7C-BB17BF5917F3}.Debug|x86.Build.0 = Debug|Any CPU
		{E1C5F90C-82E9-4F2D-8B7C-BB17BF5917F3}.Release|Any CPU.ActiveCfg = Release|Any CPU
		{E1C5F90C-82E9-4F2D-8B7C-BB17BF5917F3}.Release|Any CPU.Build.0 = Release|Any CPU
		{E1C5F90C-82E9-4F2D-8B7C-BB17BF5917F3}.Release|x64.ActiveCfg = Release|Any CPU
		{E1C5F90C-82E9-4F2D-8B7C-BB17BF5917F3}.Release|x64.Build.0 = Release|Any CPU
		{E1C5F90C-82E9-4F2D-8B7C-BB17BF5917F3}.Release|x86.ActiveCfg = Release|Any CPU
		{E1C5F90C-82E9-4F2D-8B7C-BB17BF5917F3}.Release|x86.Build.0 = Release|Any CPU
		{D9195BD1-A863-4DB1-8982-47A89F45D864}.Debug|Any CPU.ActiveCfg = Debug|Any CPU
		{D9195BD1-A863-4DB1-8982-47A89F45D864}.Debug|Any CPU.Build.0 = Debug|Any CPU
		{D9195BD1-A863-4DB1-8982-47A89F45D864}.Debug|x64.ActiveCfg = Debug|Any CPU
		{D9195BD1-A863-4DB1-8982-47A89F45D864}.Debug|x64.Build.0 = Debug|Any CPU
		{D9195BD1-A863-4DB1-8982-47A89F45D864}.Debug|x86.ActiveCfg = Debug|Any CPU
		{D9195BD1-A863-4DB1-8982-47A89F45D864}.Debug|x86.Build.0 = Debug|Any CPU
		{D9195BD1-A863-4DB1-8982-47A89F45D864}.Release|Any CPU.ActiveCfg = Release|Any CPU
		{D9195BD1-A863-4DB1-8982-47A89F45D864}.Release|Any CPU.Build.0 = Release|Any CPU
		{D9195BD1-A863-4DB1-8982-47A89F45D864}.Release|x64.ActiveCfg = Release|Any CPU
		{D9195BD1-A863-4DB1-8982-47A89F45D864}.Release|x64.Build.0 = Release|Any CPU
		{D9195BD1-A863-4DB1-8982-47A89F45D864}.Release|x86.ActiveCfg = Release|Any CPU
		{D9195BD1-A863-4DB1-8982-47A89F45D864}.Release|x86.Build.0 = Release|Any CPU
		{C526D866-B503-42F5-B9F5-604769E73FF5}.Debug|Any CPU.ActiveCfg = Debug|Any CPU
		{C526D866-B503-42F5-B9F5-604769E73FF5}.Debug|Any CPU.Build.0 = Debug|Any CPU
		{C526D866-B503-42F5-B9F5-604769E73FF5}.Debug|x64.ActiveCfg = Debug|Any CPU
		{C526D866-B503-42F5-B9F5-604769E73FF5}.Debug|x64.Build.0 = Debug|Any CPU
		{C526D866-B503-42F5-B9F5-604769E73FF5}.Debug|x86.ActiveCfg = Debug|Any CPU
		{C526D866-B503-42F5-B9F5-604769E73FF5}.Debug|x86.Build.0 = Debug|Any CPU
		{C526D866-B503-42F5-B9F5-604769E73FF5}.Release|Any CPU.ActiveCfg = Release|Any CPU
		{C526D866-B503-42F5-B9F5-604769E73FF5}.Release|Any CPU.Build.0 = Release|Any CPU
		{C526D866-B503-42F5-B9F5-604769E73FF5}.Release|x64.ActiveCfg = Release|Any CPU
		{C526D866-B503-42F5-B9F5-604769E73FF5}.Release|x64.Build.0 = Release|Any CPU
		{C526D866-B503-42F5-B9F5-604769E73FF5}.Release|x86.ActiveCfg = Release|Any CPU
		{C526D866-B503-42F5-B9F5-604769E73FF5}.Release|x86.Build.0 = Release|Any CPU
		{4476F696-360C-4D26-A404-CEB7852CF284}.Debug|Any CPU.ActiveCfg = Debug|Any CPU
		{4476F696-360C-4D26-A404-CEB7852CF284}.Debug|Any CPU.Build.0 = Debug|Any CPU
		{4476F696-360C-4D26-A404-CEB7852CF284}.Debug|x64.ActiveCfg = Debug|Any CPU
		{4476F696-360C-4D26-A404-CEB7852CF284}.Debug|x64.Build.0 = Debug|Any CPU
		{4476F696-360C-4D26-A404-CEB7852CF284}.Debug|x86.ActiveCfg = Debug|Any CPU
		{4476F696-360C-4D26-A404-CEB7852CF284}.Debug|x86.Build.0 = Debug|Any CPU
		{4476F696-360C-4D26-A404-CEB7852CF284}.Release|Any CPU.ActiveCfg = Release|Any CPU
		{4476F696-360C-4D26-A404-CEB7852CF284}.Release|Any CPU.Build.0 = Release|Any CPU
		{4476F696-360C-4D26-A404-CEB7852CF284}.Release|x64.ActiveCfg = Release|Any CPU
		{4476F696-360C-4D26-A404-CEB7852CF284}.Release|x64.Build.0 = Release|Any CPU
		{4476F696-360C-4D26-A404-CEB7852CF284}.Release|x86.ActiveCfg = Release|Any CPU
		{4476F696-360C-4D26-A404-CEB7852CF284}.Release|x86.Build.0 = Release|Any CPU
		{25A1489F-8F7D-4981-BD7A-D423F8379F69}.Debug|Any CPU.ActiveCfg = Debug|Any CPU
		{25A1489F-8F7D-4981-BD7A-D423F8379F69}.Debug|Any CPU.Build.0 = Debug|Any CPU
		{25A1489F-8F7D-4981-BD7A-D423F8379F69}.Debug|x64.ActiveCfg = Debug|Any CPU
		{25A1489F-8F7D-4981-BD7A-D423F8379F69}.Debug|x64.Build.0 = Debug|Any CPU
		{25A1489F-8F7D-4981-BD7A-D423F8379F69}.Debug|x86.ActiveCfg = Debug|Any CPU
		{25A1489F-8F7D-4981-BD7A-D423F8379F69}.Debug|x86.Build.0 = Debug|Any CPU
		{25A1489F-8F7D-4981-BD7A-D423F8379F69}.Release|Any CPU.ActiveCfg = Release|Any CPU
		{25A1489F-8F7D-4981-BD7A-D423F8379F69}.Release|Any CPU.Build.0 = Release|Any CPU
		{25A1489F-8F7D-4981-BD7A-D423F8379F69}.Release|x64.ActiveCfg = Release|Any CPU
		{25A1489F-8F7D-4981-BD7A-D423F8379F69}.Release|x64.Build.0 = Release|Any CPU
		{25A1489F-8F7D-4981-BD7A-D423F8379F69}.Release|x86.ActiveCfg = Release|Any CPU
		{25A1489F-8F7D-4981-BD7A-D423F8379F69}.Release|x86.Build.0 = Release|Any CPU
		{72D913AF-A938-49C1-B1CB-0796655CC891}.Debug|Any CPU.ActiveCfg = Debug|Any CPU
		{72D913AF-A938-49C1-B1CB-0796655CC891}.Debug|Any CPU.Build.0 = Debug|Any CPU
		{72D913AF-A938-49C1-B1CB-0796655CC891}.Debug|x64.ActiveCfg = Debug|Any CPU
		{72D913AF-A938-49C1-B1CB-0796655CC891}.Debug|x64.Build.0 = Debug|Any CPU
		{72D913AF-A938-49C1-B1CB-0796655CC891}.Debug|x86.ActiveCfg = Debug|Any CPU
		{72D913AF-A938-49C1-B1CB-0796655CC891}.Debug|x86.Build.0 = Debug|Any CPU
		{72D913AF-A938-49C1-B1CB-0796655CC891}.Release|Any CPU.ActiveCfg = Release|Any CPU
		{72D913AF-A938-49C1-B1CB-0796655CC891}.Release|Any CPU.Build.0 = Release|Any CPU
		{72D913AF-A938-49C1-B1CB-0796655CC891}.Release|x64.ActiveCfg = Release|Any CPU
		{72D913AF-A938-49C1-B1CB-0796655CC891}.Release|x64.Build.0 = Release|Any CPU
		{72D913AF-A938-49C1-B1CB-0796655CC891}.Release|x86.ActiveCfg = Release|Any CPU
		{72D913AF-A938-49C1-B1CB-0796655CC891}.Release|x86.Build.0 = Release|Any CPU
		{86DCC34F-B477-45F0-B707-0D87F79B5729}.Debug|Any CPU.ActiveCfg = Debug|Any CPU
		{86DCC34F-B477-45F0-B707-0D87F79B5729}.Debug|Any CPU.Build.0 = Debug|Any CPU
		{86DCC34F-B477-45F0-B707-0D87F79B5729}.Debug|x64.ActiveCfg = Debug|Any CPU
		{86DCC34F-B477-45F0-B707-0D87F79B5729}.Debug|x64.Build.0 = Debug|Any CPU
		{86DCC34F-B477-45F0-B707-0D87F79B5729}.Debug|x86.ActiveCfg = Debug|Any CPU
		{86DCC34F-B477-45F0-B707-0D87F79B5729}.Debug|x86.Build.0 = Debug|Any CPU
		{86DCC34F-B477-45F0-B707-0D87F79B5729}.Release|Any CPU.ActiveCfg = Release|Any CPU
		{86DCC34F-B477-45F0-B707-0D87F79B5729}.Release|Any CPU.Build.0 = Release|Any CPU
		{86DCC34F-B477-45F0-B707-0D87F79B5729}.Release|x64.ActiveCfg = Release|Any CPU
		{86DCC34F-B477-45F0-B707-0D87F79B5729}.Release|x64.Build.0 = Release|Any CPU
		{86DCC34F-B477-45F0-B707-0D87F79B5729}.Release|x86.ActiveCfg = Release|Any CPU
		{86DCC34F-B477-45F0-B707-0D87F79B5729}.Release|x86.Build.0 = Release|Any CPU
		{BDC1856D-4AF0-4D68-9865-995858D5FCE0}.Debug|Any CPU.ActiveCfg = Debug|Any CPU
		{BDC1856D-4AF0-4D68-9865-995858D5FCE0}.Debug|Any CPU.Build.0 = Debug|Any CPU
		{BDC1856D-4AF0-4D68-9865-995858D5FCE0}.Debug|x64.ActiveCfg = Debug|Any CPU
		{BDC1856D-4AF0-4D68-9865-995858D5FCE0}.Debug|x64.Build.0 = Debug|Any CPU
		{BDC1856D-4AF0-4D68-9865-995858D5FCE0}.Debug|x86.ActiveCfg = Debug|Any CPU
		{BDC1856D-4AF0-4D68-9865-995858D5FCE0}.Debug|x86.Build.0 = Debug|Any CPU
		{BDC1856D-4AF0-4D68-9865-995858D5FCE0}.Release|Any CPU.ActiveCfg = Release|Any CPU
		{BDC1856D-4AF0-4D68-9865-995858D5FCE0}.Release|Any CPU.Build.0 = Release|Any CPU
		{BDC1856D-4AF0-4D68-9865-995858D5FCE0}.Release|x64.ActiveCfg = Release|Any CPU
		{BDC1856D-4AF0-4D68-9865-995858D5FCE0}.Release|x64.Build.0 = Release|Any CPU
		{BDC1856D-4AF0-4D68-9865-995858D5FCE0}.Release|x86.ActiveCfg = Release|Any CPU
		{BDC1856D-4AF0-4D68-9865-995858D5FCE0}.Release|x86.Build.0 = Release|Any CPU
		{8473161D-1EEA-4505-B2CF-09810AFC4EF3}.Debug|Any CPU.ActiveCfg = Debug|Any CPU
		{8473161D-1EEA-4505-B2CF-09810AFC4EF3}.Debug|Any CPU.Build.0 = Debug|Any CPU
		{8473161D-1EEA-4505-B2CF-09810AFC4EF3}.Debug|x64.ActiveCfg = Debug|Any CPU
		{8473161D-1EEA-4505-B2CF-09810AFC4EF3}.Debug|x64.Build.0 = Debug|Any CPU
		{8473161D-1EEA-4505-B2CF-09810AFC4EF3}.Debug|x86.ActiveCfg = Debug|Any CPU
		{8473161D-1EEA-4505-B2CF-09810AFC4EF3}.Debug|x86.Build.0 = Debug|Any CPU
		{8473161D-1EEA-4505-B2CF-09810AFC4EF3}.Release|Any CPU.ActiveCfg = Release|Any CPU
		{8473161D-1EEA-4505-B2CF-09810AFC4EF3}.Release|Any CPU.Build.0 = Release|Any CPU
		{8473161D-1EEA-4505-B2CF-09810AFC4EF3}.Release|x64.ActiveCfg = Release|Any CPU
		{8473161D-1EEA-4505-B2CF-09810AFC4EF3}.Release|x64.Build.0 = Release|Any CPU
		{8473161D-1EEA-4505-B2CF-09810AFC4EF3}.Release|x86.ActiveCfg = Release|Any CPU
		{8473161D-1EEA-4505-B2CF-09810AFC4EF3}.Release|x86.Build.0 = Release|Any CPU
		{A61E7724-E61A-4613-BE85-D4F76550894C}.Debug|Any CPU.ActiveCfg = Debug|Any CPU
		{A61E7724-E61A-4613-BE85-D4F76550894C}.Debug|Any CPU.Build.0 = Debug|Any CPU
		{A61E7724-E61A-4613-BE85-D4F76550894C}.Debug|x64.ActiveCfg = Debug|Any CPU
		{A61E7724-E61A-4613-BE85-D4F76550894C}.Debug|x64.Build.0 = Debug|Any CPU
		{A61E7724-E61A-4613-BE85-D4F76550894C}.Debug|x86.ActiveCfg = Debug|Any CPU
		{A61E7724-E61A-4613-BE85-D4F76550894C}.Debug|x86.Build.0 = Debug|Any CPU
		{A61E7724-E61A-4613-BE85-D4F76550894C}.Release|Any CPU.ActiveCfg = Release|Any CPU
		{A61E7724-E61A-4613-BE85-D4F76550894C}.Release|Any CPU.Build.0 = Release|Any CPU
		{A61E7724-E61A-4613-BE85-D4F76550894C}.Release|x64.ActiveCfg = Release|Any CPU
		{A61E7724-E61A-4613-BE85-D4F76550894C}.Release|x64.Build.0 = Release|Any CPU
		{A61E7724-E61A-4613-BE85-D4F76550894C}.Release|x86.ActiveCfg = Release|Any CPU
		{A61E7724-E61A-4613-BE85-D4F76550894C}.Release|x86.Build.0 = Release|Any CPU
		{086C4221-5D78-4B66-AB4B-B92F6E2B6628}.Debug|Any CPU.ActiveCfg = Debug|Any CPU
		{086C4221-5D78-4B66-AB4B-B92F6E2B6628}.Debug|Any CPU.Build.0 = Debug|Any CPU
		{086C4221-5D78-4B66-AB4B-B92F6E2B6628}.Debug|x64.ActiveCfg = Debug|Any CPU
		{086C4221-5D78-4B66-AB4B-B92F6E2B6628}.Debug|x64.Build.0 = Debug|Any CPU
		{086C4221-5D78-4B66-AB4B-B92F6E2B6628}.Debug|x86.ActiveCfg = Debug|Any CPU
		{086C4221-5D78-4B66-AB4B-B92F6E2B6628}.Debug|x86.Build.0 = Debug|Any CPU
		{086C4221-5D78-4B66-AB4B-B92F6E2B6628}.Release|Any CPU.ActiveCfg = Release|Any CPU
		{086C4221-5D78-4B66-AB4B-B92F6E2B6628}.Release|Any CPU.Build.0 = Release|Any CPU
		{086C4221-5D78-4B66-AB4B-B92F6E2B6628}.Release|x64.ActiveCfg = Release|Any CPU
		{086C4221-5D78-4B66-AB4B-B92F6E2B6628}.Release|x64.Build.0 = Release|Any CPU
		{086C4221-5D78-4B66-AB4B-B92F6E2B6628}.Release|x86.ActiveCfg = Release|Any CPU
		{086C4221-5D78-4B66-AB4B-B92F6E2B6628}.Release|x86.Build.0 = Release|Any CPU
		{802DF717-B82B-4A36-A6F1-CE31D8FF873B}.Debug|Any CPU.ActiveCfg = Debug|Any CPU
		{802DF717-B82B-4A36-A6F1-CE31D8FF873B}.Debug|Any CPU.Build.0 = Debug|Any CPU
		{802DF717-B82B-4A36-A6F1-CE31D8FF873B}.Debug|x64.ActiveCfg = Debug|Any CPU
		{802DF717-B82B-4A36-A6F1-CE31D8FF873B}.Debug|x64.Build.0 = Debug|Any CPU
		{802DF717-B82B-4A36-A6F1-CE31D8FF873B}.Debug|x86.ActiveCfg = Debug|Any CPU
		{802DF717-B82B-4A36-A6F1-CE31D8FF873B}.Debug|x86.Build.0 = Debug|Any CPU
		{802DF717-B82B-4A36-A6F1-CE31D8FF873B}.Release|Any CPU.ActiveCfg = Release|Any CPU
		{802DF717-B82B-4A36-A6F1-CE31D8FF873B}.Release|Any CPU.Build.0 = Release|Any CPU
		{802DF717-B82B-4A36-A6F1-CE31D8FF873B}.Release|x64.ActiveCfg = Release|Any CPU
		{802DF717-B82B-4A36-A6F1-CE31D8FF873B}.Release|x64.Build.0 = Release|Any CPU
		{802DF717-B82B-4A36-A6F1-CE31D8FF873B}.Release|x86.ActiveCfg = Release|Any CPU
		{802DF717-B82B-4A36-A6F1-CE31D8FF873B}.Release|x86.Build.0 = Release|Any CPU
		{899375CE-23C7-428B-9774-7888B555E66F}.Debug|Any CPU.ActiveCfg = Debug|Any CPU
		{899375CE-23C7-428B-9774-7888B555E66F}.Debug|Any CPU.Build.0 = Debug|Any CPU
		{899375CE-23C7-428B-9774-7888B555E66F}.Debug|x64.ActiveCfg = Debug|Any CPU
		{899375CE-23C7-428B-9774-7888B555E66F}.Debug|x64.Build.0 = Debug|Any CPU
		{899375CE-23C7-428B-9774-7888B555E66F}.Debug|x86.ActiveCfg = Debug|Any CPU
		{899375CE-23C7-428B-9774-7888B555E66F}.Debug|x86.Build.0 = Debug|Any CPU
		{899375CE-23C7-428B-9774-7888B555E66F}.Release|Any CPU.ActiveCfg = Release|Any CPU
		{899375CE-23C7-428B-9774-7888B555E66F}.Release|Any CPU.Build.0 = Release|Any CPU
		{899375CE-23C7-428B-9774-7888B555E66F}.Release|x64.ActiveCfg = Release|Any CPU
		{899375CE-23C7-428B-9774-7888B555E66F}.Release|x64.Build.0 = Release|Any CPU
		{899375CE-23C7-428B-9774-7888B555E66F}.Release|x86.ActiveCfg = Release|Any CPU
		{899375CE-23C7-428B-9774-7888B555E66F}.Release|x86.Build.0 = Release|Any CPU
		{9DC906C0-C0AD-4AA8-968E-C5FFBF06F0BD}.Debug|Any CPU.ActiveCfg = Debug|Any CPU
		{9DC906C0-C0AD-4AA8-968E-C5FFBF06F0BD}.Debug|Any CPU.Build.0 = Debug|Any CPU
		{9DC906C0-C0AD-4AA8-968E-C5FFBF06F0BD}.Debug|x64.ActiveCfg = Debug|Any CPU
		{9DC906C0-C0AD-4AA8-968E-C5FFBF06F0BD}.Debug|x64.Build.0 = Debug|Any CPU
		{9DC906C0-C0AD-4AA8-968E-C5FFBF06F0BD}.Debug|x86.ActiveCfg = Debug|Any CPU
		{9DC906C0-C0AD-4AA8-968E-C5FFBF06F0BD}.Debug|x86.Build.0 = Debug|Any CPU
		{9DC906C0-C0AD-4AA8-968E-C5FFBF06F0BD}.Release|Any CPU.ActiveCfg = Release|Any CPU
		{9DC906C0-C0AD-4AA8-968E-C5FFBF06F0BD}.Release|Any CPU.Build.0 = Release|Any CPU
		{9DC906C0-C0AD-4AA8-968E-C5FFBF06F0BD}.Release|x64.ActiveCfg = Release|Any CPU
		{9DC906C0-C0AD-4AA8-968E-C5FFBF06F0BD}.Release|x64.Build.0 = Release|Any CPU
		{9DC906C0-C0AD-4AA8-968E-C5FFBF06F0BD}.Release|x86.ActiveCfg = Release|Any CPU
		{9DC906C0-C0AD-4AA8-968E-C5FFBF06F0BD}.Release|x86.Build.0 = Release|Any CPU
		{E75F5383-20BC-43FA-BA18-13E662A207AF}.Debug|Any CPU.ActiveCfg = Debug|Any CPU
		{E75F5383-20BC-43FA-BA18-13E662A207AF}.Debug|Any CPU.Build.0 = Debug|Any CPU
		{E75F5383-20BC-43FA-BA18-13E662A207AF}.Debug|x64.ActiveCfg = Debug|Any CPU
		{E75F5383-20BC-43FA-BA18-13E662A207AF}.Debug|x64.Build.0 = Debug|Any CPU
		{E75F5383-20BC-43FA-BA18-13E662A207AF}.Debug|x86.ActiveCfg = Debug|Any CPU
		{E75F5383-20BC-43FA-BA18-13E662A207AF}.Debug|x86.Build.0 = Debug|Any CPU
		{E75F5383-20BC-43FA-BA18-13E662A207AF}.Release|Any CPU.ActiveCfg = Release|Any CPU
		{E75F5383-20BC-43FA-BA18-13E662A207AF}.Release|Any CPU.Build.0 = Release|Any CPU
		{E75F5383-20BC-43FA-BA18-13E662A207AF}.Release|x64.ActiveCfg = Release|Any CPU
		{E75F5383-20BC-43FA-BA18-13E662A207AF}.Release|x64.Build.0 = Release|Any CPU
		{E75F5383-20BC-43FA-BA18-13E662A207AF}.Release|x86.ActiveCfg = Release|Any CPU
		{E75F5383-20BC-43FA-BA18-13E662A207AF}.Release|x86.Build.0 = Release|Any CPU
		{6BB68081-6B0D-4F98-9BBF-F69135FC4FBD}.Debug|Any CPU.ActiveCfg = Debug|Any CPU
		{6BB68081-6B0D-4F98-9BBF-F69135FC4FBD}.Debug|Any CPU.Build.0 = Debug|Any CPU
		{6BB68081-6B0D-4F98-9BBF-F69135FC4FBD}.Debug|x64.ActiveCfg = Debug|Any CPU
		{6BB68081-6B0D-4F98-9BBF-F69135FC4FBD}.Debug|x64.Build.0 = Debug|Any CPU
		{6BB68081-6B0D-4F98-9BBF-F69135FC4FBD}.Debug|x86.ActiveCfg = Debug|Any CPU
		{6BB68081-6B0D-4F98-9BBF-F69135FC4FBD}.Debug|x86.Build.0 = Debug|Any CPU
		{6BB68081-6B0D-4F98-9BBF-F69135FC4FBD}.Release|Any CPU.ActiveCfg = Release|Any CPU
		{6BB68081-6B0D-4F98-9BBF-F69135FC4FBD}.Release|Any CPU.Build.0 = Release|Any CPU
		{6BB68081-6B0D-4F98-9BBF-F69135FC4FBD}.Release|x64.ActiveCfg = Release|Any CPU
		{6BB68081-6B0D-4F98-9BBF-F69135FC4FBD}.Release|x64.Build.0 = Release|Any CPU
		{6BB68081-6B0D-4F98-9BBF-F69135FC4FBD}.Release|x86.ActiveCfg = Release|Any CPU
		{6BB68081-6B0D-4F98-9BBF-F69135FC4FBD}.Release|x86.Build.0 = Release|Any CPU
		{45B3A1FB-DB4A-450E-8AFC-6AE1A59E4B63}.Debug|Any CPU.ActiveCfg = Debug|Any CPU
		{45B3A1FB-DB4A-450E-8AFC-6AE1A59E4B63}.Debug|Any CPU.Build.0 = Debug|Any CPU
		{45B3A1FB-DB4A-450E-8AFC-6AE1A59E4B63}.Debug|x64.ActiveCfg = Debug|Any CPU
		{45B3A1FB-DB4A-450E-8AFC-6AE1A59E4B63}.Debug|x64.Build.0 = Debug|Any CPU
		{45B3A1FB-DB4A-450E-8AFC-6AE1A59E4B63}.Debug|x86.ActiveCfg = Debug|Any CPU
		{45B3A1FB-DB4A-450E-8AFC-6AE1A59E4B63}.Debug|x86.Build.0 = Debug|Any CPU
		{45B3A1FB-DB4A-450E-8AFC-6AE1A59E4B63}.Release|Any CPU.ActiveCfg = Release|Any CPU
		{45B3A1FB-DB4A-450E-8AFC-6AE1A59E4B63}.Release|Any CPU.Build.0 = Release|Any CPU
		{45B3A1FB-DB4A-450E-8AFC-6AE1A59E4B63}.Release|x64.ActiveCfg = Release|Any CPU
		{45B3A1FB-DB4A-450E-8AFC-6AE1A59E4B63}.Release|x64.Build.0 = Release|Any CPU
		{45B3A1FB-DB4A-450E-8AFC-6AE1A59E4B63}.Release|x86.ActiveCfg = Release|Any CPU
		{45B3A1FB-DB4A-450E-8AFC-6AE1A59E4B63}.Release|x86.Build.0 = Release|Any CPU
		{0AB963E6-A796-4B7D-99D6-953AEBB68A14}.Debug|Any CPU.ActiveCfg = Debug|Any CPU
		{0AB963E6-A796-4B7D-99D6-953AEBB68A14}.Debug|Any CPU.Build.0 = Debug|Any CPU
		{0AB963E6-A796-4B7D-99D6-953AEBB68A14}.Debug|x64.ActiveCfg = Debug|Any CPU
		{0AB963E6-A796-4B7D-99D6-953AEBB68A14}.Debug|x64.Build.0 = Debug|Any CPU
		{0AB963E6-A796-4B7D-99D6-953AEBB68A14}.Debug|x86.ActiveCfg = Debug|Any CPU
		{0AB963E6-A796-4B7D-99D6-953AEBB68A14}.Debug|x86.Build.0 = Debug|Any CPU
		{0AB963E6-A796-4B7D-99D6-953AEBB68A14}.Release|Any CPU.ActiveCfg = Release|Any CPU
		{0AB963E6-A796-4B7D-99D6-953AEBB68A14}.Release|Any CPU.Build.0 = Release|Any CPU
		{0AB963E6-A796-4B7D-99D6-953AEBB68A14}.Release|x64.ActiveCfg = Release|Any CPU
		{0AB963E6-A796-4B7D-99D6-953AEBB68A14}.Release|x64.Build.0 = Release|Any CPU
		{0AB963E6-A796-4B7D-99D6-953AEBB68A14}.Release|x86.ActiveCfg = Release|Any CPU
		{0AB963E6-A796-4B7D-99D6-953AEBB68A14}.Release|x86.Build.0 = Release|Any CPU
		{E04B8E1B-855E-46F8-9D12-88E556CC8463}.Debug|Any CPU.ActiveCfg = Debug|Any CPU
		{E04B8E1B-855E-46F8-9D12-88E556CC8463}.Debug|Any CPU.Build.0 = Debug|Any CPU
		{E04B8E1B-855E-46F8-9D12-88E556CC8463}.Debug|x64.ActiveCfg = Debug|Any CPU
		{E04B8E1B-855E-46F8-9D12-88E556CC8463}.Debug|x64.Build.0 = Debug|Any CPU
		{E04B8E1B-855E-46F8-9D12-88E556CC8463}.Debug|x86.ActiveCfg = Debug|Any CPU
		{E04B8E1B-855E-46F8-9D12-88E556CC8463}.Debug|x86.Build.0 = Debug|Any CPU
		{E04B8E1B-855E-46F8-9D12-88E556CC8463}.Release|Any CPU.ActiveCfg = Release|Any CPU
		{E04B8E1B-855E-46F8-9D12-88E556CC8463}.Release|Any CPU.Build.0 = Release|Any CPU
		{E04B8E1B-855E-46F8-9D12-88E556CC8463}.Release|x64.ActiveCfg = Release|Any CPU
		{E04B8E1B-855E-46F8-9D12-88E556CC8463}.Release|x64.Build.0 = Release|Any CPU
		{E04B8E1B-855E-46F8-9D12-88E556CC8463}.Release|x86.ActiveCfg = Release|Any CPU
		{E04B8E1B-855E-46F8-9D12-88E556CC8463}.Release|x86.Build.0 = Release|Any CPU
		{3CFDD669-2F05-475A-AF2A-B7677CB95634}.Debug|Any CPU.ActiveCfg = Debug|Any CPU
		{3CFDD669-2F05-475A-AF2A-B7677CB95634}.Debug|Any CPU.Build.0 = Debug|Any CPU
		{3CFDD669-2F05-475A-AF2A-B7677CB95634}.Debug|x64.ActiveCfg = Debug|Any CPU
		{3CFDD669-2F05-475A-AF2A-B7677CB95634}.Debug|x64.Build.0 = Debug|Any CPU
		{3CFDD669-2F05-475A-AF2A-B7677CB95634}.Debug|x86.ActiveCfg = Debug|Any CPU
		{3CFDD669-2F05-475A-AF2A-B7677CB95634}.Debug|x86.Build.0 = Debug|Any CPU
		{3CFDD669-2F05-475A-AF2A-B7677CB95634}.Release|Any CPU.ActiveCfg = Release|Any CPU
		{3CFDD669-2F05-475A-AF2A-B7677CB95634}.Release|Any CPU.Build.0 = Release|Any CPU
		{3CFDD669-2F05-475A-AF2A-B7677CB95634}.Release|x64.ActiveCfg = Release|Any CPU
		{3CFDD669-2F05-475A-AF2A-B7677CB95634}.Release|x64.Build.0 = Release|Any CPU
		{3CFDD669-2F05-475A-AF2A-B7677CB95634}.Release|x86.ActiveCfg = Release|Any CPU
		{3CFDD669-2F05-475A-AF2A-B7677CB95634}.Release|x86.Build.0 = Release|Any CPU
		{BAAF58EE-9D13-4F06-B68A-58A0FAF95295}.Debug|Any CPU.ActiveCfg = Debug|Any CPU
		{BAAF58EE-9D13-4F06-B68A-58A0FAF95295}.Debug|Any CPU.Build.0 = Debug|Any CPU
		{BAAF58EE-9D13-4F06-B68A-58A0FAF95295}.Debug|x64.ActiveCfg = Debug|Any CPU
		{BAAF58EE-9D13-4F06-B68A-58A0FAF95295}.Debug|x64.Build.0 = Debug|Any CPU
		{BAAF58EE-9D13-4F06-B68A-58A0FAF95295}.Debug|x86.ActiveCfg = Debug|Any CPU
		{BAAF58EE-9D13-4F06-B68A-58A0FAF95295}.Debug|x86.Build.0 = Debug|Any CPU
		{BAAF58EE-9D13-4F06-B68A-58A0FAF95295}.Release|Any CPU.ActiveCfg = Release|Any CPU
		{BAAF58EE-9D13-4F06-B68A-58A0FAF95295}.Release|Any CPU.Build.0 = Release|Any CPU
		{BAAF58EE-9D13-4F06-B68A-58A0FAF95295}.Release|x64.ActiveCfg = Release|Any CPU
		{BAAF58EE-9D13-4F06-B68A-58A0FAF95295}.Release|x64.Build.0 = Release|Any CPU
		{BAAF58EE-9D13-4F06-B68A-58A0FAF95295}.Release|x86.ActiveCfg = Release|Any CPU
		{BAAF58EE-9D13-4F06-B68A-58A0FAF95295}.Release|x86.Build.0 = Release|Any CPU
		{57ABC4A1-0056-4384-83F8-608A4ACB3F88}.Debug|Any CPU.ActiveCfg = Debug|Any CPU
		{57ABC4A1-0056-4384-83F8-608A4ACB3F88}.Debug|Any CPU.Build.0 = Debug|Any CPU
		{57ABC4A1-0056-4384-83F8-608A4ACB3F88}.Debug|x64.ActiveCfg = Debug|Any CPU
		{57ABC4A1-0056-4384-83F8-608A4ACB3F88}.Debug|x64.Build.0 = Debug|Any CPU
		{57ABC4A1-0056-4384-83F8-608A4ACB3F88}.Debug|x86.ActiveCfg = Debug|Any CPU
		{57ABC4A1-0056-4384-83F8-608A4ACB3F88}.Debug|x86.Build.0 = Debug|Any CPU
		{57ABC4A1-0056-4384-83F8-608A4ACB3F88}.Release|Any CPU.ActiveCfg = Release|Any CPU
		{57ABC4A1-0056-4384-83F8-608A4ACB3F88}.Release|Any CPU.Build.0 = Release|Any CPU
		{57ABC4A1-0056-4384-83F8-608A4ACB3F88}.Release|x64.ActiveCfg = Release|Any CPU
		{57ABC4A1-0056-4384-83F8-608A4ACB3F88}.Release|x64.Build.0 = Release|Any CPU
		{57ABC4A1-0056-4384-83F8-608A4ACB3F88}.Release|x86.ActiveCfg = Release|Any CPU
		{57ABC4A1-0056-4384-83F8-608A4ACB3F88}.Release|x86.Build.0 = Release|Any CPU
		{5CEC54E6-1C9E-4FAC-B2F7-5DBE4DA74061}.Debug|Any CPU.ActiveCfg = Debug|Any CPU
		{5CEC54E6-1C9E-4FAC-B2F7-5DBE4DA74061}.Debug|Any CPU.Build.0 = Debug|Any CPU
		{5CEC54E6-1C9E-4FAC-B2F7-5DBE4DA74061}.Debug|x64.ActiveCfg = Debug|Any CPU
		{5CEC54E6-1C9E-4FAC-B2F7-5DBE4DA74061}.Debug|x64.Build.0 = Debug|Any CPU
		{5CEC54E6-1C9E-4FAC-B2F7-5DBE4DA74061}.Debug|x86.ActiveCfg = Debug|Any CPU
		{5CEC54E6-1C9E-4FAC-B2F7-5DBE4DA74061}.Debug|x86.Build.0 = Debug|Any CPU
		{5CEC54E6-1C9E-4FAC-B2F7-5DBE4DA74061}.Release|Any CPU.ActiveCfg = Release|Any CPU
		{5CEC54E6-1C9E-4FAC-B2F7-5DBE4DA74061}.Release|Any CPU.Build.0 = Release|Any CPU
		{5CEC54E6-1C9E-4FAC-B2F7-5DBE4DA74061}.Release|x64.ActiveCfg = Release|Any CPU
		{5CEC54E6-1C9E-4FAC-B2F7-5DBE4DA74061}.Release|x64.Build.0 = Release|Any CPU
		{5CEC54E6-1C9E-4FAC-B2F7-5DBE4DA74061}.Release|x86.ActiveCfg = Release|Any CPU
		{5CEC54E6-1C9E-4FAC-B2F7-5DBE4DA74061}.Release|x86.Build.0 = Release|Any CPU
		{EB81C7F9-91E5-4BAC-A62F-0C0350472189}.Debug|Any CPU.ActiveCfg = Debug|Any CPU
		{EB81C7F9-91E5-4BAC-A62F-0C0350472189}.Debug|Any CPU.Build.0 = Debug|Any CPU
		{EB81C7F9-91E5-4BAC-A62F-0C0350472189}.Debug|x64.ActiveCfg = Debug|Any CPU
		{EB81C7F9-91E5-4BAC-A62F-0C0350472189}.Debug|x64.Build.0 = Debug|Any CPU
		{EB81C7F9-91E5-4BAC-A62F-0C0350472189}.Debug|x86.ActiveCfg = Debug|Any CPU
		{EB81C7F9-91E5-4BAC-A62F-0C0350472189}.Debug|x86.Build.0 = Debug|Any CPU
		{EB81C7F9-91E5-4BAC-A62F-0C0350472189}.Release|Any CPU.ActiveCfg = Release|Any CPU
		{EB81C7F9-91E5-4BAC-A62F-0C0350472189}.Release|Any CPU.Build.0 = Release|Any CPU
		{EB81C7F9-91E5-4BAC-A62F-0C0350472189}.Release|x64.ActiveCfg = Release|Any CPU
		{EB81C7F9-91E5-4BAC-A62F-0C0350472189}.Release|x64.Build.0 = Release|Any CPU
		{EB81C7F9-91E5-4BAC-A62F-0C0350472189}.Release|x86.ActiveCfg = Release|Any CPU
		{EB81C7F9-91E5-4BAC-A62F-0C0350472189}.Release|x86.Build.0 = Release|Any CPU
		{B698BA13-6908-411B-A648-2231822C2D5C}.Debug|Any CPU.ActiveCfg = Debug|Any CPU
		{B698BA13-6908-411B-A648-2231822C2D5C}.Debug|Any CPU.Build.0 = Debug|Any CPU
		{B698BA13-6908-411B-A648-2231822C2D5C}.Debug|x64.ActiveCfg = Debug|Any CPU
		{B698BA13-6908-411B-A648-2231822C2D5C}.Debug|x64.Build.0 = Debug|Any CPU
		{B698BA13-6908-411B-A648-2231822C2D5C}.Debug|x86.ActiveCfg = Debug|Any CPU
		{B698BA13-6908-411B-A648-2231822C2D5C}.Debug|x86.Build.0 = Debug|Any CPU
		{B698BA13-6908-411B-A648-2231822C2D5C}.Release|Any CPU.ActiveCfg = Release|Any CPU
		{B698BA13-6908-411B-A648-2231822C2D5C}.Release|Any CPU.Build.0 = Release|Any CPU
		{B698BA13-6908-411B-A648-2231822C2D5C}.Release|x64.ActiveCfg = Release|Any CPU
		{B698BA13-6908-411B-A648-2231822C2D5C}.Release|x64.Build.0 = Release|Any CPU
		{B698BA13-6908-411B-A648-2231822C2D5C}.Release|x86.ActiveCfg = Release|Any CPU
		{B698BA13-6908-411B-A648-2231822C2D5C}.Release|x86.Build.0 = Release|Any CPU
		{A060F5DB-8396-4511-BE2F-C6C4D249C6E7}.Debug|Any CPU.ActiveCfg = Debug|Any CPU
		{A060F5DB-8396-4511-BE2F-C6C4D249C6E7}.Debug|Any CPU.Build.0 = Debug|Any CPU
		{A060F5DB-8396-4511-BE2F-C6C4D249C6E7}.Debug|x64.ActiveCfg = Debug|Any CPU
		{A060F5DB-8396-4511-BE2F-C6C4D249C6E7}.Debug|x64.Build.0 = Debug|Any CPU
		{A060F5DB-8396-4511-BE2F-C6C4D249C6E7}.Debug|x86.ActiveCfg = Debug|Any CPU
		{A060F5DB-8396-4511-BE2F-C6C4D249C6E7}.Debug|x86.Build.0 = Debug|Any CPU
		{A060F5DB-8396-4511-BE2F-C6C4D249C6E7}.Release|Any CPU.ActiveCfg = Release|Any CPU
		{A060F5DB-8396-4511-BE2F-C6C4D249C6E7}.Release|Any CPU.Build.0 = Release|Any CPU
		{A060F5DB-8396-4511-BE2F-C6C4D249C6E7}.Release|x64.ActiveCfg = Release|Any CPU
		{A060F5DB-8396-4511-BE2F-C6C4D249C6E7}.Release|x64.Build.0 = Release|Any CPU
		{A060F5DB-8396-4511-BE2F-C6C4D249C6E7}.Release|x86.ActiveCfg = Release|Any CPU
		{A060F5DB-8396-4511-BE2F-C6C4D249C6E7}.Release|x86.Build.0 = Release|Any CPU
		{0C54CA30-BF37-45DC-85B8-17EF3C53E1CC}.Debug|Any CPU.ActiveCfg = Debug|Any CPU
		{0C54CA30-BF37-45DC-85B8-17EF3C53E1CC}.Debug|Any CPU.Build.0 = Debug|Any CPU
		{0C54CA30-BF37-45DC-85B8-17EF3C53E1CC}.Debug|x64.ActiveCfg = Debug|Any CPU
		{0C54CA30-BF37-45DC-85B8-17EF3C53E1CC}.Debug|x64.Build.0 = Debug|Any CPU
		{0C54CA30-BF37-45DC-85B8-17EF3C53E1CC}.Debug|x86.ActiveCfg = Debug|Any CPU
		{0C54CA30-BF37-45DC-85B8-17EF3C53E1CC}.Debug|x86.Build.0 = Debug|Any CPU
		{0C54CA30-BF37-45DC-85B8-17EF3C53E1CC}.Release|Any CPU.ActiveCfg = Release|Any CPU
		{0C54CA30-BF37-45DC-85B8-17EF3C53E1CC}.Release|Any CPU.Build.0 = Release|Any CPU
		{0C54CA30-BF37-45DC-85B8-17EF3C53E1CC}.Release|x64.ActiveCfg = Release|Any CPU
		{0C54CA30-BF37-45DC-85B8-17EF3C53E1CC}.Release|x64.Build.0 = Release|Any CPU
		{0C54CA30-BF37-45DC-85B8-17EF3C53E1CC}.Release|x86.ActiveCfg = Release|Any CPU
		{0C54CA30-BF37-45DC-85B8-17EF3C53E1CC}.Release|x86.Build.0 = Release|Any CPU
		{8063D1A9-AFB5-4E34-8F9A-F40B6974D400}.Debug|Any CPU.ActiveCfg = Debug|Any CPU
		{8063D1A9-AFB5-4E34-8F9A-F40B6974D400}.Debug|Any CPU.Build.0 = Debug|Any CPU
		{8063D1A9-AFB5-4E34-8F9A-F40B6974D400}.Debug|x64.ActiveCfg = Debug|Any CPU
		{8063D1A9-AFB5-4E34-8F9A-F40B6974D400}.Debug|x64.Build.0 = Debug|Any CPU
		{8063D1A9-AFB5-4E34-8F9A-F40B6974D400}.Debug|x86.ActiveCfg = Debug|Any CPU
		{8063D1A9-AFB5-4E34-8F9A-F40B6974D400}.Debug|x86.Build.0 = Debug|Any CPU
		{8063D1A9-AFB5-4E34-8F9A-F40B6974D400}.Release|Any CPU.ActiveCfg = Release|Any CPU
		{8063D1A9-AFB5-4E34-8F9A-F40B6974D400}.Release|Any CPU.Build.0 = Release|Any CPU
		{8063D1A9-AFB5-4E34-8F9A-F40B6974D400}.Release|x64.ActiveCfg = Release|Any CPU
		{8063D1A9-AFB5-4E34-8F9A-F40B6974D400}.Release|x64.Build.0 = Release|Any CPU
		{8063D1A9-AFB5-4E34-8F9A-F40B6974D400}.Release|x86.ActiveCfg = Release|Any CPU
		{8063D1A9-AFB5-4E34-8F9A-F40B6974D400}.Release|x86.Build.0 = Release|Any CPU
		{889F44DB-B902-4A39-91D3-57EA94F5B741}.Debug|Any CPU.ActiveCfg = Debug|Any CPU
		{889F44DB-B902-4A39-91D3-57EA94F5B741}.Debug|Any CPU.Build.0 = Debug|Any CPU
		{889F44DB-B902-4A39-91D3-57EA94F5B741}.Debug|x64.ActiveCfg = Debug|Any CPU
		{889F44DB-B902-4A39-91D3-57EA94F5B741}.Debug|x64.Build.0 = Debug|Any CPU
		{889F44DB-B902-4A39-91D3-57EA94F5B741}.Debug|x86.ActiveCfg = Debug|Any CPU
		{889F44DB-B902-4A39-91D3-57EA94F5B741}.Debug|x86.Build.0 = Debug|Any CPU
		{889F44DB-B902-4A39-91D3-57EA94F5B741}.Release|Any CPU.ActiveCfg = Release|Any CPU
		{889F44DB-B902-4A39-91D3-57EA94F5B741}.Release|Any CPU.Build.0 = Release|Any CPU
		{889F44DB-B902-4A39-91D3-57EA94F5B741}.Release|x64.ActiveCfg = Release|Any CPU
		{889F44DB-B902-4A39-91D3-57EA94F5B741}.Release|x64.Build.0 = Release|Any CPU
		{889F44DB-B902-4A39-91D3-57EA94F5B741}.Release|x86.ActiveCfg = Release|Any CPU
		{889F44DB-B902-4A39-91D3-57EA94F5B741}.Release|x86.Build.0 = Release|Any CPU
	EndGlobalSection
	GlobalSection(NestedProjects) = preSolution
		{5922E12C-B932-4EC2-880E-7F785BE96483} = {54BDC764-F51B-40AC-BE1F-77B221BD72D8}
		{E1E9C37D-17F7-4BD5-AEFD-0A7381EBE0AA} = {54BDC764-F51B-40AC-BE1F-77B221BD72D8}
		{707C8C40-7328-45E2-A4EB-CF43DFEB0216} = {54BDC764-F51B-40AC-BE1F-77B221BD72D8}
		{469543EB-7394-4748-AEDE-F1F79FD00C57} = {54BDC764-F51B-40AC-BE1F-77B221BD72D8}
		{E4687818-81E5-49DA-894E-DBDB3871BFEC} = {54BDC764-F51B-40AC-BE1F-77B221BD72D8}
		{E1FD4E3A-A8E1-4F9C-9ABD-A0F01A28BEB3} = {54BDC764-F51B-40AC-BE1F-77B221BD72D8}
		{08C10AC7-D879-47C3-B819-95890B4B5D40} = {54BDC764-F51B-40AC-BE1F-77B221BD72D8}
		{75CA598A-4780-48E7-9BA1-BDB60B925192} = {54BDC764-F51B-40AC-BE1F-77B221BD72D8}
		{EC7B21B3-DF91-44A3-9182-06BBC5CABD05} = {54BDC764-F51B-40AC-BE1F-77B221BD72D8}
		{C8E4DAB9-6361-4DFF-8218-1534A8713A67} = {54BDC764-F51B-40AC-BE1F-77B221BD72D8}
		{FA7A80C5-BD0C-465C-B129-B2209F3BBCFE} = {54BDC764-F51B-40AC-BE1F-77B221BD72D8}
		{A23AF623-1205-4840-9947-FB516B0342F7} = {3BE2E7B7-0886-4064-821C-3565A16135B0}
		{F8C4CE3C-964C-4C44-877C-5397CA49BCB8} = {3BE2E7B7-0886-4064-821C-3565A16135B0}
		{51D2F558-AEE8-43D3-A29C-483AC1A362CB} = {3BE2E7B7-0886-4064-821C-3565A16135B0}
		{E0A05E06-448D-4048-809A-23E6FDA44688} = {3BE2E7B7-0886-4064-821C-3565A16135B0}
		{DA62A215-7151-462A-B37A-145547B347E4} = {3BE2E7B7-0886-4064-821C-3565A16135B0}
		{C27933F5-C12E-48FB-816D-BB948E927F74} = {3BE2E7B7-0886-4064-821C-3565A16135B0}
		{8D03C803-ED56-4E64-83F3-8A6AAC519E4A} = {54BDC764-F51B-40AC-BE1F-77B221BD72D8}
		{B2A6C9D7-06B9-4537-9A1E-DFF85081657D} = {54BDC764-F51B-40AC-BE1F-77B221BD72D8}
		{122EFC05-8F6C-4F5F-9020-A77C2CDFCB25} = {54BDC764-F51B-40AC-BE1F-77B221BD72D8}
		{FFC43B0E-AF43-4250-A4BC-BBC48798FD86} = {54BDC764-F51B-40AC-BE1F-77B221BD72D8}
		{4C0AAD76-3467-4D70-B04E-E8FB5E12A66B} = {3BE2E7B7-0886-4064-821C-3565A16135B0}
		{35550CE9-436A-4018-A33F-3E7C0E290A11} = {54BDC764-F51B-40AC-BE1F-77B221BD72D8}
		{27FB7FD7-B5E9-47A6-8DD6-501FA60F7637} = {3BE2E7B7-0886-4064-821C-3565A16135B0}
		{739B81CC-BD22-4634-8214-25511613A949} = {54BDC764-F51B-40AC-BE1F-77B221BD72D8}
		{AD6DD322-3004-4529-8DA6-BD4A467ED385} = {3BE2E7B7-0886-4064-821C-3565A16135B0}
		{0F932010-97BD-4365-8BD8-2DEC2D9BBCE6} = {3BE2E7B7-0886-4064-821C-3565A16135B0}
		{D8482A84-50B5-4030-94D9-573B6DB85AD2} = {54BDC764-F51B-40AC-BE1F-77B221BD72D8}
		{06EAAB87-C878-4B37-B700-3BEB1F209EF4} = {54BDC764-F51B-40AC-BE1F-77B221BD72D8}
		{EA9D35ED-D08C-4E9F-B457-76FABC6E9FDF} = {3BE2E7B7-0886-4064-821C-3565A16135B0}
		{2B6D43D7-D984-46A6-BD7F-49022FC90D94} = {54BDC764-F51B-40AC-BE1F-77B221BD72D8}
		{4834CFED-355A-4818-82C0-EBB2D0797C13} = {54BDC764-F51B-40AC-BE1F-77B221BD72D8}
		{5AFEFA3E-E3EC-4EF0-A5FD-56039BA00117} = {3BE2E7B7-0886-4064-821C-3565A16135B0}
		{3D6BBE50-F299-4788-B959-B5E31C8F5CE9} = {54BDC764-F51B-40AC-BE1F-77B221BD72D8}
		{BBBB2BF0-44D6-4110-A675-2B584DA2ECD6} = {3BE2E7B7-0886-4064-821C-3565A16135B0}
		{D7FD0CB1-DA5C-4CFA-AEDE-5956CEA39CB9} = {54BDC764-F51B-40AC-BE1F-77B221BD72D8}
		{3C9B9589-4F0D-48AE-BAE6-C42E0406BE48} = {3BE2E7B7-0886-4064-821C-3565A16135B0}
		{A6D308B6-B8F6-4B9C-9FF1-8982EA24296D} = {54BDC764-F51B-40AC-BE1F-77B221BD72D8}
		{9A510E10-B803-4139-8FBA-D5BDCE5B2326} = {3BE2E7B7-0886-4064-821C-3565A16135B0}
		{DCB5F906-404F-4610-AC30-A0A8E985597B} = {54BDC764-F51B-40AC-BE1F-77B221BD72D8}
		{3FA3211E-E8C6-43D5-BD7A-8600E4C52DB9} = {54BDC764-F51B-40AC-BE1F-77B221BD72D8}
		{A4993E0D-744E-41F9-B901-A748789575F8} = {3BE2E7B7-0886-4064-821C-3565A16135B0}
		{23AA607F-68F7-44BE-9C8A-8E57EC85D737} = {54BDC764-F51B-40AC-BE1F-77B221BD72D8}
		{6B7E6473-7EF0-48CA-A424-F52DF423ECB7} = {3BE2E7B7-0886-4064-821C-3565A16135B0}
		{E1C5F90C-82E9-4F2D-8B7C-BB17BF5917F3} = {54BDC764-F51B-40AC-BE1F-77B221BD72D8}
		{D9195BD1-A863-4DB1-8982-47A89F45D864} = {54BDC764-F51B-40AC-BE1F-77B221BD72D8}
		{C526D866-B503-42F5-B9F5-604769E73FF5} = {3BE2E7B7-0886-4064-821C-3565A16135B0}
		{4476F696-360C-4D26-A404-CEB7852CF284} = {54BDC764-F51B-40AC-BE1F-77B221BD72D8}
		{25A1489F-8F7D-4981-BD7A-D423F8379F69} = {54BDC764-F51B-40AC-BE1F-77B221BD72D8}
		{72D913AF-A938-49C1-B1CB-0796655CC891} = {54BDC764-F51B-40AC-BE1F-77B221BD72D8}
		{86DCC34F-B477-45F0-B707-0D87F79B5729} = {54BDC764-F51B-40AC-BE1F-77B221BD72D8}
		{BDC1856D-4AF0-4D68-9865-995858D5FCE0} = {3BE2E7B7-0886-4064-821C-3565A16135B0}
		{8473161D-1EEA-4505-B2CF-09810AFC4EF3} = {54BDC764-F51B-40AC-BE1F-77B221BD72D8}
		{A61E7724-E61A-4613-BE85-D4F76550894C} = {54BDC764-F51B-40AC-BE1F-77B221BD72D8}
		{086C4221-5D78-4B66-AB4B-B92F6E2B6628} = {3BE2E7B7-0886-4064-821C-3565A16135B0}
		{802DF717-B82B-4A36-A6F1-CE31D8FF873B} = {3BE2E7B7-0886-4064-821C-3565A16135B0}
		{899375CE-23C7-428B-9774-7888B555E66F} = {3BE2E7B7-0886-4064-821C-3565A16135B0}
		{9DC906C0-C0AD-4AA8-968E-C5FFBF06F0BD} = {54BDC764-F51B-40AC-BE1F-77B221BD72D8}
		{E75F5383-20BC-43FA-BA18-13E662A207AF} = {54BDC764-F51B-40AC-BE1F-77B221BD72D8}
		{6BB68081-6B0D-4F98-9BBF-F69135FC4FBD} = {54BDC764-F51B-40AC-BE1F-77B221BD72D8}
		{45B3A1FB-DB4A-450E-8AFC-6AE1A59E4B63} = {54BDC764-F51B-40AC-BE1F-77B221BD72D8}
		{0AB963E6-A796-4B7D-99D6-953AEBB68A14} = {54BDC764-F51B-40AC-BE1F-77B221BD72D8}
		{E04B8E1B-855E-46F8-9D12-88E556CC8463} = {54BDC764-F51B-40AC-BE1F-77B221BD72D8}
		{3CFDD669-2F05-475A-AF2A-B7677CB95634} = {54BDC764-F51B-40AC-BE1F-77B221BD72D8}
		{BAAF58EE-9D13-4F06-B68A-58A0FAF95295} = {54BDC764-F51B-40AC-BE1F-77B221BD72D8}
		{57ABC4A1-0056-4384-83F8-608A4ACB3F88} = {54BDC764-F51B-40AC-BE1F-77B221BD72D8}
		{5CEC54E6-1C9E-4FAC-B2F7-5DBE4DA74061} = {3BE2E7B7-0886-4064-821C-3565A16135B0}
		{EB81C7F9-91E5-4BAC-A62F-0C0350472189} = {3BE2E7B7-0886-4064-821C-3565A16135B0}
		{B698BA13-6908-411B-A648-2231822C2D5C} = {54BDC764-F51B-40AC-BE1F-77B221BD72D8}
		{A060F5DB-8396-4511-BE2F-C6C4D249C6E7} = {3BE2E7B7-0886-4064-821C-3565A16135B0}
		{0C54CA30-BF37-45DC-85B8-17EF3C53E1CC} = {54BDC764-F51B-40AC-BE1F-77B221BD72D8}
		{8063D1A9-AFB5-4E34-8F9A-F40B6974D400} = {3BE2E7B7-0886-4064-821C-3565A16135B0}
		{889F44DB-B902-4A39-91D3-57EA94F5B741} = {3BE2E7B7-0886-4064-821C-3565A16135B0}
	EndGlobalSection
EndGlobal
